// !$*UTF8*$!
{
	archiveVersion = 1;
	classes = {
	};
	objectVersion = 50;
	objects = {

/* Begin PBXBuildFile section */
		9B26624D21EA3F59007CF0B3 /* AppDelegate.swift in Sources */ = {isa = PBXBuildFile; fileRef = 9B26624C21EA3F59007CF0B3 /* AppDelegate.swift */; };
		9B26624F21EA3F59007CF0B3 /* ViewController.swift in Sources */ = {isa = PBXBuildFile; fileRef = 9B26624E21EA3F59007CF0B3 /* ViewController.swift */; };
		9B26625221EA3F59007CF0B3 /* Main.storyboard in Resources */ = {isa = PBXBuildFile; fileRef = 9B26625021EA3F59007CF0B3 /* Main.storyboard */; };
		9B26625421EA3F5A007CF0B3 /* Assets.xcassets in Resources */ = {isa = PBXBuildFile; fileRef = 9B26625321EA3F5A007CF0B3 /* Assets.xcassets */; };
		9B26625721EA3F5A007CF0B3 /* LaunchScreen.storyboard in Resources */ = {isa = PBXBuildFile; fileRef = 9B26625521EA3F5A007CF0B3 /* LaunchScreen.storyboard */; };
		9B26626221EA3F5A007CF0B3 /* Project01ForZnTests.swift in Sources */ = {isa = PBXBuildFile; fileRef = 9B26626121EA3F5A007CF0B3 /* Project01ForZnTests.swift */; };
		9B26626D21EA3F5A007CF0B3 /* Project01ForZnUITests.swift in Sources */ = {isa = PBXBuildFile; fileRef = 9B26626C21EA3F5A007CF0B3 /* Project01ForZnUITests.swift */; };
/* End PBXBuildFile section */

/* Begin PBXContainerItemProxy section */
		9B26625E21EA3F5A007CF0B3 /* PBXContainerItemProxy */ = {
			isa = PBXContainerItemProxy;
			containerPortal = 9B26624121EA3F59007CF0B3 /* Project object */;
			proxyType = 1;
			remoteGlobalIDString = 9B26624821EA3F59007CF0B3;
			remoteInfo = Project01ForZn;
		};
		9B26626921EA3F5A007CF0B3 /* PBXContainerItemProxy */ = {
			isa = PBXContainerItemProxy;
			containerPortal = 9B26624121EA3F59007CF0B3 /* Project object */;
			proxyType = 1;
			remoteGlobalIDString = 9B26624821EA3F59007CF0B3;
			remoteInfo = Project01ForZn;
		};
/* End PBXContainerItemProxy section */

/* Begin PBXFileReference section */
		9B26624921EA3F59007CF0B3 /* Project01ForZn.app */ = {isa = PBXFileReference; explicitFileType = wrapper.application; includeInIndex = 0; path = Project01ForZn.app; sourceTree = BUILT_PRODUCTS_DIR; };
		9B26624C21EA3F59007CF0B3 /* AppDelegate.swift */ = {isa = PBXFileReference; lastKnownFileType = sourcecode.swift; path = AppDelegate.swift; sourceTree = "<group>"; };
		9B26624E21EA3F59007CF0B3 /* ViewController.swift */ = {isa = PBXFileReference; lastKnownFileType = sourcecode.swift; path = ViewController.swift; sourceTree = "<group>"; };
		9B26625121EA3F59007CF0B3 /* Base */ = {isa = PBXFileReference; lastKnownFileType = file.storyboard; name = Base; path = Base.lproj/Main.storyboard; sourceTree = "<group>"; };
		9B26625321EA3F5A007CF0B3 /* Assets.xcassets */ = {isa = PBXFileReference; lastKnownFileType = folder.assetcatalog; path = Assets.xcassets; sourceTree = "<group>"; };
		9B26625621EA3F5A007CF0B3 /* Base */ = {isa = PBXFileReference; lastKnownFileType = file.storyboard; name = Base; path = Base.lproj/LaunchScreen.storyboard; sourceTree = "<group>"; };
		9B26625821EA3F5A007CF0B3 /* Info.plist */ = {isa = PBXFileReference; lastKnownFileType = text.plist.xml; path = Info.plist; sourceTree = "<group>"; };
		9B26625D21EA3F5A007CF0B3 /* Project01ForZnTests.xctest */ = {isa = PBXFileReference; explicitFileType = wrapper.cfbundle; includeInIndex = 0; path = Project01ForZnTests.xctest; sourceTree = BUILT_PRODUCTS_DIR; };
		9B26626121EA3F5A007CF0B3 /* Project01ForZnTests.swift */ = {isa = PBXFileReference; lastKnownFileType = sourcecode.swift; path = Project01ForZnTests.swift; sourceTree = "<group>"; };
		9B26626321EA3F5A007CF0B3 /* Info.plist */ = {isa = PBXFileReference; lastKnownFileType = text.plist.xml; path = Info.plist; sourceTree = "<group>"; };
		9B26626821EA3F5A007CF0B3 /* Project01ForZnUITests.xctest */ = {isa = PBXFileReference; explicitFileType = wrapper.cfbundle; includeInIndex = 0; path = Project01ForZnUITests.xctest; sourceTree = BUILT_PRODUCTS_DIR; };
		9B26626C21EA3F5A007CF0B3 /* Project01ForZnUITests.swift */ = {isa = PBXFileReference; lastKnownFileType = sourcecode.swift; path = Project01ForZnUITests.swift; sourceTree = "<group>"; };
		9B26626E21EA3F5A007CF0B3 /* Info.plist */ = {isa = PBXFileReference; lastKnownFileType = text.plist.xml; path = Info.plist; sourceTree = "<group>"; };
/* End PBXFileReference section */

/* Begin PBXFrameworksBuildPhase section */
		9B26624621EA3F59007CF0B3 /* Frameworks */ = {
			isa = PBXFrameworksBuildPhase;
			buildActionMask = 2147483647;
			files = (
			);
			runOnlyForDeploymentPostprocessing = 0;
		};
		9B26625A21EA3F5A007CF0B3 /* Frameworks */ = {
			isa = PBXFrameworksBuildPhase;
			buildActionMask = 2147483647;
			files = (
			);
			runOnlyForDeploymentPostprocessing = 0;
		};
		9B26626521EA3F5A007CF0B3 /* Frameworks */ = {
			isa = PBXFrameworksBuildPhase;
			buildActionMask = 2147483647;
			files = (
			);
			runOnlyForDeploymentPostprocessing = 0;
		};
/* End PBXFrameworksBuildPhase section */

/* Begin PBXGroup section */
		9B26624021EA3F59007CF0B3 = {
			isa = PBXGroup;
			children = (
				9B26624B21EA3F59007CF0B3 /* Project01ForZn */,
				9B26626021EA3F5A007CF0B3 /* Project01ForZnTests */,
				9B26626B21EA3F5A007CF0B3 /* Project01ForZnUITests */,
				9B26624A21EA3F59007CF0B3 /* Products */,
			);
			sourceTree = "<group>";
		};
		9B26624A21EA3F59007CF0B3 /* Products */ = {
			isa = PBXGroup;
			children = (
				9B26624921EA3F59007CF0B3 /* Project01ForZn.app */,
				9B26625D21EA3F5A007CF0B3 /* Project01ForZnTests.xctest */,
				9B26626821EA3F5A007CF0B3 /* Project01ForZnUITests.xctest */,
			);
			name = Products;
			sourceTree = "<group>";
		};
		9B26624B21EA3F59007CF0B3 /* Project01ForZn */ = {
			isa = PBXGroup;
			children = (
				9B26624C21EA3F59007CF0B3 /* AppDelegate.swift */,
				9B26624E21EA3F59007CF0B3 /* ViewController.swift */,
				9B26625021EA3F59007CF0B3 /* Main.storyboard */,
				9B26625321EA3F5A007CF0B3 /* Assets.xcassets */,
				9B26625521EA3F5A007CF0B3 /* LaunchScreen.storyboard */,
				9B26625821EA3F5A007CF0B3 /* Info.plist */,
			);
			path = Project01ForZn;
			sourceTree = "<group>";
		};
		9B26626021EA3F5A007CF0B3 /* Project01ForZnTests */ = {
			isa = PBXGroup;
			children = (
				9B26626121EA3F5A007CF0B3 /* Project01ForZnTests.swift */,
				9B26626321EA3F5A007CF0B3 /* Info.plist */,
			);
			path = Project01ForZnTests;
			sourceTree = "<group>";
		};
		9B26626B21EA3F5A007CF0B3 /* Project01ForZnUITests */ = {
			isa = PBXGroup;
			children = (
				9B26626C21EA3F5A007CF0B3 /* Project01ForZnUITests.swift */,
				9B26626E21EA3F5A007CF0B3 /* Info.plist */,
			);
			path = Project01ForZnUITests;
			sourceTree = "<group>";
		};
/* End PBXGroup section */

/* Begin PBXNativeTarget section */
		9B26624821EA3F59007CF0B3 /* Project01ForZn */ = {
			isa = PBXNativeTarget;
			buildConfigurationList = 9B26627121EA3F5A007CF0B3 /* Build configuration list for PBXNativeTarget "Project01ForZn" */;
			buildPhases = (
				9B26624521EA3F59007CF0B3 /* Sources */,
				9B26624621EA3F59007CF0B3 /* Frameworks */,
				9B26624721EA3F59007CF0B3 /* Resources */,
			);
			buildRules = (
			);
			dependencies = (
			);
			name = Project01ForZn;
			productName = Project01ForZn;
			productReference = 9B26624921EA3F59007CF0B3 /* Project01ForZn.app */;
			productType = "com.apple.product-type.application";
		};
		9B26625C21EA3F5A007CF0B3 /* Project01ForZnTests */ = {
			isa = PBXNativeTarget;
			buildConfigurationList = 9B26627421EA3F5A007CF0B3 /* Build configuration list for PBXNativeTarget "Project01ForZnTests" */;
			buildPhases = (
				9B26625921EA3F5A007CF0B3 /* Sources */,
				9B26625A21EA3F5A007CF0B3 /* Frameworks */,
				9B26625B21EA3F5A007CF0B3 /* Resources */,
			);
			buildRules = (
			);
			dependencies = (
				9B26625F21EA3F5A007CF0B3 /* PBXTargetDependency */,
			);
			name = Project01ForZnTests;
			productName = Project01ForZnTests;
			productReference = 9B26625D21EA3F5A007CF0B3 /* Project01ForZnTests.xctest */;
			productType = "com.apple.product-type.bundle.unit-test";
		};
		9B26626721EA3F5A007CF0B3 /* Project01ForZnUITests */ = {
			isa = PBXNativeTarget;
			buildConfigurationList = 9B26627721EA3F5A007CF0B3 /* Build configuration list for PBXNativeTarget "Project01ForZnUITests" */;
			buildPhases = (
				9B26626421EA3F5A007CF0B3 /* Sources */,
				9B26626521EA3F5A007CF0B3 /* Frameworks */,
				9B26626621EA3F5A007CF0B3 /* Resources */,
			);
			buildRules = (
			);
			dependencies = (
				9B26626A21EA3F5A007CF0B3 /* PBXTargetDependency */,
			);
			name = Project01ForZnUITests;
			productName = Project01ForZnUITests;
			productReference = 9B26626821EA3F5A007CF0B3 /* Project01ForZnUITests.xctest */;
			productType = "com.apple.product-type.bundle.ui-testing";
		};
/* End PBXNativeTarget section */

/* Begin PBXProject section */
		9B26624121EA3F59007CF0B3 /* Project object */ = {
			isa = PBXProject;
			attributes = {
				LastSwiftUpdateCheck = 1010;
				LastUpgradeCheck = 1010;
				ORGANIZATIONNAME = Znfod;
				TargetAttributes = {
					9B26624821EA3F59007CF0B3 = {
						CreatedOnToolsVersion = 10.1;
					};
					9B26625C21EA3F5A007CF0B3 = {
						CreatedOnToolsVersion = 10.1;
						TestTargetID = 9B26624821EA3F59007CF0B3;
					};
					9B26626721EA3F5A007CF0B3 = {
						CreatedOnToolsVersion = 10.1;
						TestTargetID = 9B26624821EA3F59007CF0B3;
					};
				};
			};
			buildConfigurationList = 9B26624421EA3F59007CF0B3 /* Build configuration list for PBXProject "Project01ForZn" */;
			compatibilityVersion = "Xcode 9.3";
			developmentRegion = en;
			hasScannedForEncodings = 0;
			knownRegions = (
				en,
				Base,
			);
			mainGroup = 9B26624021EA3F59007CF0B3;
			productRefGroup = 9B26624A21EA3F59007CF0B3 /* Products */;
			projectDirPath = "";
			projectRoot = "";
			targets = (
				9B26624821EA3F59007CF0B3 /* Project01ForZn */,
				9B26625C21EA3F5A007CF0B3 /* Project01ForZnTests */,
				9B26626721EA3F5A007CF0B3 /* Project01ForZnUITests */,
			);
		};
/* End PBXProject section */

/* Begin PBXResourcesBuildPhase section */
		9B26624721EA3F59007CF0B3 /* Resources */ = {
			isa = PBXResourcesBuildPhase;
			buildActionMask = 2147483647;
			files = (
				9B26625721EA3F5A007CF0B3 /* LaunchScreen.storyboard in Resources */,
				9B26625421EA3F5A007CF0B3 /* Assets.xcassets in Resources */,
				9B26625221EA3F59007CF0B3 /* Main.storyboard in Resources */,
			);
			runOnlyForDeploymentPostprocessing = 0;
		};
		9B26625B21EA3F5A007CF0B3 /* Resources */ = {
			isa = PBXResourcesBuildPhase;
			buildActionMask = 2147483647;
			files = (
			);
			runOnlyForDeploymentPostprocessing = 0;
		};
		9B26626621EA3F5A007CF0B3 /* Resources */ = {
			isa = PBXResourcesBuildPhase;
			buildActionMask = 2147483647;
			files = (
			);
			runOnlyForDeploymentPostprocessing = 0;
		};
/* End PBXResourcesBuildPhase section */

/* Begin PBXSourcesBuildPhase section */
		9B26624521EA3F59007CF0B3 /* Sources */ = {
			isa = PBXSourcesBuildPhase;
			buildActionMask = 2147483647;
			files = (
				9B26624F21EA3F59007CF0B3 /* ViewController.swift in Sources */,
				9B26624D21EA3F59007CF0B3 /* AppDelegate.swift in Sources */,
			);
			runOnlyForDeploymentPostprocessing = 0;
		};
		9B26625921EA3F5A007CF0B3 /* Sources */ = {
			isa = PBXSourcesBuildPhase;
			buildActionMask = 2147483647;
			files = (
				9B26626221EA3F5A007CF0B3 /* Project01ForZnTests.swift in Sources */,
			);
			runOnlyForDeploymentPostprocessing = 0;
		};
		9B26626421EA3F5A007CF0B3 /* Sources */ = {
			isa = PBXSourcesBuildPhase;
			buildActionMask = 2147483647;
			files = (
				9B26626D21EA3F5A007CF0B3 /* Project01ForZnUITests.swift in Sources */,
			);
			runOnlyForDeploymentPostprocessing = 0;
		};
/* End PBXSourcesBuildPhase section */

/* Begin PBXTargetDependency section */
		9B26625F21EA3F5A007CF0B3 /* PBXTargetDependency */ = {
			isa = PBXTargetDependency;
			target = 9B26624821EA3F59007CF0B3 /* Project01ForZn */;
			targetProxy = 9B26625E21EA3F5A007CF0B3 /* PBXContainerItemProxy */;
		};
		9B26626A21EA3F5A007CF0B3 /* PBXTargetDependency */ = {
			isa = PBXTargetDependency;
			target = 9B26624821EA3F59007CF0B3 /* Project01ForZn */;
			targetProxy = 9B26626921EA3F5A007CF0B3 /* PBXContainerItemProxy */;
		};
/* End PBXTargetDependency section */

/* Begin PBXVariantGroup section */
		9B26625021EA3F59007CF0B3 /* Main.storyboard */ = {
			isa = PBXVariantGroup;
			children = (
				9B26625121EA3F59007CF0B3 /* Base */,
			);
			name = Main.storyboard;
			sourceTree = "<group>";
		};
		9B26625521EA3F5A007CF0B3 /* LaunchScreen.storyboard */ = {
			isa = PBXVariantGroup;
			children = (
				9B26625621EA3F5A007CF0B3 /* Base */,
			);
			name = LaunchScreen.storyboard;
			sourceTree = "<group>";
		};
/* End PBXVariantGroup section */

/* Begin XCBuildConfiguration section */
		9B26626F21EA3F5A007CF0B3 /* Debug */ = {
			isa = XCBuildConfiguration;
			buildSettings = {
				ALWAYS_SEARCH_USER_PATHS = NO;
				CLANG_ANALYZER_NONNULL = YES;
				CLANG_ANALYZER_NUMBER_OBJECT_CONVERSION = YES_AGGRESSIVE;
				CLANG_CXX_LANGUAGE_STANDARD = "gnu++14";
				CLANG_CXX_LIBRARY = "libc++";
				CLANG_ENABLE_MODULES = YES;
				CLANG_ENABLE_OBJC_ARC = YES;
				CLANG_ENABLE_OBJC_WEAK = YES;
				CLANG_WARN_BLOCK_CAPTURE_AUTORELEASING = YES;
				CLANG_WARN_BOOL_CONVERSION = YES;
				CLANG_WARN_COMMA = YES;
				CLANG_WARN_CONSTANT_CONVERSION = YES;
				CLANG_WARN_DEPRECATED_OBJC_IMPLEMENTATIONS = YES;
				CLANG_WARN_DIRECT_OBJC_ISA_USAGE = YES_ERROR;
				CLANG_WARN_DOCUMENTATION_COMMENTS = YES;
				CLANG_WARN_EMPTY_BODY = YES;
				CLANG_WARN_ENUM_CONVERSION = YES;
				CLANG_WARN_INFINITE_RECURSION = YES;
				CLANG_WARN_INT_CONVERSION = YES;
				CLANG_WARN_NON_LITERAL_NULL_CONVERSION = YES;
				CLANG_WARN_OBJC_IMPLICIT_RETAIN_SELF = YES;
				CLANG_WARN_OBJC_LITERAL_CONVERSION = YES;
				CLANG_WARN_OBJC_ROOT_CLASS = YES_ERROR;
				CLANG_WARN_RANGE_LOOP_ANALYSIS = YES;
				CLANG_WARN_STRICT_PROTOTYPES = YES;
				CLANG_WARN_SUSPICIOUS_MOVE = YES;
				CLANG_WARN_UNGUARDED_AVAILABILITY = YES_AGGRESSIVE;
				CLANG_WARN_UNREACHABLE_CODE = YES;
				CLANG_WARN__DUPLICATE_METHOD_MATCH = YES;
				CODE_SIGN_IDENTITY = "iPhone Developer";
				COPY_PHASE_STRIP = NO;
				DEBUG_INFORMATION_FORMAT = dwarf;
				ENABLE_STRICT_OBJC_MSGSEND = YES;
				ENABLE_TESTABILITY = YES;
				GCC_C_LANGUAGE_STANDARD = gnu11;
				GCC_DYNAMIC_NO_PIC = NO;
				GCC_NO_COMMON_BLOCKS = YES;
				GCC_OPTIMIZATION_LEVEL = 0;
				GCC_PREPROCESSOR_DEFINITIONS = (
					"DEBUG=1",
					"$(inherited)",
				);
				GCC_WARN_64_TO_32_BIT_CONVERSION = YES;
				GCC_WARN_ABOUT_RETURN_TYPE = YES_ERROR;
				GCC_WARN_UNDECLARED_SELECTOR = YES;
				GCC_WARN_UNINITIALIZED_AUTOS = YES_AGGRESSIVE;
				GCC_WARN_UNUSED_FUNCTION = YES;
				GCC_WARN_UNUSED_VARIABLE = YES;
				IPHONEOS_DEPLOYMENT_TARGET = 12.1;
				MTL_ENABLE_DEBUG_INFO = INCLUDE_SOURCE;
				MTL_FAST_MATH = YES;
				ONLY_ACTIVE_ARCH = YES;
				SDKROOT = iphoneos;
				SWIFT_ACTIVE_COMPILATION_CONDITIONS = DEBUG;
				SWIFT_OPTIMIZATION_LEVEL = "-Onone";
			};
			name = Debug;
		};
		9B26627021EA3F5A007CF0B3 /* Release */ = {
			isa = XCBuildConfiguration;
			buildSettings = {
				ALWAYS_SEARCH_USER_PATHS = NO;
				CLANG_ANALYZER_NONNULL = YES;
				CLANG_ANALYZER_NUMBER_OBJECT_CONVERSION = YES_AGGRESSIVE;
				CLANG_CXX_LANGUAGE_STANDARD = "gnu++14";
				CLANG_CXX_LIBRARY = "libc++";
				CLANG_ENABLE_MODULES = YES;
				CLANG_ENABLE_OBJC_ARC = YES;
				CLANG_ENABLE_OBJC_WEAK = YES;
				CLANG_WARN_BLOCK_CAPTURE_AUTORELEASING = YES;
				CLANG_WARN_BOOL_CONVERSION = YES;
				CLANG_WARN_COMMA = YES;
				CLANG_WARN_CONSTANT_CONVERSION = YES;
				CLANG_WARN_DEPRECATED_OBJC_IMPLEMENTATIONS = YES;
				CLANG_WARN_DIRECT_OBJC_ISA_USAGE = YES_ERROR;
				CLANG_WARN_DOCUMENTATION_COMMENTS = YES;
				CLANG_WARN_EMPTY_BODY = YES;
				CLANG_WARN_ENUM_CONVERSION = YES;
				CLANG_WARN_INFINITE_RECURSION = YES;
				CLANG_WARN_INT_CONVERSION = YES;
				CLANG_WARN_NON_LITERAL_NULL_CONVERSION = YES;
				CLANG_WARN_OBJC_IMPLICIT_RETAIN_SELF = YES;
				CLANG_WARN_OBJC_LITERAL_CONVERSION = YES;
				CLANG_WARN_OBJC_ROOT_CLASS = YES_ERROR;
				CLANG_WARN_RANGE_LOOP_ANALYSIS = YES;
				CLANG_WARN_STRICT_PROTOTYPES = YES;
				CLANG_WARN_SUSPICIOUS_MOVE = YES;
				CLANG_WARN_UNGUARDED_AVAILABILITY = YES_AGGRESSIVE;
				CLANG_WARN_UNREACHABLE_CODE = YES;
				CLANG_WARN__DUPLICATE_METHOD_MATCH = YES;
				CODE_SIGN_IDENTITY = "iPhone Developer";
				COPY_PHASE_STRIP = NO;
				DEBUG_INFORMATION_FORMAT = "dwarf-with-dsym";
				ENABLE_NS_ASSERTIONS = NO;
				ENABLE_STRICT_OBJC_MSGSEND = YES;
				GCC_C_LANGUAGE_STANDARD = gnu11;
				GCC_NO_COMMON_BLOCKS = YES;
				GCC_WARN_64_TO_32_BIT_CONVERSION = YES;
				GCC_WARN_ABOUT_RETURN_TYPE = YES_ERROR;
				GCC_WARN_UNDECLARED_SELECTOR = YES;
				GCC_WARN_UNINITIALIZED_AUTOS = YES_AGGRESSIVE;
				GCC_WARN_UNUSED_FUNCTION = YES;
				GCC_WARN_UNUSED_VARIABLE = YES;
				IPHONEOS_DEPLOYMENT_TARGET = 12.1;
				MTL_ENABLE_DEBUG_INFO = NO;
				MTL_FAST_MATH = YES;
				SDKROOT = iphoneos;
				SWIFT_COMPILATION_MODE = wholemodule;
				SWIFT_OPTIMIZATION_LEVEL = "-O";
				VALIDATE_PRODUCT = YES;
			};
			name = Release;
		};
		9B26627221EA3F5A007CF0B3 /* Debug */ = {
			isa = XCBuildConfiguration;
			buildSettings = {
				ASSETCATALOG_COMPILER_APPICON_NAME = AppIcon;
				CODE_SIGN_STYLE = Automatic;
				DEVELOPMENT_TEAM = BAEBSW672H;
				INFOPLIST_FILE = Project01ForZn/Info.plist;
				LD_RUNPATH_SEARCH_PATHS = (
					"$(inherited)",
					"@executable_path/Frameworks",
				);
				PRODUCT_BUNDLE_IDENTIFIER = com.Znfod.Project01ForZn;
				PRODUCT_NAME = "$(TARGET_NAME)";
				SWIFT_VERSION = 4.2;
				TARGETED_DEVICE_FAMILY = "1,2";
			};
			name = Debug;
		};
		9B26627321EA3F5A007CF0B3 /* Release */ = {
			isa = XCBuildConfiguration;
			buildSettings = {
				ASSETCATALOG_COMPILER_APPICON_NAME = AppIcon;
				CODE_SIGN_STYLE = Automatic;
				DEVELOPMENT_TEAM = BAEBSW672H;
				INFOPLIST_FILE = Project01ForZn/Info.plist;
				LD_RUNPATH_SEARCH_PATHS = (
					"$(inherited)",
					"@executable_path/Frameworks",
				);
				PRODUCT_BUNDLE_IDENTIFIER = com.Znfod.Project01ForZn;
				PRODUCT_NAME = "$(TARGET_NAME)";
				SWIFT_VERSION = 4.2;
				TARGETED_DEVICE_FAMILY = "1,2";
			};
			name = Release;
		};
		9B26627521EA3F5A007CF0B3 /* Debug */ = {
			isa = XCBuildConfiguration;
			buildSettings = {
				ALWAYS_EMBED_SWIFT_STANDARD_LIBRARIES = YES;
				BUNDLE_LOADER = "$(TEST_HOST)";
				CODE_SIGN_STYLE = Automatic;
				DEVELOPMENT_TEAM = BAEBSW672H;
				INFOPLIST_FILE = Project01ForZnTests/Info.plist;
				LD_RUNPATH_SEARCH_PATHS = (
					"$(inherited)",
					"@executable_path/Frameworks",
					"@loader_path/Frameworks",
				);
				PRODUCT_BUNDLE_IDENTIFIER = com.Znfod.Project01ForZnTests;
				PRODUCT_NAME = "$(TARGET_NAME)";
				SWIFT_VERSION = 4.2;
				TARGETED_DEVICE_FAMILY = "1,2";
				TEST_HOST = "$(BUILT_PRODUCTS_DIR)/Project01ForZn.app/Project01ForZn";
			};
			name = Debug;
		};
		9B26627621EA3F5A007CF0B3 /* Release */ = {
			isa = XCBuildConfiguration;
			buildSettings = {
				ALWAYS_EMBED_SWIFT_STANDARD_LIBRARIES = YES;
				BUNDLE_LOADER = "$(TEST_HOST)";
				CODE_SIGN_STYLE = Automatic;
				DEVELOPMENT_TEAM = BAEBSW672H;
				INFOPLIST_FILE = Project01ForZnTests/Info.plist;
				LD_RUNPATH_SEARCH_PATHS = (
					"$(inherited)",
					"@executable_path/Frameworks",
					"@loader_path/Frameworks",
				);
				PRODUCT_BUNDLE_IDENTIFIER = com.Znfod.Project01ForZnTests;
				PRODUCT_NAME = "$(TARGET_NAME)";
				SWIFT_VERSION = 4.2;
				TARGETED_DEVICE_FAMILY = "1,2";
				TEST_HOST = "$(BUILT_PRODUCTS_DIR)/Project01ForZn.app/Project01ForZn";
			};
			name = Release;
		};
		9B26627821EA3F5A007CF0B3 /* Debug */ = {
			isa = XCBuildConfiguration;
			buildSettings = {
				ALWAYS_EMBED_SWIFT_STANDARD_LIBRARIES = YES;
				CODE_SIGN_STYLE = Automatic;
				DEVELOPMENT_TEAM = BAEBSW672H;
				INFOPLIST_FILE = Project01ForZnUITests/Info.plist;
				LD_RUNPATH_SEARCH_PATHS = (
					"$(inherited)",
					"@executable_path/Frameworks",
					"@loader_path/Frameworks",
				);
				PRODUCT_BUNDLE_IDENTIFIER = com.Znfod.Project01ForZnUITests;
				PRODUCT_NAME = "$(TARGET_NAME)";
				SWIFT_VERSION = 4.2;
				TARGETED_DEVICE_FAMILY = "1,2";
				TEST_TARGET_NAME = Project01ForZn;
			};
			name = Debug;
		};
		9B26627921EA3F5A007CF0B3 /* Release */ = {
			isa = XCBuildConfiguration;
			buildSettings = {
				ALWAYS_EMBED_SWIFT_STANDARD_LIBRARIES = YES;
				CODE_SIGN_STYLE = Automatic;
				DEVELOPMENT_TEAM = BAEBSW672H;
				INFOPLIST_FILE = Project01ForZnUITests/Info.plist;
				LD_RUNPATH_SEARCH_PATHS = (
					"$(inherited)",
					"@executable_path/Frameworks",
					"@loader_path/Frameworks",
				);
				PRODUCT_BUNDLE_IDENTIFIER = com.Znfod.Project01ForZnUITests;
				PRODUCT_NAME = "$(TARGET_NAME)";
				SWIFT_VERSION = 4.2;
				TARGETED_DEVICE_FAMILY = "1,2";
				TEST_TARGET_NAME = Project01ForZn;
			};
			name = Release;
		};
/* End XCBuildConfiguration section */

/* Begin XCConfigurationList section */
		9B26624421EA3F59007CF0B3 /* Build configuration list for PBXProject "Project01ForZn" */ = {
			isa = XCConfigurationList;
			buildConfigurations = (
				9B26626F21EA3F5A007CF0B3 /* Debug */,
				9B26627021EA3F5A007CF0B3 /* Release */,
			);
			defaultConfigurationIsVisible = 0;
			defaultConfigurationName = Release;
		};
		9B26627121EA3F5A007CF0B3 /* Build configuration list for PBXNativeTarget "Project01ForZn" */ = {
			isa = XCConfigurationList;
			buildConfigurations = (
				9B26627221EA3F5A007CF0B3 /* Debug */,
				9B26627321EA3F5A007CF0B3 /* Release */,
			);
			defaultConfigurationIsVisible = 0;
			defaultConfigurationName = Release;
		};
		9B26627421EA3F5A007CF0B3 /* Build configuration list for PBXNativeTarget "Project01ForZnTests" */ = {
			isa = XCConfigurationList;
			buildConfigurations = (
				9B26627521EA3F5A007CF0B3 /* Debug */,
				9B26627621EA3F5A007CF0B3 /* Release */,
			);
			defaultConfigurationIsVisible = 0;
			defaultConfigurationName = Release;
		};
		9B26627721EA3F5A007CF0B3 /* Build configuration list for PBXNativeTarget "Project01ForZnUITests" */ = {
			isa = XCConfigurationList;
			buildConfigurations = (
				9B26627821EA3F5A007CF0B3 /* Debug */,
				9B26627921EA3F5A007CF0B3 /* Release */,
			);
			defaultConfigurationIsVisible = 0;
			defaultConfigurationName = Release;
		};
/* End XCConfigurationList section */
	};
	rootObject = 9B26624121EA3F59007CF0B3 /* Project object */;
}
