// !$*UTF8*$!
{
	archiveVersion = 1;
	classes = {
	};
	objectVersion = 50;
	objects = {

/* Begin PBXBuildFile section */
		8CDC91703D8B751E20F17771 /* Pods_Project01ForZn.framework in Frameworks */ = {isa = PBXBuildFile; fileRef = AB23D17D503B4912C3D6B959 /* Pods_Project01ForZn.framework */; };
		9B11591921EC73CC00DE39C9 /* SettingViewController.swift in Sources */ = {isa = PBXBuildFile; fileRef = 9B11591821EC73CC00DE39C9 /* SettingViewController.swift */; };
		9B11591B21EC76D800DE39C9 /* SettingTableCell.swift in Sources */ = {isa = PBXBuildFile; fileRef = 9B11591A21EC76D800DE39C9 /* SettingTableCell.swift */; };
		9B11591D21ECAFBF00DE39C9 /* PickerView.swift in Sources */ = {isa = PBXBuildFile; fileRef = 9B11591C21ECAFBF00DE39C9 /* PickerView.swift */; };
		9B11591F21ECAFCB00DE39C9 /* PickerView.xib in Resources */ = {isa = PBXBuildFile; fileRef = 9B11591E21ECAFCB00DE39C9 /* PickerView.xib */; };
		9B26624D21EA3F59007CF0B3 /* AppDelegate.swift in Sources */ = {isa = PBXBuildFile; fileRef = 9B26624C21EA3F59007CF0B3 /* AppDelegate.swift */; };
		9B26626221EA3F5A007CF0B3 /* Project01ForZnTests.swift in Sources */ = {isa = PBXBuildFile; fileRef = 9B26626121EA3F5A007CF0B3 /* Project01ForZnTests.swift */; };
		9B26626D21EA3F5A007CF0B3 /* Project01ForZnUITests.swift in Sources */ = {isa = PBXBuildFile; fileRef = 9B26626C21EA3F5A007CF0B3 /* Project01ForZnUITests.swift */; };
		9B26628321EA418E007CF0B3 /* DBManager.swift in Sources */ = {isa = PBXBuildFile; fileRef = 9B26628221EA418E007CF0B3 /* DBManager.swift */; };
		9B26628921EA4C26007CF0B3 /* BaseViewController.swift in Sources */ = {isa = PBXBuildFile; fileRef = 9B26628821EA4C26007CF0B3 /* BaseViewController.swift */; };
		9B26629021EA4FF3007CF0B3 /* PopupViewController.swift in Sources */ = {isa = PBXBuildFile; fileRef = 9B26628F21EA4FF3007CF0B3 /* PopupViewController.swift */; };
		9B26629221EA50CC007CF0B3 /* IndicatorPopupViewController.swift in Sources */ = {isa = PBXBuildFile; fileRef = 9B26629121EA50CC007CF0B3 /* IndicatorPopupViewController.swift */; };
		9B26629421EA51FC007CF0B3 /* AlertPopupViewController.swift in Sources */ = {isa = PBXBuildFile; fileRef = 9B26629321EA51FC007CF0B3 /* AlertPopupViewController.swift */; };
		9B26629621EA522F007CF0B3 /* AlertPopup2ViewController.swift in Sources */ = {isa = PBXBuildFile; fileRef = 9B26629521EA522F007CF0B3 /* AlertPopup2ViewController.swift */; };
		9B2662AB21EA53DB007CF0B3 /* ProfileViewController.swift in Sources */ = {isa = PBXBuildFile; fileRef = 9B2662AA21EA53DB007CF0B3 /* ProfileViewController.swift */; };
		9B2662B321EB2254007CF0B3 /* Popup.storyboard in Resources */ = {isa = PBXBuildFile; fileRef = 9B26628C21EA4C3C007CF0B3 /* Popup.storyboard */; };
		9B2662B421EB2254007CF0B3 /* Main.storyboard in Resources */ = {isa = PBXBuildFile; fileRef = 9B2662B121EB2131007CF0B3 /* Main.storyboard */; };
		9B2662B521EB2263007CF0B3 /* Assets.xcassets in Resources */ = {isa = PBXBuildFile; fileRef = 9B26625321EA3F5A007CF0B3 /* Assets.xcassets */; };
		9B2662B721EB2382007CF0B3 /* PopupManager.swift in Sources */ = {isa = PBXBuildFile; fileRef = 9B2662B621EB2382007CF0B3 /* PopupManager.swift */; };
		9B2662B921EB2411007CF0B3 /* AppDelegate+Popup.swift in Sources */ = {isa = PBXBuildFile; fileRef = 9B2662B821EB2411007CF0B3 /* AppDelegate+Popup.swift */; };
		9B2662BE21EB2D97007CF0B3 /* ProfileTableCell.swift in Sources */ = {isa = PBXBuildFile; fileRef = 9B2662BD21EB2D97007CF0B3 /* ProfileTableCell.swift */; };
		9B2662C521EB2F16007CF0B3 /* loading.png in Resources */ = {isa = PBXBuildFile; fileRef = 9B2662AD21EB1DDF007CF0B3 /* loading.png */; };
		9B2662C621EB2F16007CF0B3 /* back_white@3x.png in Resources */ = {isa = PBXBuildFile; fileRef = 9B2662A321EA535C007CF0B3 /* back_white@3x.png */; };
		9B2662C721EB2F16007CF0B3 /* back_white@2x.png in Resources */ = {isa = PBXBuildFile; fileRef = 9B2662A421EA535C007CF0B3 /* back_white@2x.png */; };
		9B2662C821EB2F16007CF0B3 /* gear@2x.png in Resources */ = {isa = PBXBuildFile; fileRef = 9B2662A521EA535C007CF0B3 /* gear@2x.png */; };
		9B2662C921EB2F16007CF0B3 /* back_black@3x.png in Resources */ = {isa = PBXBuildFile; fileRef = 9B2662A621EA535C007CF0B3 /* back_black@3x.png */; };
		9B2662CA21EB2F16007CF0B3 /* back_black@2x.png in Resources */ = {isa = PBXBuildFile; fileRef = 9B2662A721EA535C007CF0B3 /* back_black@2x.png */; };
		9B2662CB21EB2F16007CF0B3 /* gear@3x.png in Resources */ = {isa = PBXBuildFile; fileRef = 9B2662A821EA535C007CF0B3 /* gear@3x.png */; };
		9B2662CD21EB874D007CF0B3 /* FontManager.swift in Sources */ = {isa = PBXBuildFile; fileRef = 9B2662CC21EB874D007CF0B3 /* FontManager.swift */; };
		9B2662CF21EB8A6D007CF0B3 /* Defines.swift in Sources */ = {isa = PBXBuildFile; fileRef = 9B2662CE21EB8A6D007CF0B3 /* Defines.swift */; };
		9B2662D021EB9FE5007CF0B3 /* NanumBarunpenB.ttf in Resources */ = {isa = PBXBuildFile; fileRef = 9B26629A21EA535C007CF0B3 /* NanumBarunpenB.ttf */; };
		9B2662D121EB9FE5007CF0B3 /* NanumBarunpenR.ttf in Resources */ = {isa = PBXBuildFile; fileRef = 9B26629B21EA535C007CF0B3 /* NanumBarunpenR.ttf */; };
		9B2662D221EB9FE5007CF0B3 /* NanumPen.ttf in Resources */ = {isa = PBXBuildFile; fileRef = 9B26629C21EA535C007CF0B3 /* NanumPen.ttf */; };
		9B2662D321EB9FE5007CF0B3 /* NanumBarunGothicLight.ttf in Resources */ = {isa = PBXBuildFile; fileRef = 9B26629D21EA535C007CF0B3 /* NanumBarunGothicLight.ttf */; };
		9B2662D421EB9FE5007CF0B3 /* NanumBrush.ttf in Resources */ = {isa = PBXBuildFile; fileRef = 9B26629E21EA535C007CF0B3 /* NanumBrush.ttf */; };
		9B2662D521EB9FE5007CF0B3 /* NanumBarunGothic.ttf in Resources */ = {isa = PBXBuildFile; fileRef = 9B26629F21EA535C007CF0B3 /* NanumBarunGothic.ttf */; };
		9B2662D621EB9FE5007CF0B3 /* NanumBarunGothicUltraLight.ttf in Resources */ = {isa = PBXBuildFile; fileRef = 9B2662A021EA535C007CF0B3 /* NanumBarunGothicUltraLight.ttf */; };
		9B2662D721EB9FE5007CF0B3 /* NanumBarunGothicBold.ttf in Resources */ = {isa = PBXBuildFile; fileRef = 9B2662A121EA535C007CF0B3 /* NanumBarunGothicBold.ttf */; };
		9B2662DA21EC3093007CF0B3 /* ZnTextView.swift in Sources */ = {isa = PBXBuildFile; fileRef = 9B2662D921EC3093007CF0B3 /* ZnTextView.swift */; };
		9B2662DD21EC34BE007CF0B3 /* DatePickerView.swift in Sources */ = {isa = PBXBuildFile; fileRef = 9B2662DC21EC34BE007CF0B3 /* DatePickerView.swift */; };
		9B2662DF21EC34D0007CF0B3 /* TimePickerView.swift in Sources */ = {isa = PBXBuildFile; fileRef = 9B2662DE21EC34D0007CF0B3 /* TimePickerView.swift */; };
		9B2662E121EC34DC007CF0B3 /* DatePickerView.xib in Resources */ = {isa = PBXBuildFile; fileRef = 9B2662E021EC34DC007CF0B3 /* DatePickerView.xib */; };
		9B2662E321EC34E9007CF0B3 /* TimePickerView.xib in Resources */ = {isa = PBXBuildFile; fileRef = 9B2662E221EC34E9007CF0B3 /* TimePickerView.xib */; };
		9B2662E621EC457B007CF0B3 /* Profile+TableViewDataSource.swift in Sources */ = {isa = PBXBuildFile; fileRef = 9B2662E521EC457B007CF0B3 /* Profile+TableViewDataSource.swift */; };
		9B2662E821EC45BE007CF0B3 /* Profile+TableViewDelegate.swift in Sources */ = {isa = PBXBuildFile; fileRef = 9B2662E721EC45BE007CF0B3 /* Profile+TableViewDelegate.swift */; };
		9B28619821ED75AB0059275F /* Setting+PickerViewDelegate.swift in Sources */ = {isa = PBXBuildFile; fileRef = 9B28619721ED75AB0059275F /* Setting+PickerViewDelegate.swift */; };
		9B28619A21EDB7BB0059275F /* Date+StartEndDay.swift in Sources */ = {isa = PBXBuildFile; fileRef = 9B28619921EDB7BB0059275F /* Date+StartEndDay.swift */; };
		9B34208C21F02B9300E1C895 /* DiaryViewController.swift in Sources */ = {isa = PBXBuildFile; fileRef = 9B34208B21F02B9300E1C895 /* DiaryViewController.swift */; };
		9B34208E21F02ED000E1C895 /* DiaryTableCell.swift in Sources */ = {isa = PBXBuildFile; fileRef = 9B34208D21F02ECF00E1C895 /* DiaryTableCell.swift */; };
		9B34209021F0402E00E1C895 /* Diary+TableViewDataSource.swift in Sources */ = {isa = PBXBuildFile; fileRef = 9B34208F21F0402E00E1C895 /* Diary+TableViewDataSource.swift */; };
		9B34209221F0403D00E1C895 /* Diary+TableViewDelegate.swift in Sources */ = {isa = PBXBuildFile; fileRef = 9B34209121F0403D00E1C895 /* Diary+TableViewDelegate.swift */; };
		9B34209721F04BF900E1C895 /* PlanListViewController.swift in Sources */ = {isa = PBXBuildFile; fileRef = 9B34209621F04BF900E1C895 /* PlanListViewController.swift */; };
		9B34209921F04C0300E1C895 /* CalendarViewController.swift in Sources */ = {isa = PBXBuildFile; fileRef = 9B34209821F04C0300E1C895 /* CalendarViewController.swift */; };
		9B34209B21F04C0C00E1C895 /* AddPlanViewController.swift in Sources */ = {isa = PBXBuildFile; fileRef = 9B34209A21F04C0C00E1C895 /* AddPlanViewController.swift */; };
		9B3420A121F0D64400E1C895 /* ModelPlan.swift in Sources */ = {isa = PBXBuildFile; fileRef = 9B3420A021F0D64400E1C895 /* ModelPlan.swift */; };
		9B3420A321F0D65900E1C895 /* ModelDiary.swift in Sources */ = {isa = PBXBuildFile; fileRef = 9B3420A221F0D65900E1C895 /* ModelDiary.swift */; };
		9B3420A521F0D66300E1C895 /* ModelProfile.swift in Sources */ = {isa = PBXBuildFile; fileRef = 9B3420A421F0D66300E1C895 /* ModelProfile.swift */; };
/* End PBXBuildFile section */

/* Begin PBXContainerItemProxy section */
		9B26625E21EA3F5A007CF0B3 /* PBXContainerItemProxy */ = {
			isa = PBXContainerItemProxy;
			containerPortal = 9B26624121EA3F59007CF0B3 /* Project object */;
			proxyType = 1;
			remoteGlobalIDString = 9B26624821EA3F59007CF0B3;
			remoteInfo = Project01ForZn;
		};
		9B26626921EA3F5A007CF0B3 /* PBXContainerItemProxy */ = {
			isa = PBXContainerItemProxy;
			containerPortal = 9B26624121EA3F59007CF0B3 /* Project object */;
			proxyType = 1;
			remoteGlobalIDString = 9B26624821EA3F59007CF0B3;
			remoteInfo = Project01ForZn;
		};
/* End PBXContainerItemProxy section */

/* Begin PBXFileReference section */
		651BD73526AB657FF5167ADC /* Pods-Project01ForZn.release.xcconfig */ = {isa = PBXFileReference; includeInIndex = 1; lastKnownFileType = text.xcconfig; name = "Pods-Project01ForZn.release.xcconfig"; path = "../Pods/Target Support Files/Pods-Project01ForZn/Pods-Project01ForZn.release.xcconfig"; sourceTree = "<group>"; };
		9B11591821EC73CC00DE39C9 /* SettingViewController.swift */ = {isa = PBXFileReference; lastKnownFileType = sourcecode.swift; path = SettingViewController.swift; sourceTree = "<group>"; };
		9B11591A21EC76D800DE39C9 /* SettingTableCell.swift */ = {isa = PBXFileReference; lastKnownFileType = sourcecode.swift; path = SettingTableCell.swift; sourceTree = "<group>"; };
		9B11591C21ECAFBF00DE39C9 /* PickerView.swift */ = {isa = PBXFileReference; lastKnownFileType = sourcecode.swift; path = PickerView.swift; sourceTree = "<group>"; };
		9B11591E21ECAFCB00DE39C9 /* PickerView.xib */ = {isa = PBXFileReference; lastKnownFileType = file.xib; path = PickerView.xib; sourceTree = "<group>"; };
		9B26624921EA3F59007CF0B3 /* Project01ForZn.app */ = {isa = PBXFileReference; explicitFileType = wrapper.application; includeInIndex = 0; path = Project01ForZn.app; sourceTree = BUILT_PRODUCTS_DIR; };
		9B26624C21EA3F59007CF0B3 /* AppDelegate.swift */ = {isa = PBXFileReference; lastKnownFileType = sourcecode.swift; path = AppDelegate.swift; sourceTree = "<group>"; };
		9B26625321EA3F5A007CF0B3 /* Assets.xcassets */ = {isa = PBXFileReference; lastKnownFileType = folder.assetcatalog; path = Assets.xcassets; sourceTree = "<group>"; };
		9B26625621EA3F5A007CF0B3 /* Base */ = {isa = PBXFileReference; lastKnownFileType = file.storyboard; name = Base; path = Base.lproj/LaunchScreen.storyboard; sourceTree = "<group>"; };
		9B26625821EA3F5A007CF0B3 /* Info.plist */ = {isa = PBXFileReference; lastKnownFileType = text.plist.xml; path = Info.plist; sourceTree = "<group>"; };
		9B26625D21EA3F5A007CF0B3 /* Project01ForZnTests.xctest */ = {isa = PBXFileReference; explicitFileType = wrapper.cfbundle; includeInIndex = 0; path = Project01ForZnTests.xctest; sourceTree = BUILT_PRODUCTS_DIR; };
		9B26626121EA3F5A007CF0B3 /* Project01ForZnTests.swift */ = {isa = PBXFileReference; lastKnownFileType = sourcecode.swift; path = Project01ForZnTests.swift; sourceTree = "<group>"; };
		9B26626321EA3F5A007CF0B3 /* Info.plist */ = {isa = PBXFileReference; lastKnownFileType = text.plist.xml; path = Info.plist; sourceTree = "<group>"; };
		9B26626821EA3F5A007CF0B3 /* Project01ForZnUITests.xctest */ = {isa = PBXFileReference; explicitFileType = wrapper.cfbundle; includeInIndex = 0; path = Project01ForZnUITests.xctest; sourceTree = BUILT_PRODUCTS_DIR; };
		9B26626C21EA3F5A007CF0B3 /* Project01ForZnUITests.swift */ = {isa = PBXFileReference; lastKnownFileType = sourcecode.swift; path = Project01ForZnUITests.swift; sourceTree = "<group>"; };
		9B26626E21EA3F5A007CF0B3 /* Info.plist */ = {isa = PBXFileReference; lastKnownFileType = text.plist.xml; path = Info.plist; sourceTree = "<group>"; };
		9B26628221EA418E007CF0B3 /* DBManager.swift */ = {isa = PBXFileReference; fileEncoding = 4; lastKnownFileType = sourcecode.swift; path = DBManager.swift; sourceTree = "<group>"; };
		9B26628821EA4C26007CF0B3 /* BaseViewController.swift */ = {isa = PBXFileReference; fileEncoding = 4; lastKnownFileType = sourcecode.swift; path = BaseViewController.swift; sourceTree = "<group>"; };
		9B26628C21EA4C3C007CF0B3 /* Popup.storyboard */ = {isa = PBXFileReference; lastKnownFileType = file.storyboard; path = Popup.storyboard; sourceTree = "<group>"; };
		9B26628F21EA4FF3007CF0B3 /* PopupViewController.swift */ = {isa = PBXFileReference; lastKnownFileType = sourcecode.swift; path = PopupViewController.swift; sourceTree = "<group>"; };
		9B26629121EA50CC007CF0B3 /* IndicatorPopupViewController.swift */ = {isa = PBXFileReference; lastKnownFileType = sourcecode.swift; path = IndicatorPopupViewController.swift; sourceTree = "<group>"; };
		9B26629321EA51FC007CF0B3 /* AlertPopupViewController.swift */ = {isa = PBXFileReference; lastKnownFileType = sourcecode.swift; path = AlertPopupViewController.swift; sourceTree = "<group>"; };
		9B26629521EA522F007CF0B3 /* AlertPopup2ViewController.swift */ = {isa = PBXFileReference; lastKnownFileType = sourcecode.swift; path = AlertPopup2ViewController.swift; sourceTree = "<group>"; };
		9B26629821EA535C007CF0B3 /* Project01ForZn-Bridging-Header.h */ = {isa = PBXFileReference; fileEncoding = 4; lastKnownFileType = sourcecode.c.h; path = "Project01ForZn-Bridging-Header.h"; sourceTree = "<group>"; };
		9B26629A21EA535C007CF0B3 /* NanumBarunpenB.ttf */ = {isa = PBXFileReference; lastKnownFileType = file; path = NanumBarunpenB.ttf; sourceTree = "<group>"; };
		9B26629B21EA535C007CF0B3 /* NanumBarunpenR.ttf */ = {isa = PBXFileReference; lastKnownFileType = file; path = NanumBarunpenR.ttf; sourceTree = "<group>"; };
		9B26629C21EA535C007CF0B3 /* NanumPen.ttf */ = {isa = PBXFileReference; lastKnownFileType = file; path = NanumPen.ttf; sourceTree = "<group>"; };
		9B26629D21EA535C007CF0B3 /* NanumBarunGothicLight.ttf */ = {isa = PBXFileReference; lastKnownFileType = file; path = NanumBarunGothicLight.ttf; sourceTree = "<group>"; };
		9B26629E21EA535C007CF0B3 /* NanumBrush.ttf */ = {isa = PBXFileReference; lastKnownFileType = file; path = NanumBrush.ttf; sourceTree = "<group>"; };
		9B26629F21EA535C007CF0B3 /* NanumBarunGothic.ttf */ = {isa = PBXFileReference; lastKnownFileType = file; path = NanumBarunGothic.ttf; sourceTree = "<group>"; };
		9B2662A021EA535C007CF0B3 /* NanumBarunGothicUltraLight.ttf */ = {isa = PBXFileReference; lastKnownFileType = file; path = NanumBarunGothicUltraLight.ttf; sourceTree = "<group>"; };
		9B2662A121EA535C007CF0B3 /* NanumBarunGothicBold.ttf */ = {isa = PBXFileReference; lastKnownFileType = file; path = NanumBarunGothicBold.ttf; sourceTree = "<group>"; };
		9B2662A321EA535C007CF0B3 /* back_white@3x.png */ = {isa = PBXFileReference; lastKnownFileType = image.png; path = "back_white@3x.png"; sourceTree = "<group>"; };
		9B2662A421EA535C007CF0B3 /* back_white@2x.png */ = {isa = PBXFileReference; lastKnownFileType = image.png; path = "back_white@2x.png"; sourceTree = "<group>"; };
		9B2662A521EA535C007CF0B3 /* gear@2x.png */ = {isa = PBXFileReference; lastKnownFileType = image.png; path = "gear@2x.png"; sourceTree = "<group>"; };
		9B2662A621EA535C007CF0B3 /* back_black@3x.png */ = {isa = PBXFileReference; lastKnownFileType = image.png; path = "back_black@3x.png"; sourceTree = "<group>"; };
		9B2662A721EA535C007CF0B3 /* back_black@2x.png */ = {isa = PBXFileReference; lastKnownFileType = image.png; path = "back_black@2x.png"; sourceTree = "<group>"; };
		9B2662A821EA535C007CF0B3 /* gear@3x.png */ = {isa = PBXFileReference; lastKnownFileType = image.png; path = "gear@3x.png"; sourceTree = "<group>"; };
		9B2662A921EA535C007CF0B3 /* Defines.h */ = {isa = PBXFileReference; fileEncoding = 4; lastKnownFileType = sourcecode.c.h; path = Defines.h; sourceTree = "<group>"; };
		9B2662AA21EA53DB007CF0B3 /* ProfileViewController.swift */ = {isa = PBXFileReference; lastKnownFileType = sourcecode.swift; path = ProfileViewController.swift; sourceTree = "<group>"; };
		9B2662AD21EB1DDF007CF0B3 /* loading.png */ = {isa = PBXFileReference; lastKnownFileType = image.png; path = loading.png; sourceTree = "<group>"; };
		9B2662B021EB2131007CF0B3 /* Base */ = {isa = PBXFileReference; lastKnownFileType = file.storyboard; name = Base; path = Base.lproj/Main.storyboard; sourceTree = "<group>"; };
		9B2662B621EB2382007CF0B3 /* PopupManager.swift */ = {isa = PBXFileReference; lastKnownFileType = sourcecode.swift; path = PopupManager.swift; sourceTree = "<group>"; };
		9B2662B821EB2411007CF0B3 /* AppDelegate+Popup.swift */ = {isa = PBXFileReference; lastKnownFileType = sourcecode.swift; path = "AppDelegate+Popup.swift"; sourceTree = "<group>"; };
		9B2662BD21EB2D97007CF0B3 /* ProfileTableCell.swift */ = {isa = PBXFileReference; lastKnownFileType = sourcecode.swift; path = ProfileTableCell.swift; sourceTree = "<group>"; };
		9B2662CC21EB874D007CF0B3 /* FontManager.swift */ = {isa = PBXFileReference; lastKnownFileType = sourcecode.swift; path = FontManager.swift; sourceTree = "<group>"; };
		9B2662CE21EB8A6D007CF0B3 /* Defines.swift */ = {isa = PBXFileReference; lastKnownFileType = sourcecode.swift; path = Defines.swift; sourceTree = "<group>"; };
		9B2662D921EC3093007CF0B3 /* ZnTextView.swift */ = {isa = PBXFileReference; lastKnownFileType = sourcecode.swift; path = ZnTextView.swift; sourceTree = "<group>"; };
		9B2662DC21EC34BE007CF0B3 /* DatePickerView.swift */ = {isa = PBXFileReference; lastKnownFileType = sourcecode.swift; path = DatePickerView.swift; sourceTree = "<group>"; };
		9B2662DE21EC34D0007CF0B3 /* TimePickerView.swift */ = {isa = PBXFileReference; lastKnownFileType = sourcecode.swift; path = TimePickerView.swift; sourceTree = "<group>"; };
		9B2662E021EC34DC007CF0B3 /* DatePickerView.xib */ = {isa = PBXFileReference; lastKnownFileType = file.xib; path = DatePickerView.xib; sourceTree = "<group>"; };
		9B2662E221EC34E9007CF0B3 /* TimePickerView.xib */ = {isa = PBXFileReference; lastKnownFileType = file.xib; path = TimePickerView.xib; sourceTree = "<group>"; };
		9B2662E521EC457B007CF0B3 /* Profile+TableViewDataSource.swift */ = {isa = PBXFileReference; lastKnownFileType = sourcecode.swift; path = "Profile+TableViewDataSource.swift"; sourceTree = "<group>"; };
		9B2662E721EC45BE007CF0B3 /* Profile+TableViewDelegate.swift */ = {isa = PBXFileReference; lastKnownFileType = sourcecode.swift; path = "Profile+TableViewDelegate.swift"; sourceTree = "<group>"; };
		9B28619721ED75AB0059275F /* Setting+PickerViewDelegate.swift */ = {isa = PBXFileReference; lastKnownFileType = sourcecode.swift; path = "Setting+PickerViewDelegate.swift"; sourceTree = "<group>"; };
		9B28619921EDB7BB0059275F /* Date+StartEndDay.swift */ = {isa = PBXFileReference; lastKnownFileType = sourcecode.swift; path = "Date+StartEndDay.swift"; sourceTree = "<group>"; };
		9B34208B21F02B9300E1C895 /* DiaryViewController.swift */ = {isa = PBXFileReference; lastKnownFileType = sourcecode.swift; path = DiaryViewController.swift; sourceTree = "<group>"; };
		9B34208D21F02ECF00E1C895 /* DiaryTableCell.swift */ = {isa = PBXFileReference; lastKnownFileType = sourcecode.swift; path = DiaryTableCell.swift; sourceTree = "<group>"; };
		9B34208F21F0402E00E1C895 /* Diary+TableViewDataSource.swift */ = {isa = PBXFileReference; lastKnownFileType = sourcecode.swift; path = "Diary+TableViewDataSource.swift"; sourceTree = "<group>"; };
		9B34209121F0403D00E1C895 /* Diary+TableViewDelegate.swift */ = {isa = PBXFileReference; lastKnownFileType = sourcecode.swift; path = "Diary+TableViewDelegate.swift"; sourceTree = "<group>"; };
		9B34209621F04BF900E1C895 /* PlanListViewController.swift */ = {isa = PBXFileReference; lastKnownFileType = sourcecode.swift; path = PlanListViewController.swift; sourceTree = "<group>"; };
		9B34209821F04C0300E1C895 /* CalendarViewController.swift */ = {isa = PBXFileReference; lastKnownFileType = sourcecode.swift; path = CalendarViewController.swift; sourceTree = "<group>"; };
		9B34209A21F04C0C00E1C895 /* AddPlanViewController.swift */ = {isa = PBXFileReference; lastKnownFileType = sourcecode.swift; path = AddPlanViewController.swift; sourceTree = "<group>"; };
		9B3420A021F0D64400E1C895 /* ModelPlan.swift */ = {isa = PBXFileReference; lastKnownFileType = sourcecode.swift; path = ModelPlan.swift; sourceTree = "<group>"; };
		9B3420A221F0D65900E1C895 /* ModelDiary.swift */ = {isa = PBXFileReference; lastKnownFileType = sourcecode.swift; path = ModelDiary.swift; sourceTree = "<group>"; };
		9B3420A421F0D66300E1C895 /* ModelProfile.swift */ = {isa = PBXFileReference; lastKnownFileType = sourcecode.swift; path = ModelProfile.swift; sourceTree = "<group>"; };
		AB23D17D503B4912C3D6B959 /* Pods_Project01ForZn.framework */ = {isa = PBXFileReference; explicitFileType = wrapper.framework; includeInIndex = 0; path = Pods_Project01ForZn.framework; sourceTree = BUILT_PRODUCTS_DIR; };
		D9FF51B68A6574E76DEAB2E2 /* Pods-Project01ForZn.debug.xcconfig */ = {isa = PBXFileReference; includeInIndex = 1; lastKnownFileType = text.xcconfig; name = "Pods-Project01ForZn.debug.xcconfig"; path = "../Pods/Target Support Files/Pods-Project01ForZn/Pods-Project01ForZn.debug.xcconfig"; sourceTree = "<group>"; };
/* End PBXFileReference section */

/* Begin PBXFrameworksBuildPhase section */
		9B26624621EA3F59007CF0B3 /* Frameworks */ = {
			isa = PBXFrameworksBuildPhase;
			buildActionMask = 2147483647;
			files = (
				8CDC91703D8B751E20F17771 /* Pods_Project01ForZn.framework in Frameworks */,
			);
			runOnlyForDeploymentPostprocessing = 0;
		};
		9B26625A21EA3F5A007CF0B3 /* Frameworks */ = {
			isa = PBXFrameworksBuildPhase;
			buildActionMask = 2147483647;
			files = (
			);
			runOnlyForDeploymentPostprocessing = 0;
		};
		9B26626521EA3F5A007CF0B3 /* Frameworks */ = {
			isa = PBXFrameworksBuildPhase;
			buildActionMask = 2147483647;
			files = (
			);
			runOnlyForDeploymentPostprocessing = 0;
		};
/* End PBXFrameworksBuildPhase section */

/* Begin PBXGroup section */
		469338219BE9BA0E84319025 /* Pods */ = {
			isa = PBXGroup;
			children = (
				D9FF51B68A6574E76DEAB2E2 /* Pods-Project01ForZn.debug.xcconfig */,
				651BD73526AB657FF5167ADC /* Pods-Project01ForZn.release.xcconfig */,
			);
			name = Pods;
			sourceTree = "<group>";
		};
		565D0595A22C993F7C69BFB8 /* Frameworks */ = {
			isa = PBXGroup;
			children = (
				AB23D17D503B4912C3D6B959 /* Pods_Project01ForZn.framework */,
			);
			name = Frameworks;
			sourceTree = "<group>";
		};
		9B11591721EC73A900DE39C9 /* Setting */ = {
			isa = PBXGroup;
			children = (
				9B11591821EC73CC00DE39C9 /* SettingViewController.swift */,
				9B11591A21EC76D800DE39C9 /* SettingTableCell.swift */,
				9B28619721ED75AB0059275F /* Setting+PickerViewDelegate.swift */,
			);
			path = Setting;
			sourceTree = "<group>";
		};
		9B26624021EA3F59007CF0B3 = {
			isa = PBXGroup;
			children = (
				9B26624B21EA3F59007CF0B3 /* Project01ForZn */,
				9B26626021EA3F5A007CF0B3 /* Project01ForZnTests */,
				9B26626B21EA3F5A007CF0B3 /* Project01ForZnUITests */,
				9B26624A21EA3F59007CF0B3 /* Products */,
				469338219BE9BA0E84319025 /* Pods */,
				565D0595A22C993F7C69BFB8 /* Frameworks */,
			);
			sourceTree = "<group>";
		};
		9B26624A21EA3F59007CF0B3 /* Products */ = {
			isa = PBXGroup;
			children = (
				9B26624921EA3F59007CF0B3 /* Project01ForZn.app */,
				9B26625D21EA3F5A007CF0B3 /* Project01ForZnTests.xctest */,
				9B26626821EA3F5A007CF0B3 /* Project01ForZnUITests.xctest */,
			);
			name = Products;
			sourceTree = "<group>";
		};
		9B26624B21EA3F59007CF0B3 /* Project01ForZn */ = {
			isa = PBXGroup;
			children = (
				9B2662D821EC3065007CF0B3 /* Libraries */,
				9B26627F21EA4011007CF0B3 /* Resource */,
				9B26627D21EA3FD3007CF0B3 /* Extensions */,
				9B26627B21EA3FCF007CF0B3 /* Models */,
				9B26627E21EA3FD6007CF0B3 /* Managers */,
				9B26627C21EA3FD1007CF0B3 /* Storyboards */,
				9B26627A21EA3FCC007CF0B3 /* ViewControllers */,
				9B2662DB21EC3496007CF0B3 /* Views */,
				9B26624C21EA3F59007CF0B3 /* AppDelegate.swift */,
			);
			path = Project01ForZn;
			sourceTree = "<group>";
		};
		9B26626021EA3F5A007CF0B3 /* Project01ForZnTests */ = {
			isa = PBXGroup;
			children = (
				9B26626121EA3F5A007CF0B3 /* Project01ForZnTests.swift */,
				9B26626321EA3F5A007CF0B3 /* Info.plist */,
			);
			path = Project01ForZnTests;
			sourceTree = "<group>";
		};
		9B26626B21EA3F5A007CF0B3 /* Project01ForZnUITests */ = {
			isa = PBXGroup;
			children = (
				9B26626C21EA3F5A007CF0B3 /* Project01ForZnUITests.swift */,
				9B26626E21EA3F5A007CF0B3 /* Info.plist */,
			);
			path = Project01ForZnUITests;
			sourceTree = "<group>";
		};
		9B26627A21EA3FCC007CF0B3 /* ViewControllers */ = {
			isa = PBXGroup;
			children = (
				9B2662AC21EA53E3007CF0B3 /* Main */,
				9B26628E21EA4FE6007CF0B3 /* Popup */,
				9B26628821EA4C26007CF0B3 /* BaseViewController.swift */,
			);
			path = ViewControllers;
			sourceTree = "<group>";
		};
		9B26627B21EA3FCF007CF0B3 /* Models */ = {
			isa = PBXGroup;
			children = (
				9B3420A021F0D64400E1C895 /* ModelPlan.swift */,
				9B3420A221F0D65900E1C895 /* ModelDiary.swift */,
				9B3420A421F0D66300E1C895 /* ModelProfile.swift */,
			);
			path = Models;
			sourceTree = "<group>";
		};
		9B26627C21EA3FD1007CF0B3 /* Storyboards */ = {
			isa = PBXGroup;
			children = (
				9B26625521EA3F5A007CF0B3 /* LaunchScreen.storyboard */,
				9B26628C21EA4C3C007CF0B3 /* Popup.storyboard */,
				9B2662B121EB2131007CF0B3 /* Main.storyboard */,
			);
			path = Storyboards;
			sourceTree = "<group>";
		};
		9B26627D21EA3FD3007CF0B3 /* Extensions */ = {
			isa = PBXGroup;
			children = (
				9B2662B821EB2411007CF0B3 /* AppDelegate+Popup.swift */,
				9B28619921EDB7BB0059275F /* Date+StartEndDay.swift */,
			);
			path = Extensions;
			sourceTree = "<group>";
		};
		9B26627E21EA3FD6007CF0B3 /* Managers */ = {
			isa = PBXGroup;
			children = (
				9B26628221EA418E007CF0B3 /* DBManager.swift */,
				9B2662B621EB2382007CF0B3 /* PopupManager.swift */,
				9B2662CC21EB874D007CF0B3 /* FontManager.swift */,
			);
			path = Managers;
			sourceTree = "<group>";
		};
		9B26627F21EA4011007CF0B3 /* Resource */ = {
			isa = PBXGroup;
			children = (
				9B26629921EA535C007CF0B3 /* Fonts */,
				9B2662A221EA535C007CF0B3 /* Images */,
				9B2662A921EA535C007CF0B3 /* Defines.h */,
				9B26629821EA535C007CF0B3 /* Project01ForZn-Bridging-Header.h */,
				9B26625321EA3F5A007CF0B3 /* Assets.xcassets */,
				9B26625821EA3F5A007CF0B3 /* Info.plist */,
				9B2662CE21EB8A6D007CF0B3 /* Defines.swift */,
			);
			path = Resource;
			sourceTree = "<group>";
		};
		9B26628E21EA4FE6007CF0B3 /* Popup */ = {
			isa = PBXGroup;
			children = (
				9B26628F21EA4FF3007CF0B3 /* PopupViewController.swift */,
				9B26629121EA50CC007CF0B3 /* IndicatorPopupViewController.swift */,
				9B26629321EA51FC007CF0B3 /* AlertPopupViewController.swift */,
				9B26629521EA522F007CF0B3 /* AlertPopup2ViewController.swift */,
			);
			path = Popup;
			sourceTree = "<group>";
		};
		9B26629921EA535C007CF0B3 /* Fonts */ = {
			isa = PBXGroup;
			children = (
				9B26629A21EA535C007CF0B3 /* NanumBarunpenB.ttf */,
				9B26629B21EA535C007CF0B3 /* NanumBarunpenR.ttf */,
				9B26629C21EA535C007CF0B3 /* NanumPen.ttf */,
				9B26629D21EA535C007CF0B3 /* NanumBarunGothicLight.ttf */,
				9B26629E21EA535C007CF0B3 /* NanumBrush.ttf */,
				9B26629F21EA535C007CF0B3 /* NanumBarunGothic.ttf */,
				9B2662A021EA535C007CF0B3 /* NanumBarunGothicUltraLight.ttf */,
				9B2662A121EA535C007CF0B3 /* NanumBarunGothicBold.ttf */,
			);
			path = Fonts;
			sourceTree = "<group>";
		};
		9B2662A221EA535C007CF0B3 /* Images */ = {
			isa = PBXGroup;
			children = (
				9B2662AD21EB1DDF007CF0B3 /* loading.png */,
				9B2662A321EA535C007CF0B3 /* back_white@3x.png */,
				9B2662A421EA535C007CF0B3 /* back_white@2x.png */,
				9B2662A521EA535C007CF0B3 /* gear@2x.png */,
				9B2662A621EA535C007CF0B3 /* back_black@3x.png */,
				9B2662A721EA535C007CF0B3 /* back_black@2x.png */,
				9B2662A821EA535C007CF0B3 /* gear@3x.png */,
			);
			path = Images;
			sourceTree = "<group>";
		};
		9B2662AC21EA53E3007CF0B3 /* Main */ = {
			isa = PBXGroup;
			children = (
				9B34209521F04ACD00E1C895 /* AddPlan */,
				9B34209421F04AC300E1C895 /* Calendar */,
				9B34209321F04ABB00E1C895 /* PlanList */,
				9B34208A21F02B7D00E1C895 /* Diary */,
				9B11591721EC73A900DE39C9 /* Setting */,
				9B2662E421EC4567007CF0B3 /* Profile */,
			);
			path = Main;
			sourceTree = "<group>";
		};
		9B2662D821EC3065007CF0B3 /* Libraries */ = {
			isa = PBXGroup;
			children = (
				9B2662D921EC3093007CF0B3 /* ZnTextView.swift */,
			);
			path = Libraries;
			sourceTree = "<group>";
		};
		9B2662DB21EC3496007CF0B3 /* Views */ = {
			isa = PBXGroup;
			children = (
				9B2662DC21EC34BE007CF0B3 /* DatePickerView.swift */,
				9B2662E021EC34DC007CF0B3 /* DatePickerView.xib */,
				9B2662DE21EC34D0007CF0B3 /* TimePickerView.swift */,
				9B2662E221EC34E9007CF0B3 /* TimePickerView.xib */,
				9B11591C21ECAFBF00DE39C9 /* PickerView.swift */,
				9B11591E21ECAFCB00DE39C9 /* PickerView.xib */,
			);
			path = Views;
			sourceTree = "<group>";
		};
		9B2662E421EC4567007CF0B3 /* Profile */ = {
			isa = PBXGroup;
			children = (
				9B2662AA21EA53DB007CF0B3 /* ProfileViewController.swift */,
				9B2662BD21EB2D97007CF0B3 /* ProfileTableCell.swift */,
				9B2662E521EC457B007CF0B3 /* Profile+TableViewDataSource.swift */,
				9B2662E721EC45BE007CF0B3 /* Profile+TableViewDelegate.swift */,
			);
			path = Profile;
			sourceTree = "<group>";
		};
		9B34208A21F02B7D00E1C895 /* Diary */ = {
			isa = PBXGroup;
			children = (
				9B34208B21F02B9300E1C895 /* DiaryViewController.swift */,
				9B34208D21F02ECF00E1C895 /* DiaryTableCell.swift */,
				9B34208F21F0402E00E1C895 /* Diary+TableViewDataSource.swift */,
				9B34209121F0403D00E1C895 /* Diary+TableViewDelegate.swift */,
			);
			path = Diary;
			sourceTree = "<group>";
		};
		9B34209321F04ABB00E1C895 /* PlanList */ = {
			isa = PBXGroup;
			children = (
				9B34209621F04BF900E1C895 /* PlanListViewController.swift */,
			);
			path = PlanList;
			sourceTree = "<group>";
		};
		9B34209421F04AC300E1C895 /* Calendar */ = {
			isa = PBXGroup;
			children = (
				9B34209821F04C0300E1C895 /* CalendarViewController.swift */,
			);
			path = Calendar;
			sourceTree = "<group>";
		};
		9B34209521F04ACD00E1C895 /* AddPlan */ = {
			isa = PBXGroup;
			children = (
				9B34209A21F04C0C00E1C895 /* AddPlanViewController.swift */,
			);
			path = AddPlan;
			sourceTree = "<group>";
		};
/* End PBXGroup section */

/* Begin PBXNativeTarget section */
		9B26624821EA3F59007CF0B3 /* Project01ForZn */ = {
			isa = PBXNativeTarget;
			buildConfigurationList = 9B26627121EA3F5A007CF0B3 /* Build configuration list for PBXNativeTarget "Project01ForZn" */;
			buildPhases = (
				01279BB7D900393B6EAC0F40 /* [CP] Check Pods Manifest.lock */,
				9B26624521EA3F59007CF0B3 /* Sources */,
				9B26624621EA3F59007CF0B3 /* Frameworks */,
				9CAE32B0621472C710039E5F /* [CP] Embed Pods Frameworks */,
				9B2662B221EB224A007CF0B3 /* Resources */,
			);
			buildRules = (
			);
			dependencies = (
			);
			name = Project01ForZn;
			productName = Project01ForZn;
			productReference = 9B26624921EA3F59007CF0B3 /* Project01ForZn.app */;
			productType = "com.apple.product-type.application";
		};
		9B26625C21EA3F5A007CF0B3 /* Project01ForZnTests */ = {
			isa = PBXNativeTarget;
			buildConfigurationList = 9B26627421EA3F5A007CF0B3 /* Build configuration list for PBXNativeTarget "Project01ForZnTests" */;
			buildPhases = (
				9B26625921EA3F5A007CF0B3 /* Sources */,
				9B26625A21EA3F5A007CF0B3 /* Frameworks */,
				9B26625B21EA3F5A007CF0B3 /* Resources */,
			);
			buildRules = (
			);
			dependencies = (
				9B26625F21EA3F5A007CF0B3 /* PBXTargetDependency */,
			);
			name = Project01ForZnTests;
			productName = Project01ForZnTests;
			productReference = 9B26625D21EA3F5A007CF0B3 /* Project01ForZnTests.xctest */;
			productType = "com.apple.product-type.bundle.unit-test";
		};
		9B26626721EA3F5A007CF0B3 /* Project01ForZnUITests */ = {
			isa = PBXNativeTarget;
			buildConfigurationList = 9B26627721EA3F5A007CF0B3 /* Build configuration list for PBXNativeTarget "Project01ForZnUITests" */;
			buildPhases = (
				9B26626421EA3F5A007CF0B3 /* Sources */,
				9B26626521EA3F5A007CF0B3 /* Frameworks */,
				9B26626621EA3F5A007CF0B3 /* Resources */,
			);
			buildRules = (
			);
			dependencies = (
				9B26626A21EA3F5A007CF0B3 /* PBXTargetDependency */,
			);
			name = Project01ForZnUITests;
			productName = Project01ForZnUITests;
			productReference = 9B26626821EA3F5A007CF0B3 /* Project01ForZnUITests.xctest */;
			productType = "com.apple.product-type.bundle.ui-testing";
		};
/* End PBXNativeTarget section */

/* Begin PBXProject section */
		9B26624121EA3F59007CF0B3 /* Project object */ = {
			isa = PBXProject;
			attributes = {
				LastSwiftUpdateCheck = 1010;
				LastUpgradeCheck = 1010;
				ORGANIZATIONNAME = Znfod;
				TargetAttributes = {
					9B26624821EA3F59007CF0B3 = {
						CreatedOnToolsVersion = 10.1;
					};
					9B26625C21EA3F5A007CF0B3 = {
						CreatedOnToolsVersion = 10.1;
						TestTargetID = 9B26624821EA3F59007CF0B3;
					};
					9B26626721EA3F5A007CF0B3 = {
						CreatedOnToolsVersion = 10.1;
						TestTargetID = 9B26624821EA3F59007CF0B3;
					};
				};
			};
			buildConfigurationList = 9B26624421EA3F59007CF0B3 /* Build configuration list for PBXProject "Project01ForZn" */;
			compatibilityVersion = "Xcode 9.3";
			developmentRegion = en;
			hasScannedForEncodings = 0;
			knownRegions = (
				en,
				Base,
			);
			mainGroup = 9B26624021EA3F59007CF0B3;
			productRefGroup = 9B26624A21EA3F59007CF0B3 /* Products */;
			projectDirPath = "";
			projectRoot = "";
			targets = (
				9B26624821EA3F59007CF0B3 /* Project01ForZn */,
				9B26625C21EA3F5A007CF0B3 /* Project01ForZnTests */,
				9B26626721EA3F5A007CF0B3 /* Project01ForZnUITests */,
			);
		};
/* End PBXProject section */

/* Begin PBXResourcesBuildPhase section */
		9B26625B21EA3F5A007CF0B3 /* Resources */ = {
			isa = PBXResourcesBuildPhase;
			buildActionMask = 2147483647;
			files = (
			);
			runOnlyForDeploymentPostprocessing = 0;
		};
		9B26626621EA3F5A007CF0B3 /* Resources */ = {
			isa = PBXResourcesBuildPhase;
			buildActionMask = 2147483647;
			files = (
			);
			runOnlyForDeploymentPostprocessing = 0;
		};
		9B2662B221EB224A007CF0B3 /* Resources */ = {
			isa = PBXResourcesBuildPhase;
			buildActionMask = 2147483647;
			files = (
				9B2662C521EB2F16007CF0B3 /* loading.png in Resources */,
				9B2662C821EB2F16007CF0B3 /* gear@2x.png in Resources */,
				9B2662B521EB2263007CF0B3 /* Assets.xcassets in Resources */,
				9B2662E321EC34E9007CF0B3 /* TimePickerView.xib in Resources */,
				9B2662D621EB9FE5007CF0B3 /* NanumBarunGothicUltraLight.ttf in Resources */,
				9B2662B321EB2254007CF0B3 /* Popup.storyboard in Resources */,
				9B2662D321EB9FE5007CF0B3 /* NanumBarunGothicLight.ttf in Resources */,
				9B2662D521EB9FE5007CF0B3 /* NanumBarunGothic.ttf in Resources */,
				9B2662C921EB2F16007CF0B3 /* back_black@3x.png in Resources */,
				9B2662CA21EB2F16007CF0B3 /* back_black@2x.png in Resources */,
				9B2662D421EB9FE5007CF0B3 /* NanumBrush.ttf in Resources */,
				9B2662D021EB9FE5007CF0B3 /* NanumBarunpenB.ttf in Resources */,
				9B2662CB21EB2F16007CF0B3 /* gear@3x.png in Resources */,
				9B2662D721EB9FE5007CF0B3 /* NanumBarunGothicBold.ttf in Resources */,
				9B2662C721EB2F16007CF0B3 /* back_white@2x.png in Resources */,
				9B2662E121EC34DC007CF0B3 /* DatePickerView.xib in Resources */,
				9B2662B421EB2254007CF0B3 /* Main.storyboard in Resources */,
				9B11591F21ECAFCB00DE39C9 /* PickerView.xib in Resources */,
				9B2662D121EB9FE5007CF0B3 /* NanumBarunpenR.ttf in Resources */,
				9B2662D221EB9FE5007CF0B3 /* NanumPen.ttf in Resources */,
				9B2662C621EB2F16007CF0B3 /* back_white@3x.png in Resources */,
			);
			runOnlyForDeploymentPostprocessing = 0;
		};
/* End PBXResourcesBuildPhase section */

/* Begin PBXShellScriptBuildPhase section */
		01279BB7D900393B6EAC0F40 /* [CP] Check Pods Manifest.lock */ = {
			isa = PBXShellScriptBuildPhase;
			buildActionMask = 2147483647;
			files = (
			);
			inputFileListPaths = (
			);
			inputPaths = (
				"${PODS_PODFILE_DIR_PATH}/Podfile.lock",
				"${PODS_ROOT}/Manifest.lock",
			);
			name = "[CP] Check Pods Manifest.lock";
			outputFileListPaths = (
			);
			outputPaths = (
				"$(DERIVED_FILE_DIR)/Pods-Project01ForZn-checkManifestLockResult.txt",
			);
			runOnlyForDeploymentPostprocessing = 0;
			shellPath = /bin/sh;
			shellScript = "diff \"${PODS_PODFILE_DIR_PATH}/Podfile.lock\" \"${PODS_ROOT}/Manifest.lock\" > /dev/null\nif [ $? != 0 ] ; then\n    # print error to STDERR\n    echo \"error: The sandbox is not in sync with the Podfile.lock. Run 'pod install' or update your CocoaPods installation.\" >&2\n    exit 1\nfi\n# This output is used by Xcode 'outputs' to avoid re-running this script phase.\necho \"SUCCESS\" > \"${SCRIPT_OUTPUT_FILE_0}\"\n";
			showEnvVarsInLog = 0;
		};
		9CAE32B0621472C710039E5F /* [CP] Embed Pods Frameworks */ = {
			isa = PBXShellScriptBuildPhase;
			buildActionMask = 2147483647;
			files = (
			);
			inputFileListPaths = (
			);
			inputPaths = (
				"${SRCROOT}/../Pods/Target Support Files/Pods-Project01ForZn/Pods-Project01ForZn-frameworks.sh",
				"${BUILT_PRODUCTS_DIR}/FSCalendar/FSCalendar.framework",
				"${BUILT_PRODUCTS_DIR}/Realm/Realm.framework",
				"${BUILT_PRODUCTS_DIR}/RealmSwift/RealmSwift.framework",
			);
			name = "[CP] Embed Pods Frameworks";
			outputFileListPaths = (
			);
			outputPaths = (
				"${TARGET_BUILD_DIR}/${FRAMEWORKS_FOLDER_PATH}/FSCalendar.framework",
				"${TARGET_BUILD_DIR}/${FRAMEWORKS_FOLDER_PATH}/Realm.framework",
				"${TARGET_BUILD_DIR}/${FRAMEWORKS_FOLDER_PATH}/RealmSwift.framework",
			);
			runOnlyForDeploymentPostprocessing = 0;
			shellPath = /bin/sh;
			shellScript = "\"${SRCROOT}/../Pods/Target Support Files/Pods-Project01ForZn/Pods-Project01ForZn-frameworks.sh\"\n";
			showEnvVarsInLog = 0;
		};
/* End PBXShellScriptBuildPhase section */

/* Begin PBXSourcesBuildPhase section */
		9B26624521EA3F59007CF0B3 /* Sources */ = {
			isa = PBXSourcesBuildPhase;
			buildActionMask = 2147483647;
			files = (
				9B3420A521F0D66300E1C895 /* ModelProfile.swift in Sources */,
				9B2662BE21EB2D97007CF0B3 /* ProfileTableCell.swift in Sources */,
				9B26629221EA50CC007CF0B3 /* IndicatorPopupViewController.swift in Sources */,
				9B34208E21F02ED000E1C895 /* DiaryTableCell.swift in Sources */,
				9B26624D21EA3F59007CF0B3 /* AppDelegate.swift in Sources */,
				9B2662B721EB2382007CF0B3 /* PopupManager.swift in Sources */,
				9B34208C21F02B9300E1C895 /* DiaryViewController.swift in Sources */,
				9B2662B921EB2411007CF0B3 /* AppDelegate+Popup.swift in Sources */,
				9B2662DA21EC3093007CF0B3 /* ZnTextView.swift in Sources */,
				9B28619A21EDB7BB0059275F /* Date+StartEndDay.swift in Sources */,
				9B2662E621EC457B007CF0B3 /* Profile+TableViewDataSource.swift in Sources */,
				9B2662DD21EC34BE007CF0B3 /* DatePickerView.swift in Sources */,
				9B2662E821EC45BE007CF0B3 /* Profile+TableViewDelegate.swift in Sources */,
				9B2662DF21EC34D0007CF0B3 /* TimePickerView.swift in Sources */,
				9B26629421EA51FC007CF0B3 /* AlertPopupViewController.swift in Sources */,
				9B34209021F0402E00E1C895 /* Diary+TableViewDataSource.swift in Sources */,
				9B26628321EA418E007CF0B3 /* DBManager.swift in Sources */,
				9B28619821ED75AB0059275F /* Setting+PickerViewDelegate.swift in Sources */,
				9B26628921EA4C26007CF0B3 /* BaseViewController.swift in Sources */,
				9B26629621EA522F007CF0B3 /* AlertPopup2ViewController.swift in Sources */,
				9B2662CF21EB8A6D007CF0B3 /* Defines.swift in Sources */,
				9B11591D21ECAFBF00DE39C9 /* PickerView.swift in Sources */,
				9B3420A321F0D65900E1C895 /* ModelDiary.swift in Sources */,
				9B34209721F04BF900E1C895 /* PlanListViewController.swift in Sources */,
				9B11591B21EC76D800DE39C9 /* SettingTableCell.swift in Sources */,
				9B34209B21F04C0C00E1C895 /* AddPlanViewController.swift in Sources */,
				9B34209921F04C0300E1C895 /* CalendarViewController.swift in Sources */,
				9B2662AB21EA53DB007CF0B3 /* ProfileViewController.swift in Sources */,
				9B34209221F0403D00E1C895 /* Diary+TableViewDelegate.swift in Sources */,
				9B3420A121F0D64400E1C895 /* ModelPlan.swift in Sources */,
				9B11591921EC73CC00DE39C9 /* SettingViewController.swift in Sources */,
				9B2662CD21EB874D007CF0B3 /* FontManager.swift in Sources */,
				9B26629021EA4FF3007CF0B3 /* PopupViewController.swift in Sources */,
			);
			runOnlyForDeploymentPostprocessing = 0;
		};
		9B26625921EA3F5A007CF0B3 /* Sources */ = {
			isa = PBXSourcesBuildPhase;
			buildActionMask = 2147483647;
			files = (
				9B26626221EA3F5A007CF0B3 /* Project01ForZnTests.swift in Sources */,
			);
			runOnlyForDeploymentPostprocessing = 0;
		};
		9B26626421EA3F5A007CF0B3 /* Sources */ = {
			isa = PBXSourcesBuildPhase;
			buildActionMask = 2147483647;
			files = (
				9B26626D21EA3F5A007CF0B3 /* Project01ForZnUITests.swift in Sources */,
			);
			runOnlyForDeploymentPostprocessing = 0;
		};
/* End PBXSourcesBuildPhase section */

/* Begin PBXTargetDependency section */
		9B26625F21EA3F5A007CF0B3 /* PBXTargetDependency */ = {
			isa = PBXTargetDependency;
			target = 9B26624821EA3F59007CF0B3 /* Project01ForZn */;
			targetProxy = 9B26625E21EA3F5A007CF0B3 /* PBXContainerItemProxy */;
		};
		9B26626A21EA3F5A007CF0B3 /* PBXTargetDependency */ = {
			isa = PBXTargetDependency;
			target = 9B26624821EA3F59007CF0B3 /* Project01ForZn */;
			targetProxy = 9B26626921EA3F5A007CF0B3 /* PBXContainerItemProxy */;
		};
/* End PBXTargetDependency section */

/* Begin PBXVariantGroup section */
		9B26625521EA3F5A007CF0B3 /* LaunchScreen.storyboard */ = {
			isa = PBXVariantGroup;
			children = (
				9B26625621EA3F5A007CF0B3 /* Base */,
			);
			name = LaunchScreen.storyboard;
			sourceTree = "<group>";
		};
		9B2662B121EB2131007CF0B3 /* Main.storyboard */ = {
			isa = PBXVariantGroup;
			children = (
				9B2662B021EB2131007CF0B3 /* Base */,
			);
			name = Main.storyboard;
			path = /Users/Znfod/Documents/Xcode/SwiftStudy19/Project01/Project01ForZn/Project01ForZn/Storyboards;
			sourceTree = "<absolute>";
		};
/* End PBXVariantGroup section */

/* Begin XCBuildConfiguration section */
		9B26626F21EA3F5A007CF0B3 /* Debug */ = {
			isa = XCBuildConfiguration;
			buildSettings = {
				ALWAYS_SEARCH_USER_PATHS = NO;
				CLANG_ANALYZER_NONNULL = YES;
				CLANG_ANALYZER_NUMBER_OBJECT_CONVERSION = YES_AGGRESSIVE;
				CLANG_CXX_LANGUAGE_STANDARD = "gnu++14";
				CLANG_CXX_LIBRARY = "libc++";
				CLANG_ENABLE_MODULES = YES;
				CLANG_ENABLE_OBJC_ARC = YES;
				CLANG_ENABLE_OBJC_WEAK = YES;
				CLANG_WARN_BLOCK_CAPTURE_AUTORELEASING = YES;
				CLANG_WARN_BOOL_CONVERSION = YES;
				CLANG_WARN_COMMA = YES;
				CLANG_WARN_CONSTANT_CONVERSION = YES;
				CLANG_WARN_DEPRECATED_OBJC_IMPLEMENTATIONS = YES;
				CLANG_WARN_DIRECT_OBJC_ISA_USAGE = YES_ERROR;
				CLANG_WARN_DOCUMENTATION_COMMENTS = YES;
				CLANG_WARN_EMPTY_BODY = YES;
				CLANG_WARN_ENUM_CONVERSION = YES;
				CLANG_WARN_INFINITE_RECURSION = YES;
				CLANG_WARN_INT_CONVERSION = YES;
				CLANG_WARN_NON_LITERAL_NULL_CONVERSION = YES;
				CLANG_WARN_OBJC_IMPLICIT_RETAIN_SELF = YES;
				CLANG_WARN_OBJC_LITERAL_CONVERSION = YES;
				CLANG_WARN_OBJC_ROOT_CLASS = YES_ERROR;
				CLANG_WARN_RANGE_LOOP_ANALYSIS = YES;
				CLANG_WARN_STRICT_PROTOTYPES = YES;
				CLANG_WARN_SUSPICIOUS_MOVE = YES;
				CLANG_WARN_UNGUARDED_AVAILABILITY = YES_AGGRESSIVE;
				CLANG_WARN_UNREACHABLE_CODE = YES;
				CLANG_WARN__DUPLICATE_METHOD_MATCH = YES;
				CODE_SIGN_IDENTITY = "iPhone Developer";
				COPY_PHASE_STRIP = NO;
				DEBUG_INFORMATION_FORMAT = dwarf;
				ENABLE_STRICT_OBJC_MSGSEND = YES;
				ENABLE_TESTABILITY = YES;
				GCC_C_LANGUAGE_STANDARD = gnu11;
				GCC_DYNAMIC_NO_PIC = NO;
				GCC_NO_COMMON_BLOCKS = YES;
				GCC_OPTIMIZATION_LEVEL = 0;
				GCC_PREPROCESSOR_DEFINITIONS = (
					"DEBUG=1",
					"$(inherited)",
				);
				GCC_WARN_64_TO_32_BIT_CONVERSION = YES;
				GCC_WARN_ABOUT_RETURN_TYPE = YES_ERROR;
				GCC_WARN_UNDECLARED_SELECTOR = YES;
				GCC_WARN_UNINITIALIZED_AUTOS = YES_AGGRESSIVE;
				GCC_WARN_UNUSED_FUNCTION = YES;
				GCC_WARN_UNUSED_VARIABLE = YES;
				IPHONEOS_DEPLOYMENT_TARGET = 12.1;
				MTL_ENABLE_DEBUG_INFO = INCLUDE_SOURCE;
				MTL_FAST_MATH = YES;
				ONLY_ACTIVE_ARCH = YES;
				SDKROOT = iphoneos;
				SWIFT_ACTIVE_COMPILATION_CONDITIONS = DEBUG;
				SWIFT_OPTIMIZATION_LEVEL = "-Onone";
			};
			name = Debug;
		};
		9B26627021EA3F5A007CF0B3 /* Release */ = {
			isa = XCBuildConfiguration;
			buildSettings = {
				ALWAYS_SEARCH_USER_PATHS = NO;
				CLANG_ANALYZER_NONNULL = YES;
				CLANG_ANALYZER_NUMBER_OBJECT_CONVERSION = YES_AGGRESSIVE;
				CLANG_CXX_LANGUAGE_STANDARD = "gnu++14";
				CLANG_CXX_LIBRARY = "libc++";
				CLANG_ENABLE_MODULES = YES;
				CLANG_ENABLE_OBJC_ARC = YES;
				CLANG_ENABLE_OBJC_WEAK = YES;
				CLANG_WARN_BLOCK_CAPTURE_AUTORELEASING = YES;
				CLANG_WARN_BOOL_CONVERSION = YES;
				CLANG_WARN_COMMA = YES;
				CLANG_WARN_CONSTANT_CONVERSION = YES;
				CLANG_WARN_DEPRECATED_OBJC_IMPLEMENTATIONS = YES;
				CLANG_WARN_DIRECT_OBJC_ISA_USAGE = YES_ERROR;
				CLANG_WARN_DOCUMENTATION_COMMENTS = YES;
				CLANG_WARN_EMPTY_BODY = YES;
				CLANG_WARN_ENUM_CONVERSION = YES;
				CLANG_WARN_INFINITE_RECURSION = YES;
				CLANG_WARN_INT_CONVERSION = YES;
				CLANG_WARN_NON_LITERAL_NULL_CONVERSION = YES;
				CLANG_WARN_OBJC_IMPLICIT_RETAIN_SELF = YES;
				CLANG_WARN_OBJC_LITERAL_CONVERSION = YES;
				CLANG_WARN_OBJC_ROOT_CLASS = YES_ERROR;
				CLANG_WARN_RANGE_LOOP_ANALYSIS = YES;
				CLANG_WARN_STRICT_PROTOTYPES = YES;
				CLANG_WARN_SUSPICIOUS_MOVE = YES;
				CLANG_WARN_UNGUARDED_AVAILABILITY = YES_AGGRESSIVE;
				CLANG_WARN_UNREACHABLE_CODE = YES;
				CLANG_WARN__DUPLICATE_METHOD_MATCH = YES;
				CODE_SIGN_IDENTITY = "iPhone Developer";
				COPY_PHASE_STRIP = NO;
				DEBUG_INFORMATION_FORMAT = "dwarf-with-dsym";
				ENABLE_NS_ASSERTIONS = NO;
				ENABLE_STRICT_OBJC_MSGSEND = YES;
				GCC_C_LANGUAGE_STANDARD = gnu11;
				GCC_NO_COMMON_BLOCKS = YES;
				GCC_WARN_64_TO_32_BIT_CONVERSION = YES;
				GCC_WARN_ABOUT_RETURN_TYPE = YES_ERROR;
				GCC_WARN_UNDECLARED_SELECTOR = YES;
				GCC_WARN_UNINITIALIZED_AUTOS = YES_AGGRESSIVE;
				GCC_WARN_UNUSED_FUNCTION = YES;
				GCC_WARN_UNUSED_VARIABLE = YES;
				IPHONEOS_DEPLOYMENT_TARGET = 12.1;
				MTL_ENABLE_DEBUG_INFO = NO;
				MTL_FAST_MATH = YES;
				SDKROOT = iphoneos;
				SWIFT_COMPILATION_MODE = wholemodule;
				SWIFT_OPTIMIZATION_LEVEL = "-O";
				VALIDATE_PRODUCT = YES;
			};
			name = Release;
		};
		9B26627221EA3F5A007CF0B3 /* Debug */ = {
			isa = XCBuildConfiguration;
			baseConfigurationReference = D9FF51B68A6574E76DEAB2E2 /* Pods-Project01ForZn.debug.xcconfig */;
			buildSettings = {
				ASSETCATALOG_COMPILER_APPICON_NAME = AppIcon;
				CODE_SIGN_STYLE = Automatic;
				DEVELOPMENT_TEAM = BAEBSW672H;
				INFOPLIST_FILE = "$(SRCROOT)/Project01ForZn/Resource/Info.plist";
				IPHONEOS_DEPLOYMENT_TARGET = 11.0;
				LD_RUNPATH_SEARCH_PATHS = (
					"$(inherited)",
					"@executable_path/Frameworks",
				);
				PRODUCT_BUNDLE_IDENTIFIER = com.Znfod.Project01ForZn;
				PRODUCT_NAME = "$(TARGET_NAME)";
				SWIFT_VERSION = 4.2;
				TARGETED_DEVICE_FAMILY = "1,2";
			};
			name = Debug;
		};
		9B26627321EA3F5A007CF0B3 /* Release */ = {
			isa = XCBuildConfiguration;
			baseConfigurationReference = 651BD73526AB657FF5167ADC /* Pods-Project01ForZn.release.xcconfig */;
			buildSettings = {
				ASSETCATALOG_COMPILER_APPICON_NAME = AppIcon;
				CODE_SIGN_STYLE = Automatic;
				DEVELOPMENT_TEAM = BAEBSW672H;
				INFOPLIST_FILE = "$(SRCROOT)/Project01ForZn/Resource/Info.plist";
				IPHONEOS_DEPLOYMENT_TARGET = 11.0;
				LD_RUNPATH_SEARCH_PATHS = (
					"$(inherited)",
					"@executable_path/Frameworks",
				);
				PRODUCT_BUNDLE_IDENTIFIER = com.Znfod.Project01ForZn;
				PRODUCT_NAME = "$(TARGET_NAME)";
				SWIFT_VERSION = 4.2;
				TARGETED_DEVICE_FAMILY = "1,2";
			};
			name = Release;
		};
		9B26627521EA3F5A007CF0B3 /* Debug */ = {
			isa = XCBuildConfiguration;
			buildSettings = {
				ALWAYS_EMBED_SWIFT_STANDARD_LIBRARIES = YES;
				BUNDLE_LOADER = "$(TEST_HOST)";
				CODE_SIGN_STYLE = Automatic;
				DEVELOPMENT_TEAM = BAEBSW672H;
				INFOPLIST_FILE = Project01ForZnTests/Info.plist;
				LD_RUNPATH_SEARCH_PATHS = (
					"$(inherited)",
					"@executable_path/Frameworks",
					"@loader_path/Frameworks",
				);
				PRODUCT_BUNDLE_IDENTIFIER = com.Znfod.Project01ForZnTests;
				PRODUCT_NAME = "$(TARGET_NAME)";
				SWIFT_VERSION = 4.2;
				TARGETED_DEVICE_FAMILY = "1,2";
				TEST_HOST = "$(BUILT_PRODUCTS_DIR)/Project01ForZn.app/Project01ForZn";
			};
			name = Debug;
		};
		9B26627621EA3F5A007CF0B3 /* Release */ = {
			isa = XCBuildConfiguration;
			buildSettings = {
				ALWAYS_EMBED_SWIFT_STANDARD_LIBRARIES = YES;
				BUNDLE_LOADER = "$(TEST_HOST)";
				CODE_SIGN_STYLE = Automatic;
				DEVELOPMENT_TEAM = BAEBSW672H;
				INFOPLIST_FILE = Project01ForZnTests/Info.plist;
				LD_RUNPATH_SEARCH_PATHS = (
					"$(inherited)",
					"@executable_path/Frameworks",
					"@loader_path/Frameworks",
				);
				PRODUCT_BUNDLE_IDENTIFIER = com.Znfod.Project01ForZnTests;
				PRODUCT_NAME = "$(TARGET_NAME)";
				SWIFT_VERSION = 4.2;
				TARGETED_DEVICE_FAMILY = "1,2";
				TEST_HOST = "$(BUILT_PRODUCTS_DIR)/Project01ForZn.app/Project01ForZn";
			};
			name = Release;
		};
		9B26627821EA3F5A007CF0B3 /* Debug */ = {
			isa = XCBuildConfiguration;
			buildSettings = {
				ALWAYS_EMBED_SWIFT_STANDARD_LIBRARIES = YES;
				CODE_SIGN_STYLE = Automatic;
				DEVELOPMENT_TEAM = BAEBSW672H;
				INFOPLIST_FILE = Project01ForZnUITests/Info.plist;
				LD_RUNPATH_SEARCH_PATHS = (
					"$(inherited)",
					"@executable_path/Frameworks",
					"@loader_path/Frameworks",
				);
				PRODUCT_BUNDLE_IDENTIFIER = com.Znfod.Project01ForZnUITests;
				PRODUCT_NAME = "$(TARGET_NAME)";
				SWIFT_VERSION = 4.2;
				TARGETED_DEVICE_FAMILY = "1,2";
				TEST_TARGET_NAME = Project01ForZn;
			};
			name = Debug;
		};
		9B26627921EA3F5A007CF0B3 /* Release */ = {
			isa = XCBuildConfiguration;
			buildSettings = {
				ALWAYS_EMBED_SWIFT_STANDARD_LIBRARIES = YES;
				CODE_SIGN_STYLE = Automatic;
				DEVELOPMENT_TEAM = BAEBSW672H;
				INFOPLIST_FILE = Project01ForZnUITests/Info.plist;
				LD_RUNPATH_SEARCH_PATHS = (
					"$(inherited)",
					"@executable_path/Frameworks",
					"@loader_path/Frameworks",
				);
				PRODUCT_BUNDLE_IDENTIFIER = com.Znfod.Project01ForZnUITests;
				PRODUCT_NAME = "$(TARGET_NAME)";
				SWIFT_VERSION = 4.2;
				TARGETED_DEVICE_FAMILY = "1,2";
				TEST_TARGET_NAME = Project01ForZn;
			};
			name = Release;
		};
/* End XCBuildConfiguration section */

/* Begin XCConfigurationList section */
		9B26624421EA3F59007CF0B3 /* Build configuration list for PBXProject "Project01ForZn" */ = {
			isa = XCConfigurationList;
			buildConfigurations = (
				9B26626F21EA3F5A007CF0B3 /* Debug */,
				9B26627021EA3F5A007CF0B3 /* Release */,
			);
			defaultConfigurationIsVisible = 0;
			defaultConfigurationName = Release;
		};
		9B26627121EA3F5A007CF0B3 /* Build configuration list for PBXNativeTarget "Project01ForZn" */ = {
			isa = XCConfigurationList;
			buildConfigurations = (
				9B26627221EA3F5A007CF0B3 /* Debug */,
				9B26627321EA3F5A007CF0B3 /* Release */,
			);
			defaultConfigurationIsVisible = 0;
			defaultConfigurationName = Release;
		};
		9B26627421EA3F5A007CF0B3 /* Build configuration list for PBXNativeTarget "Project01ForZnTests" */ = {
			isa = XCConfigurationList;
			buildConfigurations = (
				9B26627521EA3F5A007CF0B3 /* Debug */,
				9B26627621EA3F5A007CF0B3 /* Release */,
			);
			defaultConfigurationIsVisible = 0;
			defaultConfigurationName = Release;
		};
		9B26627721EA3F5A007CF0B3 /* Build configuration list for PBXNativeTarget "Project01ForZnUITests" */ = {
			isa = XCConfigurationList;
			buildConfigurations = (
				9B26627821EA3F5A007CF0B3 /* Debug */,
				9B26627921EA3F5A007CF0B3 /* Release */,
			);
			defaultConfigurationIsVisible = 0;
			defaultConfigurationName = Release;
		};
/* End XCConfigurationList section */
	};
	rootObject = 9B26624121EA3F59007CF0B3 /* Project object */;
}
