PODS:
  - Alamofire (4.8.1)
  - FSCalendar (2.8.0)
  - Realm (3.13.1):
    - Realm/Headers (= 3.13.1)
  - Realm/Headers (3.13.1)
  - RealmSwift (3.13.1):
    - Realm (= 3.13.1)
  - SideMenuSwift (1.0.0)

DEPENDENCIES:
  - Alamofire (~> 4.7)
  - FSCalendar
  - RealmSwift
  - SideMenuSwift

SPEC REPOS:
  https://github.com/cocoapods/specs.git:
    - Alamofire
    - FSCalendar
    - Realm
    - RealmSwift
    - SideMenuSwift

SPEC CHECKSUMS:
  Alamofire: 16ce2c353fb72865124ddae8a57c5942388f4f11
  FSCalendar: 3a5ed3636e2ba1b83ebebfcf0c2603105a6f5efe
  Realm: 50071da38fe079e0735e47c9f2eae738c68c5996
  RealmSwift: 8a1e6a02b7a08cd17a31e3115143fb69fe5f3fb9
  SideMenuSwift: f8567754feb36ade13ffd613f608829f4b86d4b3

PODFILE CHECKSUM: 3f786ad7ca36e3759ccb72cb57e0f53c938369fe

COCOAPODS: 1.5.3
