// !$*UTF8*$!
{
	archiveVersion = 1;
	classes = {
	};
	objectVersion = 50;
	objects = {

/* Begin PBXBuildFile section */
		1A5BA784F0D01CFB09E1FD4A /* Pods_Diary.framework in Frameworks */ = {isa = PBXBuildFile; fileRef = 96C42D68532B263F3D57372B /* Pods_Diary.framework */; };
		604510D421DD0B97004FA3DB /* Planner.storyboard in Resources */ = {isa = PBXBuildFile; fileRef = 604510D321DD0B97004FA3DB /* Planner.storyboard */; };
		604510D621DD0BA6004FA3DB /* PlannerViewController.swift in Sources */ = {isa = PBXBuildFile; fileRef = 604510D521DD0BA6004FA3DB /* PlannerViewController.swift */; };
		6045113E21DDD009004FA3DB /* Calendar.storyboard in Resources */ = {isa = PBXBuildFile; fileRef = 6045113D21DDD009004FA3DB /* Calendar.storyboard */; };
		6045114021DDD022004FA3DB /* CalendarViewController.swift in Sources */ = {isa = PBXBuildFile; fileRef = 6045113F21DDD022004FA3DB /* CalendarViewController.swift */; };
		6045114421DDFF0E004FA3DB /* Page.storyboard in Resources */ = {isa = PBXBuildFile; fileRef = 6045114321DDFF0E004FA3DB /* Page.storyboard */; };
		6045114621DDFF4D004FA3DB /* PageViewController.swift in Sources */ = {isa = PBXBuildFile; fileRef = 6045114521DDFF4D004FA3DB /* PageViewController.swift */; };
		6045114821DE2256004FA3DB /* TodoCell.swift in Sources */ = {isa = PBXBuildFile; fileRef = 6045114721DE2256004FA3DB /* TodoCell.swift */; };
		604E439421E8A543001BBF39 /* Plan.swift in Sources */ = {isa = PBXBuildFile; fileRef = 604E439321E8A543001BBF39 /* Plan.swift */; };
		604E439621E8A54B001BBF39 /* DBPlan.swift in Sources */ = {isa = PBXBuildFile; fileRef = 604E439521E8A54B001BBF39 /* DBPlan.swift */; };
		604E439821E8D0C2001BBF39 /* PlanCell.swift in Sources */ = {isa = PBXBuildFile; fileRef = 604E439721E8D0C2001BBF39 /* PlanCell.swift */; };
		604E439D21E8D8E5001BBF39 /* diaryIcon.png in Resources */ = {isa = PBXBuildFile; fileRef = 604E439C21E8D8E5001BBF39 /* diaryIcon.png */; };
		604E43A421E8E29F001BBF39 /* diaryIcon1.png in Resources */ = {isa = PBXBuildFile; fileRef = 604E43A321E8E29F001BBF39 /* diaryIcon1.png */; };
		608ED41C21E70AB600BF2415 /* AddPlanViewController.swift in Sources */ = {isa = PBXBuildFile; fileRef = 608ED41B21E70AB600BF2415 /* AddPlanViewController.swift */; };
		608ED41E21E71B2C00BF2415 /* DatePickViewController.swift in Sources */ = {isa = PBXBuildFile; fileRef = 608ED41D21E71B2C00BF2415 /* DatePickViewController.swift */; };
		608ED42021E73EC300BF2415 /* Utils.swift in Sources */ = {isa = PBXBuildFile; fileRef = 608ED41F21E73EC300BF2415 /* Utils.swift */; };
		608ED45F21E826A700BF2415 /* DBManager.swift in Sources */ = {isa = PBXBuildFile; fileRef = 608ED45E21E826A700BF2415 /* DBManager.swift */; };
		608ED46121E8279500BF2415 /* DBUser.swift in Sources */ = {isa = PBXBuildFile; fileRef = 608ED46021E8279500BF2415 /* DBUser.swift */; };
		609B637021F031060097CEFE /* Todo.swift in Sources */ = {isa = PBXBuildFile; fileRef = 609B636F21F031060097CEFE /* Todo.swift */; };
		609B637221F0313A0097CEFE /* DBTodo.swift in Sources */ = {isa = PBXBuildFile; fileRef = 609B637121F0313A0097CEFE /* DBTodo.swift */; };
		60BE0A1D21DC4B7E00D46E14 /* AppDelegate.swift in Sources */ = {isa = PBXBuildFile; fileRef = 60BE0A1C21DC4B7E00D46E14 /* AppDelegate.swift */; };
		60BE0A1F21DC4B7E00D46E14 /* ProfileViewController.swift in Sources */ = {isa = PBXBuildFile; fileRef = 60BE0A1E21DC4B7E00D46E14 /* ProfileViewController.swift */; };
		60BE0A2221DC4B7E00D46E14 /* Profile.storyboard in Resources */ = {isa = PBXBuildFile; fileRef = 60BE0A2021DC4B7E00D46E14 /* Profile.storyboard */; };
		60BE0A2421DC4B7F00D46E14 /* Assets.xcassets in Resources */ = {isa = PBXBuildFile; fileRef = 60BE0A2321DC4B7F00D46E14 /* Assets.xcassets */; };
		60BE0A2721DC4B7F00D46E14 /* LaunchScreen.storyboard in Resources */ = {isa = PBXBuildFile; fileRef = 60BE0A2521DC4B7F00D46E14 /* LaunchScreen.storyboard */; };
		60BE0A3421DC4CE000D46E14 /* ProfileCell.swift in Sources */ = {isa = PBXBuildFile; fileRef = 60BE0A3321DC4CE000D46E14 /* ProfileCell.swift */; };
		60BE0A3721DC528B00D46E14 /* User.swift in Sources */ = {isa = PBXBuildFile; fileRef = 60BE0A3621DC528B00D46E14 /* User.swift */; };
/* End PBXBuildFile section */

/* Begin PBXFileReference section */
		604510D321DD0B97004FA3DB /* Planner.storyboard */ = {isa = PBXFileReference; lastKnownFileType = file.storyboard; path = Planner.storyboard; sourceTree = "<group>"; };
		604510D521DD0BA6004FA3DB /* PlannerViewController.swift */ = {isa = PBXFileReference; lastKnownFileType = sourcecode.swift; path = PlannerViewController.swift; sourceTree = "<group>"; };
		6045113D21DDD009004FA3DB /* Calendar.storyboard */ = {isa = PBXFileReference; lastKnownFileType = file.storyboard; path = Calendar.storyboard; sourceTree = "<group>"; };
		6045113F21DDD022004FA3DB /* CalendarViewController.swift */ = {isa = PBXFileReference; lastKnownFileType = sourcecode.swift; path = CalendarViewController.swift; sourceTree = "<group>"; };
		6045114321DDFF0E004FA3DB /* Page.storyboard */ = {isa = PBXFileReference; lastKnownFileType = file.storyboard; path = Page.storyboard; sourceTree = "<group>"; };
		6045114521DDFF4D004FA3DB /* PageViewController.swift */ = {isa = PBXFileReference; lastKnownFileType = sourcecode.swift; path = PageViewController.swift; sourceTree = "<group>"; };
		6045114721DE2256004FA3DB /* TodoCell.swift */ = {isa = PBXFileReference; lastKnownFileType = sourcecode.swift; path = TodoCell.swift; sourceTree = "<group>"; };
		604E439321E8A543001BBF39 /* Plan.swift */ = {isa = PBXFileReference; lastKnownFileType = sourcecode.swift; path = Plan.swift; sourceTree = "<group>"; };
		604E439521E8A54B001BBF39 /* DBPlan.swift */ = {isa = PBXFileReference; lastKnownFileType = sourcecode.swift; path = DBPlan.swift; sourceTree = "<group>"; };
		604E439721E8D0C2001BBF39 /* PlanCell.swift */ = {isa = PBXFileReference; lastKnownFileType = sourcecode.swift; path = PlanCell.swift; sourceTree = "<group>"; };
		604E439C21E8D8E5001BBF39 /* diaryIcon.png */ = {isa = PBXFileReference; lastKnownFileType = image.png; path = diaryIcon.png; sourceTree = "<group>"; };
		604E43A321E8E29F001BBF39 /* diaryIcon1.png */ = {isa = PBXFileReference; lastKnownFileType = image.png; path = diaryIcon1.png; sourceTree = "<group>"; };
		608ED41B21E70AB600BF2415 /* AddPlanViewController.swift */ = {isa = PBXFileReference; lastKnownFileType = sourcecode.swift; path = AddPlanViewController.swift; sourceTree = "<group>"; };
		608ED41D21E71B2C00BF2415 /* DatePickViewController.swift */ = {isa = PBXFileReference; lastKnownFileType = sourcecode.swift; path = DatePickViewController.swift; sourceTree = "<group>"; };
		608ED41F21E73EC300BF2415 /* Utils.swift */ = {isa = PBXFileReference; lastKnownFileType = sourcecode.swift; path = Utils.swift; sourceTree = "<group>"; };
		608ED45E21E826A700BF2415 /* DBManager.swift */ = {isa = PBXFileReference; lastKnownFileType = sourcecode.swift; path = DBManager.swift; sourceTree = "<group>"; };
		608ED46021E8279500BF2415 /* DBUser.swift */ = {isa = PBXFileReference; lastKnownFileType = sourcecode.swift; path = DBUser.swift; sourceTree = "<group>"; };
		609B636F21F031060097CEFE /* Todo.swift */ = {isa = PBXFileReference; lastKnownFileType = sourcecode.swift; path = Todo.swift; sourceTree = "<group>"; };
		609B637121F0313A0097CEFE /* DBTodo.swift */ = {isa = PBXFileReference; lastKnownFileType = sourcecode.swift; path = DBTodo.swift; sourceTree = "<group>"; };
		60BE0A1921DC4B7E00D46E14 /* Diary.app */ = {isa = PBXFileReference; explicitFileType = wrapper.application; includeInIndex = 0; path = Diary.app; sourceTree = BUILT_PRODUCTS_DIR; };
		60BE0A1C21DC4B7E00D46E14 /* AppDelegate.swift */ = {isa = PBXFileReference; lastKnownFileType = sourcecode.swift; path = AppDelegate.swift; sourceTree = "<group>"; };
		60BE0A1E21DC4B7E00D46E14 /* ProfileViewController.swift */ = {isa = PBXFileReference; lastKnownFileType = sourcecode.swift; path = ProfileViewController.swift; sourceTree = "<group>"; };
		60BE0A2121DC4B7E00D46E14 /* Base */ = {isa = PBXFileReference; lastKnownFileType = file.storyboard; name = Base; path = Base.lproj/Profile.storyboard; sourceTree = "<group>"; };
		60BE0A2321DC4B7F00D46E14 /* Assets.xcassets */ = {isa = PBXFileReference; lastKnownFileType = folder.assetcatalog; path = Assets.xcassets; sourceTree = "<group>"; };
		60BE0A2621DC4B7F00D46E14 /* Base */ = {isa = PBXFileReference; lastKnownFileType = file.storyboard; name = Base; path = Base.lproj/LaunchScreen.storyboard; sourceTree = "<group>"; };
		60BE0A2821DC4B7F00D46E14 /* Info.plist */ = {isa = PBXFileReference; lastKnownFileType = text.plist.xml; path = Info.plist; sourceTree = "<group>"; };
		60BE0A3321DC4CE000D46E14 /* ProfileCell.swift */ = {isa = PBXFileReference; lastKnownFileType = sourcecode.swift; path = ProfileCell.swift; sourceTree = "<group>"; };
		60BE0A3621DC528B00D46E14 /* User.swift */ = {isa = PBXFileReference; lastKnownFileType = sourcecode.swift; path = User.swift; sourceTree = "<group>"; };
		96C42D68532B263F3D57372B /* Pods_Diary.framework */ = {isa = PBXFileReference; explicitFileType = wrapper.framework; includeInIndex = 0; path = Pods_Diary.framework; sourceTree = BUILT_PRODUCTS_DIR; };
		E1A24191DA80A9973C448863 /* Pods-Diary.debug.xcconfig */ = {isa = PBXFileReference; includeInIndex = 1; lastKnownFileType = text.xcconfig; name = "Pods-Diary.debug.xcconfig"; path = "../Pods/Target Support Files/Pods-Diary/Pods-Diary.debug.xcconfig"; sourceTree = "<group>"; };
		F4F513CA3CCC825F61BA6973 /* Pods-Diary.release.xcconfig */ = {isa = PBXFileReference; includeInIndex = 1; lastKnownFileType = text.xcconfig; name = "Pods-Diary.release.xcconfig"; path = "../Pods/Target Support Files/Pods-Diary/Pods-Diary.release.xcconfig"; sourceTree = "<group>"; };
/* End PBXFileReference section */

/* Begin PBXFrameworksBuildPhase section */
		60BE0A1621DC4B7E00D46E14 /* Frameworks */ = {
			isa = PBXFrameworksBuildPhase;
			buildActionMask = 2147483647;
			files = (
				1A5BA784F0D01CFB09E1FD4A /* Pods_Diary.framework in Frameworks */,
			);
			runOnlyForDeploymentPostprocessing = 0;
		};
/* End PBXFrameworksBuildPhase section */

/* Begin PBXGroup section */
		6045113B21DDCFCB004FA3DB /* Planner */ = {
			isa = PBXGroup;
			children = (
				604510D521DD0BA6004FA3DB /* PlannerViewController.swift */,
				608ED41B21E70AB600BF2415 /* AddPlanViewController.swift */,
				608ED41D21E71B2C00BF2415 /* DatePickViewController.swift */,
				604E439721E8D0C2001BBF39 /* PlanCell.swift */,
			);
			path = Planner;
			sourceTree = "<group>";
		};
		6045113C21DDCFCF004FA3DB /* Calendar */ = {
			isa = PBXGroup;
			children = (
				6045113F21DDD022004FA3DB /* CalendarViewController.swift */,
				6045114721DE2256004FA3DB /* TodoCell.swift */,
			);
			path = Calendar;
			sourceTree = "<group>";
		};
		6045114921DE2291004FA3DB /* Page */ = {
			isa = PBXGroup;
			children = (
				6045114521DDFF4D004FA3DB /* PageViewController.swift */,
			);
			path = Page;
			sourceTree = "<group>";
		};
		604E439A21E8D8A9001BBF39 /* Resources */ = {
			isa = PBXGroup;
			children = (
			);
			path = Resources;
			sourceTree = "<group>";
		};
		604E439B21E8D8C5001BBF39 /* Resources */ = {
			isa = PBXGroup;
			children = (
				604E43A321E8E29F001BBF39 /* diaryIcon1.png */,
				604E439C21E8D8E5001BBF39 /* diaryIcon.png */,
			);
			path = Resources;
			sourceTree = "<group>";
		};
		608ED45D21E8268900BF2415 /* Managers */ = {
			isa = PBXGroup;
			children = (
				608ED45E21E826A700BF2415 /* DBManager.swift */,
			);
			path = Managers;
			sourceTree = "<group>";
		};
		609B636B21F02E3A0097CEFE /* User */ = {
			isa = PBXGroup;
			children = (
				60BE0A3621DC528B00D46E14 /* User.swift */,
				608ED46021E8279500BF2415 /* DBUser.swift */,
			);
			path = User;
			sourceTree = "<group>";
		};
		609B636C21F02E3D0097CEFE /* Plan */ = {
			isa = PBXGroup;
			children = (
				604E439321E8A543001BBF39 /* Plan.swift */,
				604E439521E8A54B001BBF39 /* DBPlan.swift */,
			);
			path = Plan;
			sourceTree = "<group>";
		};
		609B636D21F02E400097CEFE /* Todo */ = {
			isa = PBXGroup;
			children = (
				609B636F21F031060097CEFE /* Todo.swift */,
				609B637121F0313A0097CEFE /* DBTodo.swift */,
			);
			path = Todo;
			sourceTree = "<group>";
		};
		60BE0A1021DC4B7E00D46E14 = {
			isa = PBXGroup;
			children = (
				60BE0A1B21DC4B7E00D46E14 /* Diary */,
				60BE0A1A21DC4B7E00D46E14 /* Products */,
				D67337B57908D12CB34A9A8C /* Pods */,
				811307489C74F13BD93ACBE7 /* Frameworks */,
			);
			sourceTree = "<group>";
		};
		60BE0A1A21DC4B7E00D46E14 /* Products */ = {
			isa = PBXGroup;
			children = (
				60BE0A1921DC4B7E00D46E14 /* Diary.app */,
			);
			name = Products;
			sourceTree = "<group>";
		};
		60BE0A1B21DC4B7E00D46E14 /* Diary */ = {
			isa = PBXGroup;
			children = (
				60BE0A2E21DC4B8700D46E14 /* AppDelegate */,
				60BE0A3121DC4BC600D46E14 /* Storyboard */,
				60BE0A2F21DC4BA800D46E14 /* VIewController */,
				60BE0A3021DC4BAE00D46E14 /* Support */,
				608ED45D21E8268900BF2415 /* Managers */,
				60BE0A3521DC526F00D46E14 /* Model */,
				604E439B21E8D8C5001BBF39 /* Resources */,
			);
			path = Diary;
			sourceTree = "<group>";
		};
		60BE0A2E21DC4B8700D46E14 /* AppDelegate */ = {
			isa = PBXGroup;
			children = (
				60BE0A1C21DC4B7E00D46E14 /* AppDelegate.swift */,
			);
			path = AppDelegate;
			sourceTree = "<group>";
		};
		60BE0A2F21DC4BA800D46E14 /* VIewController */ = {
			isa = PBXGroup;
			children = (
				6045114921DE2291004FA3DB /* Page */,
				60BE0A3221DC4C5D00D46E14 /* Profile */,
				6045113B21DDCFCB004FA3DB /* Planner */,
				6045113C21DDCFCF004FA3DB /* Calendar */,
			);
			path = VIewController;
			sourceTree = "<group>";
		};
		60BE0A3021DC4BAE00D46E14 /* Support */ = {
			isa = PBXGroup;
			children = (
				60BE0A2321DC4B7F00D46E14 /* Assets.xcassets */,
				60BE0A2821DC4B7F00D46E14 /* Info.plist */,
				608ED41F21E73EC300BF2415 /* Utils.swift */,
			);
			path = Support;
			sourceTree = "<group>";
		};
		60BE0A3121DC4BC600D46E14 /* Storyboard */ = {
			isa = PBXGroup;
			children = (
				60BE0A2521DC4B7F00D46E14 /* LaunchScreen.storyboard */,
				6045114321DDFF0E004FA3DB /* Page.storyboard */,
				60BE0A2021DC4B7E00D46E14 /* Profile.storyboard */,
				604510D321DD0B97004FA3DB /* Planner.storyboard */,
				6045113D21DDD009004FA3DB /* Calendar.storyboard */,
			);
			path = Storyboard;
			sourceTree = "<group>";
		};
		60BE0A3221DC4C5D00D46E14 /* Profile */ = {
			isa = PBXGroup;
			children = (
				60BE0A1E21DC4B7E00D46E14 /* ProfileViewController.swift */,
				60BE0A3321DC4CE000D46E14 /* ProfileCell.swift */,
			);
			path = Profile;
			sourceTree = "<group>";
		};
		60BE0A3521DC526F00D46E14 /* Model */ = {
			isa = PBXGroup;
			children = (
				609B636B21F02E3A0097CEFE /* User */,
				609B636C21F02E3D0097CEFE /* Plan */,
				609B636D21F02E400097CEFE /* Todo */,
			);
			path = Model;
			sourceTree = "<group>";
		};
		811307489C74F13BD93ACBE7 /* Frameworks */ = {
			isa = PBXGroup;
			children = (
				604E439A21E8D8A9001BBF39 /* Resources */,
				96C42D68532B263F3D57372B /* Pods_Diary.framework */,
			);
			name = Frameworks;
			sourceTree = "<group>";
		};
		D67337B57908D12CB34A9A8C /* Pods */ = {
			isa = PBXGroup;
			children = (
				E1A24191DA80A9973C448863 /* Pods-Diary.debug.xcconfig */,
				F4F513CA3CCC825F61BA6973 /* Pods-Diary.release.xcconfig */,
			);
			name = Pods;
			sourceTree = "<group>";
		};
/* End PBXGroup section */

/* Begin PBXNativeTarget section */
		60BE0A1821DC4B7E00D46E14 /* Diary */ = {
			isa = PBXNativeTarget;
			buildConfigurationList = 60BE0A2B21DC4B7F00D46E14 /* Build configuration list for PBXNativeTarget "Diary" */;
			buildPhases = (
				832B23951BD85B121588EEEF /* [CP] Check Pods Manifest.lock */,
				60BE0A1521DC4B7E00D46E14 /* Sources */,
				60BE0A1621DC4B7E00D46E14 /* Frameworks */,
				60BE0A1721DC4B7E00D46E14 /* Resources */,
				8D2C121CAB28B7613BDD5672 /* [CP] Embed Pods Frameworks */,
			);
			buildRules = (
			);
			dependencies = (
			);
			name = Diary;
			productName = Diary;
			productReference = 60BE0A1921DC4B7E00D46E14 /* Diary.app */;
			productType = "com.apple.product-type.application";
		};
/* End PBXNativeTarget section */

/* Begin PBXProject section */
		60BE0A1121DC4B7E00D46E14 /* Project object */ = {
			isa = PBXProject;
			attributes = {
				LastSwiftUpdateCheck = 1010;
				LastUpgradeCheck = 1010;
				ORGANIZATIONNAME = Byunsangjin;
				TargetAttributes = {
					60BE0A1821DC4B7E00D46E14 = {
						CreatedOnToolsVersion = 10.1;
					};
				};
			};
			buildConfigurationList = 60BE0A1421DC4B7E00D46E14 /* Build configuration list for PBXProject "Diary" */;
			compatibilityVersion = "Xcode 9.3";
			developmentRegion = en;
			hasScannedForEncodings = 0;
			knownRegions = (
				en,
				Base,
			);
			mainGroup = 60BE0A1021DC4B7E00D46E14;
			productRefGroup = 60BE0A1A21DC4B7E00D46E14 /* Products */;
			projectDirPath = "";
			projectRoot = "";
			targets = (
				60BE0A1821DC4B7E00D46E14 /* Diary */,
			);
		};
/* End PBXProject section */

/* Begin PBXResourcesBuildPhase section */
		60BE0A1721DC4B7E00D46E14 /* Resources */ = {
			isa = PBXResourcesBuildPhase;
			buildActionMask = 2147483647;
			files = (
				60BE0A2721DC4B7F00D46E14 /* LaunchScreen.storyboard in Resources */,
				604510D421DD0B97004FA3DB /* Planner.storyboard in Resources */,
				60BE0A2421DC4B7F00D46E14 /* Assets.xcassets in Resources */,
				6045113E21DDD009004FA3DB /* Calendar.storyboard in Resources */,
				604E43A421E8E29F001BBF39 /* diaryIcon1.png in Resources */,
				604E439D21E8D8E5001BBF39 /* diaryIcon.png in Resources */,
				60BE0A2221DC4B7E00D46E14 /* Profile.storyboard in Resources */,
				6045114421DDFF0E004FA3DB /* Page.storyboard in Resources */,
			);
			runOnlyForDeploymentPostprocessing = 0;
		};
/* End PBXResourcesBuildPhase section */

/* Begin PBXShellScriptBuildPhase section */
		832B23951BD85B121588EEEF /* [CP] Check Pods Manifest.lock */ = {
			isa = PBXShellScriptBuildPhase;
			buildActionMask = 2147483647;
			files = (
			);
			inputFileListPaths = (
			);
			inputPaths = (
				"${PODS_PODFILE_DIR_PATH}/Podfile.lock",
				"${PODS_ROOT}/Manifest.lock",
			);
			name = "[CP] Check Pods Manifest.lock";
			outputFileListPaths = (
			);
			outputPaths = (
				"$(DERIVED_FILE_DIR)/Pods-Diary-checkManifestLockResult.txt",
			);
			runOnlyForDeploymentPostprocessing = 0;
			shellPath = /bin/sh;
			shellScript = "diff \"${PODS_PODFILE_DIR_PATH}/Podfile.lock\" \"${PODS_ROOT}/Manifest.lock\" > /dev/null\nif [ $? != 0 ] ; then\n    # print error to STDERR\n    echo \"error: The sandbox is not in sync with the Podfile.lock. Run 'pod install' or update your CocoaPods installation.\" >&2\n    exit 1\nfi\n# This output is used by Xcode 'outputs' to avoid re-running this script phase.\necho \"SUCCESS\" > \"${SCRIPT_OUTPUT_FILE_0}\"\n";
			showEnvVarsInLog = 0;
		};
		8D2C121CAB28B7613BDD5672 /* [CP] Embed Pods Frameworks */ = {
			isa = PBXShellScriptBuildPhase;
			buildActionMask = 2147483647;
			files = (
			);
			inputFileListPaths = (
			);
			inputPaths = (
				"${SRCROOT}/../Pods/Target Support Files/Pods-Diary/Pods-Diary-frameworks.sh",
				"${BUILT_PRODUCTS_DIR}/BEMCheckBox/BEMCheckBox.framework",
				"${BUILT_PRODUCTS_DIR}/Realm/Realm.framework",
				"${BUILT_PRODUCTS_DIR}/RealmSwift/RealmSwift.framework",
				"${BUILT_PRODUCTS_DIR}/FSCalendar/FSCalendar.framework",
				"${BUILT_PRODUCTS_DIR}/AnimatedCollectionViewLayout/AnimatedCollectionViewLayout.framework",
				"${BUILT_PRODUCTS_DIR}/DynamicBlurView/DynamicBlurView.framework",
				"${BUILT_PRODUCTS_DIR}/Hero/Hero.framework",
				"${BUILT_PRODUCTS_DIR}/PopupDialog/PopupDialog.framework",
				"${BUILT_PRODUCTS_DIR}/RevealingSplashView/RevealingSplashView.framework",
				"${BUILT_PRODUCTS_DIR}/TextFieldEffects/TextFieldEffects.framework",
			);
			name = "[CP] Embed Pods Frameworks";
			outputFileListPaths = (
			);
			outputPaths = (
				"${TARGET_BUILD_DIR}/${FRAMEWORKS_FOLDER_PATH}/BEMCheckBox.framework",
				"${TARGET_BUILD_DIR}/${FRAMEWORKS_FOLDER_PATH}/Realm.framework",
				"${TARGET_BUILD_DIR}/${FRAMEWORKS_FOLDER_PATH}/RealmSwift.framework",
				"${TARGET_BUILD_DIR}/${FRAMEWORKS_FOLDER_PATH}/FSCalendar.framework",
				"${TARGET_BUILD_DIR}/${FRAMEWORKS_FOLDER_PATH}/AnimatedCollectionViewLayout.framework",
				"${TARGET_BUILD_DIR}/${FRAMEWORKS_FOLDER_PATH}/DynamicBlurView.framework",
				"${TARGET_BUILD_DIR}/${FRAMEWORKS_FOLDER_PATH}/Hero.framework",
				"${TARGET_BUILD_DIR}/${FRAMEWORKS_FOLDER_PATH}/PopupDialog.framework",
				"${TARGET_BUILD_DIR}/${FRAMEWORKS_FOLDER_PATH}/RevealingSplashView.framework",
				"${TARGET_BUILD_DIR}/${FRAMEWORKS_FOLDER_PATH}/TextFieldEffects.framework",
			);
			runOnlyForDeploymentPostprocessing = 0;
			shellPath = /bin/sh;
			shellScript = "\"${SRCROOT}/../Pods/Target Support Files/Pods-Diary/Pods-Diary-frameworks.sh\"\n";
			showEnvVarsInLog = 0;
		};
/* End PBXShellScriptBuildPhase section */

/* Begin PBXSourcesBuildPhase section */
		60BE0A1521DC4B7E00D46E14 /* Sources */ = {
			isa = PBXSourcesBuildPhase;
			buildActionMask = 2147483647;
			files = (
				60BE0A3721DC528B00D46E14 /* User.swift in Sources */,
				60BE0A3421DC4CE000D46E14 /* ProfileCell.swift in Sources */,
				604E439821E8D0C2001BBF39 /* PlanCell.swift in Sources */,
				6045114821DE2256004FA3DB /* TodoCell.swift in Sources */,
				608ED45F21E826A700BF2415 /* DBManager.swift in Sources */,
				608ED41C21E70AB600BF2415 /* AddPlanViewController.swift in Sources */,
				604510D621DD0BA6004FA3DB /* PlannerViewController.swift in Sources */,
				60BE0A1F21DC4B7E00D46E14 /* ProfileViewController.swift in Sources */,
				6045114021DDD022004FA3DB /* CalendarViewController.swift in Sources */,
				609B637221F0313A0097CEFE /* DBTodo.swift in Sources */,
				604E439621E8A54B001BBF39 /* DBPlan.swift in Sources */,
				6045114621DDFF4D004FA3DB /* PageViewController.swift in Sources */,
				608ED41E21E71B2C00BF2415 /* DatePickViewController.swift in Sources */,
				609B637021F031060097CEFE /* Todo.swift in Sources */,
				60BE0A1D21DC4B7E00D46E14 /* AppDelegate.swift in Sources */,
				608ED46121E8279500BF2415 /* DBUser.swift in Sources */,
				608ED42021E73EC300BF2415 /* Utils.swift in Sources */,
				604E439421E8A543001BBF39 /* Plan.swift in Sources */,
			);
			runOnlyForDeploymentPostprocessing = 0;
		};
/* End PBXSourcesBuildPhase section */

/* Begin PBXVariantGroup section */
		60BE0A2021DC4B7E00D46E14 /* Profile.storyboard */ = {
			isa = PBXVariantGroup;
			children = (
				60BE0A2121DC4B7E00D46E14 /* Base */,
			);
			name = Profile.storyboard;
			sourceTree = "<group>";
		};
		60BE0A2521DC4B7F00D46E14 /* LaunchScreen.storyboard */ = {
			isa = PBXVariantGroup;
			children = (
				60BE0A2621DC4B7F00D46E14 /* Base */,
			);
			name = LaunchScreen.storyboard;
			sourceTree = "<group>";
		};
/* End PBXVariantGroup section */

/* Begin XCBuildConfiguration section */
		60BE0A2921DC4B7F00D46E14 /* Debug */ = {
			isa = XCBuildConfiguration;
			buildSettings = {
				ALWAYS_SEARCH_USER_PATHS = NO;
				CLANG_ANALYZER_NONNULL = YES;
				CLANG_ANALYZER_NUMBER_OBJECT_CONVERSION = YES_AGGRESSIVE;
				CLANG_CXX_LANGUAGE_STANDARD = "gnu++14";
				CLANG_CXX_LIBRARY = "libc++";
				CLANG_ENABLE_MODULES = YES;
				CLANG_ENABLE_OBJC_ARC = YES;
				CLANG_ENABLE_OBJC_WEAK = YES;
				CLANG_WARN_BLOCK_CAPTURE_AUTORELEASING = YES;
				CLANG_WARN_BOOL_CONVERSION = YES;
				CLANG_WARN_COMMA = YES;
				CLANG_WARN_CONSTANT_CONVERSION = YES;
				CLANG_WARN_DEPRECATED_OBJC_IMPLEMENTATIONS = YES;
				CLANG_WARN_DIRECT_OBJC_ISA_USAGE = YES_ERROR;
				CLANG_WARN_DOCUMENTATION_COMMENTS = YES;
				CLANG_WARN_EMPTY_BODY = YES;
				CLANG_WARN_ENUM_CONVERSION = YES;
				CLANG_WARN_INFINITE_RECURSION = YES;
				CLANG_WARN_INT_CONVERSION = YES;
				CLANG_WARN_NON_LITERAL_NULL_CONVERSION = YES;
				CLANG_WARN_OBJC_IMPLICIT_RETAIN_SELF = YES;
				CLANG_WARN_OBJC_LITERAL_CONVERSION = YES;
				CLANG_WARN_OBJC_ROOT_CLASS = YES_ERROR;
				CLANG_WARN_RANGE_LOOP_ANALYSIS = YES;
				CLANG_WARN_STRICT_PROTOTYPES = YES;
				CLANG_WARN_SUSPICIOUS_MOVE = YES;
				CLANG_WARN_UNGUARDED_AVAILABILITY = YES_AGGRESSIVE;
				CLANG_WARN_UNREACHABLE_CODE = YES;
				CLANG_WARN__DUPLICATE_METHOD_MATCH = YES;
				CODE_SIGN_IDENTITY = "iPhone Developer";
				COPY_PHASE_STRIP = NO;
				DEBUG_INFORMATION_FORMAT = dwarf;
				ENABLE_STRICT_OBJC_MSGSEND = YES;
				ENABLE_TESTABILITY = YES;
				GCC_C_LANGUAGE_STANDARD = gnu11;
				GCC_DYNAMIC_NO_PIC = NO;
				GCC_NO_COMMON_BLOCKS = YES;
				GCC_OPTIMIZATION_LEVEL = 0;
				GCC_PREPROCESSOR_DEFINITIONS = (
					"DEBUG=1",
					"$(inherited)",
				);
				GCC_WARN_64_TO_32_BIT_CONVERSION = YES;
				GCC_WARN_ABOUT_RETURN_TYPE = YES_ERROR;
				GCC_WARN_UNDECLARED_SELECTOR = YES;
				GCC_WARN_UNINITIALIZED_AUTOS = YES_AGGRESSIVE;
				GCC_WARN_UNUSED_FUNCTION = YES;
				GCC_WARN_UNUSED_VARIABLE = YES;
				IPHONEOS_DEPLOYMENT_TARGET = 10.0;
				MTL_ENABLE_DEBUG_INFO = INCLUDE_SOURCE;
				MTL_FAST_MATH = YES;
				ONLY_ACTIVE_ARCH = YES;
				SDKROOT = iphoneos;
				SWIFT_ACTIVE_COMPILATION_CONDITIONS = DEBUG;
				SWIFT_OPTIMIZATION_LEVEL = "-Onone";
			};
			name = Debug;
		};
		60BE0A2A21DC4B7F00D46E14 /* Release */ = {
			isa = XCBuildConfiguration;
			buildSettings = {
				ALWAYS_SEARCH_USER_PATHS = NO;
				CLANG_ANALYZER_NONNULL = YES;
				CLANG_ANALYZER_NUMBER_OBJECT_CONVERSION = YES_AGGRESSIVE;
				CLANG_CXX_LANGUAGE_STANDARD = "gnu++14";
				CLANG_CXX_LIBRARY = "libc++";
				CLANG_ENABLE_MODULES = YES;
				CLANG_ENABLE_OBJC_ARC = YES;
				CLANG_ENABLE_OBJC_WEAK = YES;
				CLANG_WARN_BLOCK_CAPTURE_AUTORELEASING = YES;
				CLANG_WARN_BOOL_CONVERSION = YES;
				CLANG_WARN_COMMA = YES;
				CLANG_WARN_CONSTANT_CONVERSION = YES;
				CLANG_WARN_DEPRECATED_OBJC_IMPLEMENTATIONS = YES;
				CLANG_WARN_DIRECT_OBJC_ISA_USAGE = YES_ERROR;
				CLANG_WARN_DOCUMENTATION_COMMENTS = YES;
				CLANG_WARN_EMPTY_BODY = YES;
				CLANG_WARN_ENUM_CONVERSION = YES;
				CLANG_WARN_INFINITE_RECURSION = YES;
				CLANG_WARN_INT_CONVERSION = YES;
				CLANG_WARN_NON_LITERAL_NULL_CONVERSION = YES;
				CLANG_WARN_OBJC_IMPLICIT_RETAIN_SELF = YES;
				CLANG_WARN_OBJC_LITERAL_CONVERSION = YES;
				CLANG_WARN_OBJC_ROOT_CLASS = YES_ERROR;
				CLANG_WARN_RANGE_LOOP_ANALYSIS = YES;
				CLANG_WARN_STRICT_PROTOTYPES = YES;
				CLANG_WARN_SUSPICIOUS_MOVE = YES;
				CLANG_WARN_UNGUARDED_AVAILABILITY = YES_AGGRESSIVE;
				CLANG_WARN_UNREACHABLE_CODE = YES;
				CLANG_WARN__DUPLICATE_METHOD_MATCH = YES;
				CODE_SIGN_IDENTITY = "iPhone Developer";
				COPY_PHASE_STRIP = NO;
				DEBUG_INFORMATION_FORMAT = "dwarf-with-dsym";
				ENABLE_NS_ASSERTIONS = NO;
				ENABLE_STRICT_OBJC_MSGSEND = YES;
				GCC_C_LANGUAGE_STANDARD = gnu11;
				GCC_NO_COMMON_BLOCKS = YES;
				GCC_WARN_64_TO_32_BIT_CONVERSION = YES;
				GCC_WARN_ABOUT_RETURN_TYPE = YES_ERROR;
				GCC_WARN_UNDECLARED_SELECTOR = YES;
				GCC_WARN_UNINITIALIZED_AUTOS = YES_AGGRESSIVE;
				GCC_WARN_UNUSED_FUNCTION = YES;
				GCC_WARN_UNUSED_VARIABLE = YES;
				IPHONEOS_DEPLOYMENT_TARGET = 10.0;
				MTL_ENABLE_DEBUG_INFO = NO;
				MTL_FAST_MATH = YES;
				SDKROOT = iphoneos;
				SWIFT_COMPILATION_MODE = wholemodule;
				SWIFT_OPTIMIZATION_LEVEL = "-O";
				VALIDATE_PRODUCT = YES;
			};
			name = Release;
		};
		60BE0A2C21DC4B7F00D46E14 /* Debug */ = {
			isa = XCBuildConfiguration;
			baseConfigurationReference = E1A24191DA80A9973C448863 /* Pods-Diary.debug.xcconfig */;
			buildSettings = {
				ASSETCATALOG_COMPILER_APPICON_NAME = AppIcon;
				CODE_SIGN_STYLE = Automatic;
				DEVELOPMENT_TEAM = GN3PLAKW34;
				INFOPLIST_FILE = Diary/Support/Info.plist;
				LD_RUNPATH_SEARCH_PATHS = (
					"$(inherited)",
					"@executable_path/Frameworks",
				);
				PRODUCT_BUNDLE_IDENTIFIER = sjbyun.Diary;
				PRODUCT_NAME = "$(TARGET_NAME)";
				SWIFT_VERSION = 4.2;
				TARGETED_DEVICE_FAMILY = 1;
			};
			name = Debug;
		};
		60BE0A2D21DC4B7F00D46E14 /* Release */ = {
			isa = XCBuildConfiguration;
			baseConfigurationReference = F4F513CA3CCC825F61BA6973 /* Pods-Diary.release.xcconfig */;
			buildSettings = {
				ASSETCATALOG_COMPILER_APPICON_NAME = AppIcon;
				CODE_SIGN_STYLE = Automatic;
				DEVELOPMENT_TEAM = GN3PLAKW34;
				INFOPLIST_FILE = Diary/Support/Info.plist;
				LD_RUNPATH_SEARCH_PATHS = (
					"$(inherited)",
					"@executable_path/Frameworks",
				);
				PRODUCT_BUNDLE_IDENTIFIER = sjbyun.Diary;
				PRODUCT_NAME = "$(TARGET_NAME)";
				SWIFT_VERSION = 4.2;
				TARGETED_DEVICE_FAMILY = 1;
			};
			name = Release;
		};
/* End XCBuildConfiguration section */

/* Begin XCConfigurationList section */
		60BE0A1421DC4B7E00D46E14 /* Build configuration list for PBXProject "Diary" */ = {
			isa = XCConfigurationList;
			buildConfigurations = (
				60BE0A2921DC4B7F00D46E14 /* Debug */,
				60BE0A2A21DC4B7F00D46E14 /* Release */,
			);
			defaultConfigurationIsVisible = 0;
			defaultConfigurationName = Release;
		};
		60BE0A2B21DC4B7F00D46E14 /* Build configuration list for PBXNativeTarget "Diary" */ = {
			isa = XCConfigurationList;
			buildConfigurations = (
				60BE0A2C21DC4B7F00D46E14 /* Debug */,
				60BE0A2D21DC4B7F00D46E14 /* Release */,
			);
			defaultConfigurationIsVisible = 0;
			defaultConfigurationName = Release;
		};
/* End XCConfigurationList section */
	};
	rootObject = 60BE0A1121DC4B7E00D46E14 /* Project object */;
}
