// !$*UTF8*$!
{
	archiveVersion = 1;
	classes = {
	};
	objectVersion = 50;
	objects = {

/* Begin PBXBuildFile section */
		586B8E11E4DE2EC1F029C525 /* Pods_PlannerDiary.framework in Frameworks */ = {isa = PBXBuildFile; fileRef = 60EE9551E590CDBDDA1B5BD1 /* Pods_PlannerDiary.framework */; };
		9E0D3F2521F19A8200A37A33 /* SiceMenuCell.swift in Sources */ = {isa = PBXBuildFile; fileRef = 9E0D3F2421F19A8200A37A33 /* SiceMenuCell.swift */; };
		9E3D81AF21EDA7DE00019652 /* Define.swift in Sources */ = {isa = PBXBuildFile; fileRef = 9E3D81AE21EDA7DE00019652 /* Define.swift */; };
		9E73755F21F01A97009FF9F4 /* UIColor+hexString.swift in Sources */ = {isa = PBXBuildFile; fileRef = 9E73755E21F01A97009FF9F4 /* UIColor+hexString.swift */; };
		9E73756221F041E0009FF9F4 /* OwnerInfo.swift in Sources */ = {isa = PBXBuildFile; fileRef = 9E73756121F041E0009FF9F4 /* OwnerInfo.swift */; };
		9E92FA1221EC5DFC000EDBBF /* String+Substring.swift in Sources */ = {isa = PBXBuildFile; fileRef = 9E92FA1121EC5DFC000EDBBF /* String+Substring.swift */; };
		9E92FA1521EC7B7C000EDBBF /* icon_today@3x.png in Resources */ = {isa = PBXBuildFile; fileRef = 9E92FA1321EC7B7B000EDBBF /* icon_today@3x.png */; };
		9E92FA1621EC7B7C000EDBBF /* icon_today@2x.png in Resources */ = {isa = PBXBuildFile; fileRef = 9E92FA1421EC7B7B000EDBBF /* icon_today@2x.png */; };
		9E954C9121F83106006356BF /* CalendarLunar.swift in Sources */ = {isa = PBXBuildFile; fileRef = 9E954C9021F83106006356BF /* CalendarLunar.swift */; };
		9E95CD5721DEE2270026556A /* Common.storyboard in Resources */ = {isa = PBXBuildFile; fileRef = 9E95CD5621DEE2270026556A /* Common.storyboard */; };
		9E95CD5A21DEE3220026556A /* RoundLineView.swift in Sources */ = {isa = PBXBuildFile; fileRef = 9E95CD5921DEE3220026556A /* RoundLineView.swift */; };
		9E95CD5F21DF1B030026556A /* CommonUtil.swift in Sources */ = {isa = PBXBuildFile; fileRef = 9E95CD5E21DF1B030026556A /* CommonUtil.swift */; };
		9E95CD6521DF28570026556A /* BasePopup.swift in Sources */ = {isa = PBXBuildFile; fileRef = 9E95CD6421DF28570026556A /* BasePopup.swift */; };
		9E9BF9B021D9D62A001ECF40 /* AppDelegate.swift in Sources */ = {isa = PBXBuildFile; fileRef = 9E9BF9AF21D9D62A001ECF40 /* AppDelegate.swift */; };
		9E9BF9B721D9D62C001ECF40 /* Assets.xcassets in Resources */ = {isa = PBXBuildFile; fileRef = 9E9BF9B621D9D62C001ECF40 /* Assets.xcassets */; };
		9E9BF9C721D9D857001ECF40 /* bg_launcher3.png in Resources */ = {isa = PBXBuildFile; fileRef = 9E9BF9C321D9D857001ECF40 /* bg_launcher3.png */; };
		9E9BF9C821D9D857001ECF40 /* bg_launcher2.png in Resources */ = {isa = PBXBuildFile; fileRef = 9E9BF9C421D9D857001ECF40 /* bg_launcher2.png */; };
		9E9BF9C921D9D857001ECF40 /* bg_launcher1.png in Resources */ = {isa = PBXBuildFile; fileRef = 9E9BF9C521D9D857001ECF40 /* bg_launcher1.png */; };
		9E9BF9CA21D9D857001ECF40 /* bg_launcher4.png in Resources */ = {isa = PBXBuildFile; fileRef = 9E9BF9C621D9D857001ECF40 /* bg_launcher4.png */; };
		9E9BF9D221D9DED1001ECF40 /* LaunchScreen.storyboard in Resources */ = {isa = PBXBuildFile; fileRef = 9E9BF9D021D9DED1001ECF40 /* LaunchScreen.storyboard */; };
		9E9BF9D321D9DED1001ECF40 /* Main.storyboard in Resources */ = {isa = PBXBuildFile; fileRef = 9E9BF9D121D9DED1001ECF40 /* Main.storyboard */; };
		9E9BF9E221D9FB86001ECF40 /* UnderlineTextField.swift in Sources */ = {isa = PBXBuildFile; fileRef = 9E9BF9E121D9FB85001ECF40 /* UnderlineTextField.swift */; };
		9EC46C5621F6B62D00765274 /* ModelDBHoliday.swift in Sources */ = {isa = PBXBuildFile; fileRef = 9EC46C5521F6B62D00765274 /* ModelDBHoliday.swift */; };
		9EC46C5821F6B64000765274 /* ModelHoliday.swift in Sources */ = {isa = PBXBuildFile; fileRef = 9EC46C5721F6B64000765274 /* ModelHoliday.swift */; };
		9ECBAFB321E8814800A281C6 /* SideMenuViewController.swift in Sources */ = {isa = PBXBuildFile; fileRef = 9ECBAFB221E8814800A281C6 /* SideMenuViewController.swift */; };
		9ECBAFB621E885DB00A281C6 /* icon_close@2x.png in Resources */ = {isa = PBXBuildFile; fileRef = 9ECBAFB421E885DB00A281C6 /* icon_close@2x.png */; };
		9ECBAFB721E885DB00A281C6 /* icon_close@3x.png in Resources */ = {isa = PBXBuildFile; fileRef = 9ECBAFB521E885DB00A281C6 /* icon_close@3x.png */; };
		9ECBAFB921E886D800A281C6 /* SettingViewController.swift in Sources */ = {isa = PBXBuildFile; fileRef = 9ECBAFB821E886D800A281C6 /* SettingViewController.swift */; };
		9EF4A1E421E472B500DCD2A6 /* RoundLineButton.swift in Sources */ = {isa = PBXBuildFile; fileRef = 9EF4A1E321E472B500DCD2A6 /* RoundLineButton.swift */; };
		9EF9183C21E6DCE600196E53 /* icon_menu@2x.png in Resources */ = {isa = PBXBuildFile; fileRef = 9EF9183821E6DCE500196E53 /* icon_menu@2x.png */; };
		9EF9183E21E6DCE600196E53 /* icon_menu@3x.png in Resources */ = {isa = PBXBuildFile; fileRef = 9EF9183A21E6DCE600196E53 /* icon_menu@3x.png */; };
		9EF9184321E70C2400196E53 /* icon_loading@3x.png in Resources */ = {isa = PBXBuildFile; fileRef = 9EF9183F21E70C2200196E53 /* icon_loading@3x.png */; };
		9EF9184421E70C2400196E53 /* icon_loading@2x.png in Resources */ = {isa = PBXBuildFile; fileRef = 9EF9184021E70C2200196E53 /* icon_loading@2x.png */; };
		9EF9184521E70C2400196E53 /* icon_save@2x.png in Resources */ = {isa = PBXBuildFile; fileRef = 9EF9184121E70C2300196E53 /* icon_save@2x.png */; };
		9EF9184621E70C2400196E53 /* icon_save@3x.png in Resources */ = {isa = PBXBuildFile; fileRef = 9EF9184221E70C2300196E53 /* icon_save@3x.png */; };
		D9000E2721EE0C95007A4E92 /* DBManager.swift in Sources */ = {isa = PBXBuildFile; fileRef = D9000E2621EE0C95007A4E92 /* DBManager.swift */; };
		D900D29021EAE8150012E58F /* InfiniteScrollView.swift in Sources */ = {isa = PBXBuildFile; fileRef = D900D28F21EAE8150012E58F /* InfiniteScrollView.swift */; };
		D900D29221EAEF7E0012E58F /* CalendarManager.swift in Sources */ = {isa = PBXBuildFile; fileRef = D900D29121EAEF7E0012E58F /* CalendarManager.swift */; };
		D9019AF221E0AFC100C59EBC /* PlaceholderTextView.swift in Sources */ = {isa = PBXBuildFile; fileRef = D9019AF121E0AFC100C59EBC /* PlaceholderTextView.swift */; };
		D905858621F5E7F400A491E5 /* AlamofireHelper.swift in Sources */ = {isa = PBXBuildFile; fileRef = D905858521F5E7F400A491E5 /* AlamofireHelper.swift */; };
		D905858821F5E84B00A491E5 /* URLs.swift in Sources */ = {isa = PBXBuildFile; fileRef = D905858721F5E84B00A491E5 /* URLs.swift */; };
		D915AFE421EAFF78002129B5 /* CalendarDayCell.swift in Sources */ = {isa = PBXBuildFile; fileRef = D915AFE121EAFF78002129B5 /* CalendarDayCell.swift */; };
		D915AFE521EAFF78002129B5 /* MonthlyPlanViewController.swift in Sources */ = {isa = PBXBuildFile; fileRef = D915AFE221EAFF78002129B5 /* MonthlyPlanViewController.swift */; };
		D915AFE621EAFF78002129B5 /* CalendarMonthViewController.swift in Sources */ = {isa = PBXBuildFile; fileRef = D915AFE321EAFF78002129B5 /* CalendarMonthViewController.swift */; };
		D915AFEF21EB1812002129B5 /* icon_setting@2x.png in Resources */ = {isa = PBXBuildFile; fileRef = D915AFE721EB1810002129B5 /* icon_setting@2x.png */; };
		D915AFF021EB1812002129B5 /* icon_navigation_next@3x.png in Resources */ = {isa = PBXBuildFile; fileRef = D915AFE821EB1811002129B5 /* icon_navigation_next@3x.png */; };
		D915AFF121EB1812002129B5 /* icon_setting@3x.png in Resources */ = {isa = PBXBuildFile; fileRef = D915AFE921EB1811002129B5 /* icon_setting@3x.png */; };
		D915AFF221EB1812002129B5 /* icon_delete@3x.png in Resources */ = {isa = PBXBuildFile; fileRef = D915AFEA21EB1811002129B5 /* icon_delete@3x.png */; };
		D915AFF321EB1812002129B5 /* icon_navigation_back@3x.png in Resources */ = {isa = PBXBuildFile; fileRef = D915AFEB21EB1811002129B5 /* icon_navigation_back@3x.png */; };
		D915AFF421EB1812002129B5 /* icon_navigation_next@2x.png in Resources */ = {isa = PBXBuildFile; fileRef = D915AFEC21EB1811002129B5 /* icon_navigation_next@2x.png */; };
		D915AFF521EB1812002129B5 /* icon_delete@2x.png in Resources */ = {isa = PBXBuildFile; fileRef = D915AFED21EB1812002129B5 /* icon_delete@2x.png */; };
		D915AFF621EB1812002129B5 /* icon_navigation_back@2x.png in Resources */ = {isa = PBXBuildFile; fileRef = D915AFEE21EB1812002129B5 /* icon_navigation_back@2x.png */; };
		D9F5D38821DB41C1003B4AD5 /* FocusManager.swift in Sources */ = {isa = PBXBuildFile; fileRef = D9F5D38721DB41C1003B4AD5 /* FocusManager.swift */; };
		D9FB06D321FD7133006C4DCA /* CustomPageControlView.swift in Sources */ = {isa = PBXBuildFile; fileRef = D9FB06D221FD7133006C4DCA /* CustomPageControlView.swift */; };
		D9FE473421E20D1B002142B8 /* bg_img_month-8.jpg in Resources */ = {isa = PBXBuildFile; fileRef = D9FE472821E20D1B002142B8 /* bg_img_month-8.jpg */; };
		D9FE473521E20D1B002142B8 /* bg_img_month-10.jpg in Resources */ = {isa = PBXBuildFile; fileRef = D9FE472921E20D1B002142B8 /* bg_img_month-10.jpg */; };
		D9FE473621E20D1B002142B8 /* bg_img_month-11.jpg in Resources */ = {isa = PBXBuildFile; fileRef = D9FE472A21E20D1B002142B8 /* bg_img_month-11.jpg */; };
		D9FE473721E20D1B002142B8 /* bg_img_month-9.jpg in Resources */ = {isa = PBXBuildFile; fileRef = D9FE472B21E20D1B002142B8 /* bg_img_month-9.jpg */; };
		D9FE473821E20D1B002142B8 /* bg_img_month-12.jpg in Resources */ = {isa = PBXBuildFile; fileRef = D9FE472C21E20D1B002142B8 /* bg_img_month-12.jpg */; };
		D9FE473921E20D1B002142B8 /* bg_img_month-1.jpg in Resources */ = {isa = PBXBuildFile; fileRef = D9FE472D21E20D1B002142B8 /* bg_img_month-1.jpg */; };
		D9FE473A21E20D1B002142B8 /* bg_img_month-2.jpg in Resources */ = {isa = PBXBuildFile; fileRef = D9FE472E21E20D1B002142B8 /* bg_img_month-2.jpg */; };
		D9FE473B21E20D1B002142B8 /* bg_img_month-3.jpg in Resources */ = {isa = PBXBuildFile; fileRef = D9FE472F21E20D1B002142B8 /* bg_img_month-3.jpg */; };
		D9FE473C21E20D1B002142B8 /* bg_img_month-7.jpg in Resources */ = {isa = PBXBuildFile; fileRef = D9FE473021E20D1B002142B8 /* bg_img_month-7.jpg */; };
		D9FE473D21E20D1B002142B8 /* bg_img_month-6.jpg in Resources */ = {isa = PBXBuildFile; fileRef = D9FE473121E20D1B002142B8 /* bg_img_month-6.jpg */; };
		D9FE473E21E20D1B002142B8 /* bg_img_month-4.jpg in Resources */ = {isa = PBXBuildFile; fileRef = D9FE473221E20D1B002142B8 /* bg_img_month-4.jpg */; };
		D9FE473F21E20D1B002142B8 /* bg_img_month-5.jpg in Resources */ = {isa = PBXBuildFile; fileRef = D9FE473321E20D1B002142B8 /* bg_img_month-5.jpg */; };
		D9FED00721FC2FCB00689BC9 /* PromptMessagePopup.swift in Sources */ = {isa = PBXBuildFile; fileRef = D9FED00621FC2FCB00689BC9 /* PromptMessagePopup.swift */; };
		D9FED02621FC4BA900689BC9 /* icon_remove@3x.png in Resources */ = {isa = PBXBuildFile; fileRef = D9FED01C21FC4BA900689BC9 /* icon_remove@3x.png */; };
		D9FED02721FC4BA900689BC9 /* icon_date_range@2x.png in Resources */ = {isa = PBXBuildFile; fileRef = D9FED01D21FC4BA900689BC9 /* icon_date_range@2x.png */; };
		D9FED02821FC4BA900689BC9 /* icon_event@2x.png in Resources */ = {isa = PBXBuildFile; fileRef = D9FED01E21FC4BA900689BC9 /* icon_event@2x.png */; };
		D9FED02921FC4BA900689BC9 /* icon_remove@2x.png in Resources */ = {isa = PBXBuildFile; fileRef = D9FED01F21FC4BA900689BC9 /* icon_remove@2x.png */; };
		D9FED02A21FC4BA900689BC9 /* icon_date_range@3x.png in Resources */ = {isa = PBXBuildFile; fileRef = D9FED02021FC4BA900689BC9 /* icon_date_range@3x.png */; };
		D9FED02B21FC4BA900689BC9 /* icon_add@2x.png in Resources */ = {isa = PBXBuildFile; fileRef = D9FED02121FC4BA900689BC9 /* icon_add@2x.png */; };
		D9FED02C21FC4BA900689BC9 /* icon_event@3x.png in Resources */ = {isa = PBXBuildFile; fileRef = D9FED02221FC4BA900689BC9 /* icon_event@3x.png */; };
		D9FED02D21FC4BA900689BC9 /* icon_add@3x.png in Resources */ = {isa = PBXBuildFile; fileRef = D9FED02321FC4BA900689BC9 /* icon_add@3x.png */; };
		D9FED02E21FC4BA900689BC9 /* icon_refresh@2x.png in Resources */ = {isa = PBXBuildFile; fileRef = D9FED02421FC4BA900689BC9 /* icon_refresh@2x.png */; };
		D9FED02F21FC4BA900689BC9 /* icon_refresh@3x.png in Resources */ = {isa = PBXBuildFile; fileRef = D9FED02521FC4BA900689BC9 /* icon_refresh@3x.png */; };
		D9FF72E321E76BF800A0A279 /* AlertMessagePopup.swift in Sources */ = {isa = PBXBuildFile; fileRef = D9FF72D921E76BF800A0A279 /* AlertMessagePopup.swift */; };
		D9FF72E521E76BF800A0A279 /* DiaryPageViewController.swift in Sources */ = {isa = PBXBuildFile; fileRef = D9FF72DC21E76BF800A0A279 /* DiaryPageViewController.swift */; };
		D9FF72E621E76BF800A0A279 /* DiarayPageHeaderCell.swift in Sources */ = {isa = PBXBuildFile; fileRef = D9FF72DD21E76BF800A0A279 /* DiarayPageHeaderCell.swift */; };
		D9FF72E921E76BF800A0A279 /* ProfileViewController.swift in Sources */ = {isa = PBXBuildFile; fileRef = D9FF72E021E76BF800A0A279 /* ProfileViewController.swift */; };
		D9FF72EA21E76BF800A0A279 /* PlannerViewController.swift in Sources */ = {isa = PBXBuildFile; fileRef = D9FF72E121E76BF800A0A279 /* PlannerViewController.swift */; };
		D9FF72EB21E76BF800A0A279 /* DiaryPageCell.swift in Sources */ = {isa = PBXBuildFile; fileRef = D9FF72E221E76BF800A0A279 /* DiaryPageCell.swift */; };
		D9FF72ED21E76F6C00A0A279 /* LoaddingPopup.swift in Sources */ = {isa = PBXBuildFile; fileRef = D9FF72EC21E76F6C00A0A279 /* LoaddingPopup.swift */; };
/* End PBXBuildFile section */

/* Begin PBXFileReference section */
		60EE9551E590CDBDDA1B5BD1 /* Pods_PlannerDiary.framework */ = {isa = PBXFileReference; explicitFileType = wrapper.framework; includeInIndex = 0; path = Pods_PlannerDiary.framework; sourceTree = BUILT_PRODUCTS_DIR; };
		6D97470755F247C52F95F42E /* Pods-PlannerDiary.debug.xcconfig */ = {isa = PBXFileReference; includeInIndex = 1; lastKnownFileType = text.xcconfig; name = "Pods-PlannerDiary.debug.xcconfig"; path = "../Pods/Target Support Files/Pods-PlannerDiary/Pods-PlannerDiary.debug.xcconfig"; sourceTree = "<group>"; };
		9E0D3F2421F19A8200A37A33 /* SiceMenuCell.swift */ = {isa = PBXFileReference; lastKnownFileType = sourcecode.swift; path = SiceMenuCell.swift; sourceTree = "<group>"; };
		9E3D81AE21EDA7DE00019652 /* Define.swift */ = {isa = PBXFileReference; lastKnownFileType = sourcecode.swift; path = Define.swift; sourceTree = "<group>"; };
		9E73755E21F01A97009FF9F4 /* UIColor+hexString.swift */ = {isa = PBXFileReference; lastKnownFileType = sourcecode.swift; path = "UIColor+hexString.swift"; sourceTree = "<group>"; };
		9E73756121F041E0009FF9F4 /* OwnerInfo.swift */ = {isa = PBXFileReference; lastKnownFileType = sourcecode.swift; path = OwnerInfo.swift; sourceTree = "<group>"; };
		9E92FA1121EC5DFC000EDBBF /* String+Substring.swift */ = {isa = PBXFileReference; lastKnownFileType = sourcecode.swift; path = "String+Substring.swift"; sourceTree = "<group>"; };
		9E92FA1321EC7B7B000EDBBF /* icon_today@3x.png */ = {isa = PBXFileReference; lastKnownFileType = image.png; path = "icon_today@3x.png"; sourceTree = "<group>"; };
		9E92FA1421EC7B7B000EDBBF /* icon_today@2x.png */ = {isa = PBXFileReference; lastKnownFileType = image.png; path = "icon_today@2x.png"; sourceTree = "<group>"; };
		9E954C9021F83106006356BF /* CalendarLunar.swift */ = {isa = PBXFileReference; lastKnownFileType = sourcecode.swift; path = CalendarLunar.swift; sourceTree = "<group>"; };
		9E95CD5621DEE2270026556A /* Common.storyboard */ = {isa = PBXFileReference; lastKnownFileType = file.storyboard; path = Common.storyboard; sourceTree = "<group>"; };
		9E95CD5921DEE3220026556A /* RoundLineView.swift */ = {isa = PBXFileReference; lastKnownFileType = sourcecode.swift; path = RoundLineView.swift; sourceTree = "<group>"; };
		9E95CD5E21DF1B030026556A /* CommonUtil.swift */ = {isa = PBXFileReference; lastKnownFileType = sourcecode.swift; path = CommonUtil.swift; sourceTree = "<group>"; };
		9E95CD6421DF28570026556A /* BasePopup.swift */ = {isa = PBXFileReference; lastKnownFileType = sourcecode.swift; path = BasePopup.swift; sourceTree = "<group>"; };
		9E9BF9AC21D9D62A001ECF40 /* PlannerDiary.app */ = {isa = PBXFileReference; explicitFileType = wrapper.application; includeInIndex = 0; path = PlannerDiary.app; sourceTree = BUILT_PRODUCTS_DIR; };
		9E9BF9AF21D9D62A001ECF40 /* AppDelegate.swift */ = {isa = PBXFileReference; lastKnownFileType = sourcecode.swift; path = AppDelegate.swift; sourceTree = "<group>"; };
		9E9BF9B621D9D62C001ECF40 /* Assets.xcassets */ = {isa = PBXFileReference; lastKnownFileType = folder.assetcatalog; path = Assets.xcassets; sourceTree = "<group>"; };
		9E9BF9BB21D9D62C001ECF40 /* Info.plist */ = {isa = PBXFileReference; lastKnownFileType = text.plist.xml; path = Info.plist; sourceTree = "<group>"; };
		9E9BF9C321D9D857001ECF40 /* bg_launcher3.png */ = {isa = PBXFileReference; lastKnownFileType = image.png; path = bg_launcher3.png; sourceTree = "<group>"; };
		9E9BF9C421D9D857001ECF40 /* bg_launcher2.png */ = {isa = PBXFileReference; lastKnownFileType = image.png; path = bg_launcher2.png; sourceTree = "<group>"; };
		9E9BF9C521D9D857001ECF40 /* bg_launcher1.png */ = {isa = PBXFileReference; lastKnownFileType = image.png; path = bg_launcher1.png; sourceTree = "<group>"; };
		9E9BF9C621D9D857001ECF40 /* bg_launcher4.png */ = {isa = PBXFileReference; lastKnownFileType = image.png; path = bg_launcher4.png; sourceTree = "<group>"; };
		9E9BF9D021D9DED1001ECF40 /* LaunchScreen.storyboard */ = {isa = PBXFileReference; fileEncoding = 4; lastKnownFileType = file.storyboard; path = LaunchScreen.storyboard; sourceTree = "<group>"; };
		9E9BF9D121D9DED1001ECF40 /* Main.storyboard */ = {isa = PBXFileReference; fileEncoding = 4; lastKnownFileType = file.storyboard; path = Main.storyboard; sourceTree = "<group>"; };
		9E9BF9E121D9FB85001ECF40 /* UnderlineTextField.swift */ = {isa = PBXFileReference; lastKnownFileType = sourcecode.swift; path = UnderlineTextField.swift; sourceTree = "<group>"; };
		9EC46C5521F6B62D00765274 /* ModelDBHoliday.swift */ = {isa = PBXFileReference; lastKnownFileType = sourcecode.swift; path = ModelDBHoliday.swift; sourceTree = "<group>"; };
		9EC46C5721F6B64000765274 /* ModelHoliday.swift */ = {isa = PBXFileReference; lastKnownFileType = sourcecode.swift; path = ModelHoliday.swift; sourceTree = "<group>"; };
		9ECBAFB221E8814800A281C6 /* SideMenuViewController.swift */ = {isa = PBXFileReference; fileEncoding = 4; lastKnownFileType = sourcecode.swift; path = SideMenuViewController.swift; sourceTree = "<group>"; };
		9ECBAFB421E885DB00A281C6 /* icon_close@2x.png */ = {isa = PBXFileReference; lastKnownFileType = image.png; path = "icon_close@2x.png"; sourceTree = "<group>"; };
		9ECBAFB521E885DB00A281C6 /* icon_close@3x.png */ = {isa = PBXFileReference; lastKnownFileType = image.png; path = "icon_close@3x.png"; sourceTree = "<group>"; };
		9ECBAFB821E886D800A281C6 /* SettingViewController.swift */ = {isa = PBXFileReference; fileEncoding = 4; lastKnownFileType = sourcecode.swift; path = SettingViewController.swift; sourceTree = "<group>"; };
		9EF4A1E321E472B500DCD2A6 /* RoundLineButton.swift */ = {isa = PBXFileReference; lastKnownFileType = sourcecode.swift; path = RoundLineButton.swift; sourceTree = "<group>"; };
		9EF9183821E6DCE500196E53 /* icon_menu@2x.png */ = {isa = PBXFileReference; lastKnownFileType = image.png; path = "icon_menu@2x.png"; sourceTree = "<group>"; };
		9EF9183A21E6DCE600196E53 /* icon_menu@3x.png */ = {isa = PBXFileReference; lastKnownFileType = image.png; path = "icon_menu@3x.png"; sourceTree = "<group>"; };
		9EF9183F21E70C2200196E53 /* icon_loading@3x.png */ = {isa = PBXFileReference; lastKnownFileType = image.png; path = "icon_loading@3x.png"; sourceTree = "<group>"; };
		9EF9184021E70C2200196E53 /* icon_loading@2x.png */ = {isa = PBXFileReference; lastKnownFileType = image.png; path = "icon_loading@2x.png"; sourceTree = "<group>"; };
		9EF9184121E70C2300196E53 /* icon_save@2x.png */ = {isa = PBXFileReference; lastKnownFileType = image.png; path = "icon_save@2x.png"; sourceTree = "<group>"; };
		9EF9184221E70C2300196E53 /* icon_save@3x.png */ = {isa = PBXFileReference; lastKnownFileType = image.png; path = "icon_save@3x.png"; sourceTree = "<group>"; };
		D665B0C019E62E6C5402BBB7 /* Pods-PlannerDiary.release.xcconfig */ = {isa = PBXFileReference; includeInIndex = 1; lastKnownFileType = text.xcconfig; name = "Pods-PlannerDiary.release.xcconfig"; path = "../Pods/Target Support Files/Pods-PlannerDiary/Pods-PlannerDiary.release.xcconfig"; sourceTree = "<group>"; };
		D9000E2621EE0C95007A4E92 /* DBManager.swift */ = {isa = PBXFileReference; lastKnownFileType = sourcecode.swift; path = DBManager.swift; sourceTree = "<group>"; };
		D900D28F21EAE8150012E58F /* InfiniteScrollView.swift */ = {isa = PBXFileReference; fileEncoding = 4; lastKnownFileType = sourcecode.swift; path = InfiniteScrollView.swift; sourceTree = "<group>"; };
		D900D29121EAEF7E0012E58F /* CalendarManager.swift */ = {isa = PBXFileReference; lastKnownFileType = sourcecode.swift; path = CalendarManager.swift; sourceTree = "<group>"; };
		D9019AF121E0AFC100C59EBC /* PlaceholderTextView.swift */ = {isa = PBXFileReference; lastKnownFileType = sourcecode.swift; path = PlaceholderTextView.swift; sourceTree = "<group>"; };
		D905858521F5E7F400A491E5 /* AlamofireHelper.swift */ = {isa = PBXFileReference; lastKnownFileType = sourcecode.swift; path = AlamofireHelper.swift; sourceTree = "<group>"; };
		D905858721F5E84B00A491E5 /* URLs.swift */ = {isa = PBXFileReference; lastKnownFileType = sourcecode.swift; path = URLs.swift; sourceTree = "<group>"; };
		D915AFE121EAFF78002129B5 /* CalendarDayCell.swift */ = {isa = PBXFileReference; fileEncoding = 4; lastKnownFileType = sourcecode.swift; path = CalendarDayCell.swift; sourceTree = "<group>"; };
		D915AFE221EAFF78002129B5 /* MonthlyPlanViewController.swift */ = {isa = PBXFileReference; fileEncoding = 4; lastKnownFileType = sourcecode.swift; path = MonthlyPlanViewController.swift; sourceTree = "<group>"; };
		D915AFE321EAFF78002129B5 /* CalendarMonthViewController.swift */ = {isa = PBXFileReference; fileEncoding = 4; lastKnownFileType = sourcecode.swift; path = CalendarMonthViewController.swift; sourceTree = "<group>"; };
		D915AFE721EB1810002129B5 /* icon_setting@2x.png */ = {isa = PBXFileReference; lastKnownFileType = image.png; path = "icon_setting@2x.png"; sourceTree = "<group>"; };
		D915AFE821EB1811002129B5 /* icon_navigation_next@3x.png */ = {isa = PBXFileReference; lastKnownFileType = image.png; path = "icon_navigation_next@3x.png"; sourceTree = "<group>"; };
		D915AFE921EB1811002129B5 /* icon_setting@3x.png */ = {isa = PBXFileReference; lastKnownFileType = image.png; path = "icon_setting@3x.png"; sourceTree = "<group>"; };
		D915AFEA21EB1811002129B5 /* icon_delete@3x.png */ = {isa = PBXFileReference; lastKnownFileType = image.png; path = "icon_delete@3x.png"; sourceTree = "<group>"; };
		D915AFEB21EB1811002129B5 /* icon_navigation_back@3x.png */ = {isa = PBXFileReference; lastKnownFileType = image.png; path = "icon_navigation_back@3x.png"; sourceTree = "<group>"; };
		D915AFEC21EB1811002129B5 /* icon_navigation_next@2x.png */ = {isa = PBXFileReference; lastKnownFileType = image.png; path = "icon_navigation_next@2x.png"; sourceTree = "<group>"; };
		D915AFED21EB1812002129B5 /* icon_delete@2x.png */ = {isa = PBXFileReference; lastKnownFileType = image.png; path = "icon_delete@2x.png"; sourceTree = "<group>"; };
		D915AFEE21EB1812002129B5 /* icon_navigation_back@2x.png */ = {isa = PBXFileReference; lastKnownFileType = image.png; path = "icon_navigation_back@2x.png"; sourceTree = "<group>"; };
		D9F5D38721DB41C1003B4AD5 /* FocusManager.swift */ = {isa = PBXFileReference; lastKnownFileType = sourcecode.swift; path = FocusManager.swift; sourceTree = "<group>"; };
		D9FB06D221FD7133006C4DCA /* CustomPageControlView.swift */ = {isa = PBXFileReference; lastKnownFileType = sourcecode.swift; path = CustomPageControlView.swift; sourceTree = "<group>"; };
		D9FE472821E20D1B002142B8 /* bg_img_month-8.jpg */ = {isa = PBXFileReference; lastKnownFileType = image.jpeg; path = "bg_img_month-8.jpg"; sourceTree = "<group>"; };
		D9FE472921E20D1B002142B8 /* bg_img_month-10.jpg */ = {isa = PBXFileReference; lastKnownFileType = image.jpeg; path = "bg_img_month-10.jpg"; sourceTree = "<group>"; };
		D9FE472A21E20D1B002142B8 /* bg_img_month-11.jpg */ = {isa = PBXFileReference; lastKnownFileType = image.jpeg; path = "bg_img_month-11.jpg"; sourceTree = "<group>"; };
		D9FE472B21E20D1B002142B8 /* bg_img_month-9.jpg */ = {isa = PBXFileReference; lastKnownFileType = image.jpeg; path = "bg_img_month-9.jpg"; sourceTree = "<group>"; };
		D9FE472C21E20D1B002142B8 /* bg_img_month-12.jpg */ = {isa = PBXFileReference; lastKnownFileType = image.jpeg; path = "bg_img_month-12.jpg"; sourceTree = "<group>"; };
		D9FE472D21E20D1B002142B8 /* bg_img_month-1.jpg */ = {isa = PBXFileReference; lastKnownFileType = image.jpeg; path = "bg_img_month-1.jpg"; sourceTree = "<group>"; };
		D9FE472E21E20D1B002142B8 /* bg_img_month-2.jpg */ = {isa = PBXFileReference; lastKnownFileType = image.jpeg; path = "bg_img_month-2.jpg"; sourceTree = "<group>"; };
		D9FE472F21E20D1B002142B8 /* bg_img_month-3.jpg */ = {isa = PBXFileReference; lastKnownFileType = image.jpeg; path = "bg_img_month-3.jpg"; sourceTree = "<group>"; };
		D9FE473021E20D1B002142B8 /* bg_img_month-7.jpg */ = {isa = PBXFileReference; lastKnownFileType = image.jpeg; path = "bg_img_month-7.jpg"; sourceTree = "<group>"; };
		D9FE473121E20D1B002142B8 /* bg_img_month-6.jpg */ = {isa = PBXFileReference; lastKnownFileType = image.jpeg; path = "bg_img_month-6.jpg"; sourceTree = "<group>"; };
		D9FE473221E20D1B002142B8 /* bg_img_month-4.jpg */ = {isa = PBXFileReference; lastKnownFileType = image.jpeg; path = "bg_img_month-4.jpg"; sourceTree = "<group>"; };
		D9FE473321E20D1B002142B8 /* bg_img_month-5.jpg */ = {isa = PBXFileReference; lastKnownFileType = image.jpeg; path = "bg_img_month-5.jpg"; sourceTree = "<group>"; };
		D9FED00621FC2FCB00689BC9 /* PromptMessagePopup.swift */ = {isa = PBXFileReference; fileEncoding = 4; lastKnownFileType = sourcecode.swift; path = PromptMessagePopup.swift; sourceTree = "<group>"; };
		D9FED01C21FC4BA900689BC9 /* icon_remove@3x.png */ = {isa = PBXFileReference; lastKnownFileType = image.png; path = "icon_remove@3x.png"; sourceTree = "<group>"; };
		D9FED01D21FC4BA900689BC9 /* icon_date_range@2x.png */ = {isa = PBXFileReference; lastKnownFileType = image.png; path = "icon_date_range@2x.png"; sourceTree = "<group>"; };
		D9FED01E21FC4BA900689BC9 /* icon_event@2x.png */ = {isa = PBXFileReference; lastKnownFileType = image.png; path = "icon_event@2x.png"; sourceTree = "<group>"; };
		D9FED01F21FC4BA900689BC9 /* icon_remove@2x.png */ = {isa = PBXFileReference; lastKnownFileType = image.png; path = "icon_remove@2x.png"; sourceTree = "<group>"; };
		D9FED02021FC4BA900689BC9 /* icon_date_range@3x.png */ = {isa = PBXFileReference; lastKnownFileType = image.png; path = "icon_date_range@3x.png"; sourceTree = "<group>"; };
		D9FED02121FC4BA900689BC9 /* icon_add@2x.png */ = {isa = PBXFileReference; lastKnownFileType = image.png; path = "icon_add@2x.png"; sourceTree = "<group>"; };
		D9FED02221FC4BA900689BC9 /* icon_event@3x.png */ = {isa = PBXFileReference; lastKnownFileType = image.png; path = "icon_event@3x.png"; sourceTree = "<group>"; };
		D9FED02321FC4BA900689BC9 /* icon_add@3x.png */ = {isa = PBXFileReference; lastKnownFileType = image.png; path = "icon_add@3x.png"; sourceTree = "<group>"; };
		D9FED02421FC4BA900689BC9 /* icon_refresh@2x.png */ = {isa = PBXFileReference; lastKnownFileType = image.png; path = "icon_refresh@2x.png"; sourceTree = "<group>"; };
		D9FED02521FC4BA900689BC9 /* icon_refresh@3x.png */ = {isa = PBXFileReference; lastKnownFileType = image.png; path = "icon_refresh@3x.png"; sourceTree = "<group>"; };
		D9FF72D921E76BF800A0A279 /* AlertMessagePopup.swift */ = {isa = PBXFileReference; fileEncoding = 4; lastKnownFileType = sourcecode.swift; path = AlertMessagePopup.swift; sourceTree = "<group>"; };
		D9FF72DC21E76BF800A0A279 /* DiaryPageViewController.swift */ = {isa = PBXFileReference; fileEncoding = 4; lastKnownFileType = sourcecode.swift; path = DiaryPageViewController.swift; sourceTree = "<group>"; };
		D9FF72DD21E76BF800A0A279 /* DiarayPageHeaderCell.swift */ = {isa = PBXFileReference; fileEncoding = 4; lastKnownFileType = sourcecode.swift; path = DiarayPageHeaderCell.swift; sourceTree = "<group>"; };
		D9FF72E021E76BF800A0A279 /* ProfileViewController.swift */ = {isa = PBXFileReference; fileEncoding = 4; lastKnownFileType = sourcecode.swift; path = ProfileViewController.swift; sourceTree = "<group>"; };
		D9FF72E121E76BF800A0A279 /* PlannerViewController.swift */ = {isa = PBXFileReference; fileEncoding = 4; lastKnownFileType = sourcecode.swift; path = PlannerViewController.swift; sourceTree = "<group>"; };
		D9FF72E221E76BF800A0A279 /* DiaryPageCell.swift */ = {isa = PBXFileReference; fileEncoding = 4; lastKnownFileType = sourcecode.swift; path = DiaryPageCell.swift; sourceTree = "<group>"; };
		D9FF72EC21E76F6C00A0A279 /* LoaddingPopup.swift */ = {isa = PBXFileReference; lastKnownFileType = sourcecode.swift; path = LoaddingPopup.swift; sourceTree = "<group>"; };
/* End PBXFileReference section */

/* Begin PBXFrameworksBuildPhase section */
		9E9BF9A921D9D62A001ECF40 /* Frameworks */ = {
			isa = PBXFrameworksBuildPhase;
			buildActionMask = 2147483647;
			files = (
				586B8E11E4DE2EC1F029C525 /* Pods_PlannerDiary.framework in Frameworks */,
			);
			runOnlyForDeploymentPostprocessing = 0;
		};
/* End PBXFrameworksBuildPhase section */

/* Begin PBXGroup section */
		4EE679F5385A789E8AC3AAC9 /* Frameworks */ = {
			isa = PBXGroup;
			children = (
				60EE9551E590CDBDDA1B5BD1 /* Pods_PlannerDiary.framework */,
			);
			name = Frameworks;
			sourceTree = "<group>";
		};
		50398C1832B3228E12E7D692 /* Pods */ = {
			isa = PBXGroup;
			children = (
				6D97470755F247C52F95F42E /* Pods-PlannerDiary.debug.xcconfig */,
				D665B0C019E62E6C5402BBB7 /* Pods-PlannerDiary.release.xcconfig */,
			);
			name = Pods;
			sourceTree = "<group>";
		};
		9E73756021F041CC009FF9F4 /* Models */ = {
			isa = PBXGroup;
			children = (
				9E73756121F041E0009FF9F4 /* OwnerInfo.swift */,
				9EC46C5721F6B64000765274 /* ModelHoliday.swift */,
				9EC46C5521F6B62D00765274 /* ModelDBHoliday.swift */,
			);
			path = Models;
			sourceTree = "<group>";
		};
		9E92FA1021EC5D40000EDBBF /* Extensions */ = {
			isa = PBXGroup;
			children = (
				9E92FA1121EC5DFC000EDBBF /* String+Substring.swift */,
				9E73755E21F01A97009FF9F4 /* UIColor+hexString.swift */,
			);
			path = Extensions;
			sourceTree = "<group>";
		};
		9E95CD5821DEE2F10026556A /* NainPatch */ = {
			isa = PBXGroup;
			children = (
				9E95CD5921DEE3220026556A /* RoundLineView.swift */,
			);
			path = NainPatch;
			sourceTree = "<group>";
		};
		9E95CD5B21DEECAD0026556A /* CustomPopup */ = {
			isa = PBXGroup;
			children = (
				9E95CD6421DF28570026556A /* BasePopup.swift */,
			);
			path = CustomPopup;
			sourceTree = "<group>";
		};
		9E9BF9A321D9D62A001ECF40 = {
			isa = PBXGroup;
			children = (
				9E9BF9AE21D9D62A001ECF40 /* PlannerDiary */,
				9E9BF9AD21D9D62A001ECF40 /* Products */,
				50398C1832B3228E12E7D692 /* Pods */,
				4EE679F5385A789E8AC3AAC9 /* Frameworks */,
			);
			sourceTree = "<group>";
		};
		9E9BF9AD21D9D62A001ECF40 /* Products */ = {
			isa = PBXGroup;
			children = (
				9E9BF9AC21D9D62A001ECF40 /* PlannerDiary.app */,
			);
			name = Products;
			sourceTree = "<group>";
		};
		9E9BF9AE21D9D62A001ECF40 /* PlannerDiary */ = {
			isa = PBXGroup;
			children = (
				9E73756021F041CC009FF9F4 /* Models */,
				9E92FA1021EC5D40000EDBBF /* Extensions */,
				9E9BF9CE21D9DEB4001ECF40 /* Classed */,
				9E9BF9CC21D9DEB4001ECF40 /* Common */,
				9E9BF9CD21D9DEB4001ECF40 /* Component */,
				9E9BF9CB21D9DEB4001ECF40 /* StoryBoard */,
				9E9BF9C121D9D857001ECF40 /* Images */,
				9E9BF9AF21D9D62A001ECF40 /* AppDelegate.swift */,
				9E9BF9B621D9D62C001ECF40 /* Assets.xcassets */,
				9E9BF9BB21D9D62C001ECF40 /* Info.plist */,
			);
			path = PlannerDiary;
			sourceTree = "<group>";
		};
		9E9BF9C121D9D857001ECF40 /* Images */ = {
			isa = PBXGroup;
			children = (
				D9FE472721E20D1B002142B8 /* Calendar */,
				D9FE471A21E1F847002142B8 /* Common */,
				9E9BF9C221D9D857001ECF40 /* BackGround */,
			);
			path = Images;
			sourceTree = "<group>";
		};
		9E9BF9C221D9D857001ECF40 /* BackGround */ = {
			isa = PBXGroup;
			children = (
				9E9BF9C321D9D857001ECF40 /* bg_launcher3.png */,
				9E9BF9C421D9D857001ECF40 /* bg_launcher2.png */,
				9E9BF9C521D9D857001ECF40 /* bg_launcher1.png */,
				9E9BF9C621D9D857001ECF40 /* bg_launcher4.png */,
			);
			path = BackGround;
			sourceTree = "<group>";
		};
		9E9BF9CB21D9DEB4001ECF40 /* StoryBoard */ = {
			isa = PBXGroup;
			children = (
				9E9BF9D021D9DED1001ECF40 /* LaunchScreen.storyboard */,
				9E95CD5621DEE2270026556A /* Common.storyboard */,
				9E9BF9D121D9DED1001ECF40 /* Main.storyboard */,
			);
			path = StoryBoard;
			sourceTree = "<group>";
		};
		9E9BF9CC21D9DEB4001ECF40 /* Common */ = {
			isa = PBXGroup;
			children = (
				9E3D81AE21EDA7DE00019652 /* Define.swift */,
				D905858721F5E84B00A491E5 /* URLs.swift */,
				9E95CD5E21DF1B030026556A /* CommonUtil.swift */,
				D905858221F5E7AB00A491E5 /* AlamofireHelper */,
				D9F5D38621DB41AA003B4AD5 /* Managers */,
			);
			path = Common;
			sourceTree = "<group>";
		};
		9E9BF9CD21D9DEB4001ECF40 /* Component */ = {
			isa = PBXGroup;
			children = (
				D9FB06D121FD70C9006C4DCA /* CustomPageControl */,
				D900D28E21EAE8150012E58F /* CustomScrollView */,
				9EF4A1E221E4729500DCD2A6 /* RoundLineButton */,
				D9019AEF21E0AFA400C59EBC /* PlaceholderTextView */,
				9E95CD5B21DEECAD0026556A /* CustomPopup */,
				9E95CD5821DEE2F10026556A /* NainPatch */,
				9E9BF9DD21D9F59C001ECF40 /* UnderLineTextField */,
			);
			path = Component;
			sourceTree = "<group>";
		};
		9E9BF9CE21D9DEB4001ECF40 /* Classed */ = {
			isa = PBXGroup;
			children = (
				D9FF72D821E76BF800A0A279 /* Common */,
				D9FF72DA21E76BF800A0A279 /* Main */,
			);
			path = Classed;
			sourceTree = "<group>";
		};
		9E9BF9DD21D9F59C001ECF40 /* UnderLineTextField */ = {
			isa = PBXGroup;
			children = (
				9E9BF9E121D9FB85001ECF40 /* UnderlineTextField.swift */,
			);
			path = UnderLineTextField;
			sourceTree = "<group>";
		};
		9ECBAFB121E8814800A281C6 /* SideMenu */ = {
			isa = PBXGroup;
			children = (
				9ECBAFB221E8814800A281C6 /* SideMenuViewController.swift */,
				9E0D3F2421F19A8200A37A33 /* SiceMenuCell.swift */,
			);
			path = SideMenu;
			sourceTree = "<group>";
		};
		9EF4A1E221E4729500DCD2A6 /* RoundLineButton */ = {
			isa = PBXGroup;
			children = (
				9EF4A1E321E472B500DCD2A6 /* RoundLineButton.swift */,
			);
			path = RoundLineButton;
			sourceTree = "<group>";
		};
		D900D28E21EAE8150012E58F /* CustomScrollView */ = {
			isa = PBXGroup;
			children = (
				D900D28F21EAE8150012E58F /* InfiniteScrollView.swift */,
			);
			path = CustomScrollView;
			sourceTree = "<group>";
		};
		D9019AEF21E0AFA400C59EBC /* PlaceholderTextView */ = {
			isa = PBXGroup;
			children = (
				D9019AF121E0AFC100C59EBC /* PlaceholderTextView.swift */,
			);
			path = PlaceholderTextView;
			sourceTree = "<group>";
		};
		D905858221F5E7AB00A491E5 /* AlamofireHelper */ = {
			isa = PBXGroup;
			children = (
				D905858521F5E7F400A491E5 /* AlamofireHelper.swift */,
			);
			path = AlamofireHelper;
			sourceTree = "<group>";
		};
		D915AFE021EAFF78002129B5 /* Calendar */ = {
			isa = PBXGroup;
			children = (
				D915AFE221EAFF78002129B5 /* MonthlyPlanViewController.swift */,
				D915AFE321EAFF78002129B5 /* CalendarMonthViewController.swift */,
				D915AFE121EAFF78002129B5 /* CalendarDayCell.swift */,
			);
			path = Calendar;
			sourceTree = "<group>";
		};
		D9F5D38621DB41AA003B4AD5 /* Managers */ = {
			isa = PBXGroup;
			children = (
				D9F5D38721DB41C1003B4AD5 /* FocusManager.swift */,
				D900D29121EAEF7E0012E58F /* CalendarManager.swift */,
				D9000E2621EE0C95007A4E92 /* DBManager.swift */,
				9E954C9021F83106006356BF /* CalendarLunar.swift */,
			);
			path = Managers;
			sourceTree = "<group>";
		};
		D9FB06D121FD70C9006C4DCA /* CustomPageControl */ = {
			isa = PBXGroup;
			children = (
				D9FB06D221FD7133006C4DCA /* CustomPageControlView.swift */,
			);
			path = CustomPageControl;
			sourceTree = "<group>";
		};
		D9FE471A21E1F847002142B8 /* Common */ = {
			isa = PBXGroup;
			children = (
				D9FED02121FC4BA900689BC9 /* icon_add@2x.png */,
				D9FED02321FC4BA900689BC9 /* icon_add@3x.png */,
				D9FED01D21FC4BA900689BC9 /* icon_date_range@2x.png */,
				D9FED02021FC4BA900689BC9 /* icon_date_range@3x.png */,
				D9FED01E21FC4BA900689BC9 /* icon_event@2x.png */,
				D9FED02221FC4BA900689BC9 /* icon_event@3x.png */,
				D9FED02421FC4BA900689BC9 /* icon_refresh@2x.png */,
				D9FED02521FC4BA900689BC9 /* icon_refresh@3x.png */,
				D9FED01F21FC4BA900689BC9 /* icon_remove@2x.png */,
				D9FED01C21FC4BA900689BC9 /* icon_remove@3x.png */,
				D915AFED21EB1812002129B5 /* icon_delete@2x.png */,
				D915AFEA21EB1811002129B5 /* icon_delete@3x.png */,
				D915AFEE21EB1812002129B5 /* icon_navigation_back@2x.png */,
				D915AFEB21EB1811002129B5 /* icon_navigation_back@3x.png */,
				D915AFEC21EB1811002129B5 /* icon_navigation_next@2x.png */,
				D915AFE821EB1811002129B5 /* icon_navigation_next@3x.png */,
				D915AFE721EB1810002129B5 /* icon_setting@2x.png */,
				D915AFE921EB1811002129B5 /* icon_setting@3x.png */,
				9ECBAFB421E885DB00A281C6 /* icon_close@2x.png */,
				9ECBAFB521E885DB00A281C6 /* icon_close@3x.png */,
				9EF9184021E70C2200196E53 /* icon_loading@2x.png */,
				9EF9183F21E70C2200196E53 /* icon_loading@3x.png */,
				9EF9184121E70C2300196E53 /* icon_save@2x.png */,
				9EF9184221E70C2300196E53 /* icon_save@3x.png */,
				9EF9183821E6DCE500196E53 /* icon_menu@2x.png */,
				9EF9183A21E6DCE600196E53 /* icon_menu@3x.png */,
			);
			path = Common;
			sourceTree = "<group>";
		};
		D9FE472721E20D1B002142B8 /* Calendar */ = {
			isa = PBXGroup;
			children = (
				9E92FA1421EC7B7B000EDBBF /* icon_today@2x.png */,
				9E92FA1321EC7B7B000EDBBF /* icon_today@3x.png */,
				D9FE472821E20D1B002142B8 /* bg_img_month-8.jpg */,
				D9FE472921E20D1B002142B8 /* bg_img_month-10.jpg */,
				D9FE472A21E20D1B002142B8 /* bg_img_month-11.jpg */,
				D9FE472B21E20D1B002142B8 /* bg_img_month-9.jpg */,
				D9FE472C21E20D1B002142B8 /* bg_img_month-12.jpg */,
				D9FE472D21E20D1B002142B8 /* bg_img_month-1.jpg */,
				D9FE472E21E20D1B002142B8 /* bg_img_month-2.jpg */,
				D9FE472F21E20D1B002142B8 /* bg_img_month-3.jpg */,
				D9FE473021E20D1B002142B8 /* bg_img_month-7.jpg */,
				D9FE473121E20D1B002142B8 /* bg_img_month-6.jpg */,
				D9FE473221E20D1B002142B8 /* bg_img_month-4.jpg */,
				D9FE473321E20D1B002142B8 /* bg_img_month-5.jpg */,
			);
			path = Calendar;
			sourceTree = "<group>";
		};
		D9FF72D821E76BF800A0A279 /* Common */ = {
			isa = PBXGroup;
			children = (
				D9FF72D921E76BF800A0A279 /* AlertMessagePopup.swift */,
				D9FED00621FC2FCB00689BC9 /* PromptMessagePopup.swift */,
				D9FF72EC21E76F6C00A0A279 /* LoaddingPopup.swift */,
			);
			path = Common;
			sourceTree = "<group>";
		};
		D9FF72DA21E76BF800A0A279 /* Main */ = {
			isa = PBXGroup;
			children = (
				D915AFE021EAFF78002129B5 /* Calendar */,
				9ECBAFB121E8814800A281C6 /* SideMenu */,
				D9FF72DC21E76BF800A0A279 /* DiaryPageViewController.swift */,
				D9FF72DD21E76BF800A0A279 /* DiarayPageHeaderCell.swift */,
				D9FF72E221E76BF800A0A279 /* DiaryPageCell.swift */,
				D9FF72E021E76BF800A0A279 /* ProfileViewController.swift */,
				D9FF72E121E76BF800A0A279 /* PlannerViewController.swift */,
				9ECBAFB821E886D800A281C6 /* SettingViewController.swift */,
			);
			path = Main;
			sourceTree = "<group>";
		};
/* End PBXGroup section */

/* Begin PBXNativeTarget section */
		9E9BF9AB21D9D62A001ECF40 /* PlannerDiary */ = {
			isa = PBXNativeTarget;
			buildConfigurationList = 9E9BF9BE21D9D62C001ECF40 /* Build configuration list for PBXNativeTarget "PlannerDiary" */;
			buildPhases = (
				0C0C74B7D3E5EF01581B8CD7 /* [CP] Check Pods Manifest.lock */,
				9E9BF9A821D9D62A001ECF40 /* Sources */,
				9E9BF9A921D9D62A001ECF40 /* Frameworks */,
				9E9BF9AA21D9D62A001ECF40 /* Resources */,
				8390BD4DC12A589D423689F5 /* [CP] Embed Pods Frameworks */,
				9E3D81AD21ED7D4800019652 /* ShellScript */,
			);
			buildRules = (
			);
			dependencies = (
			);
			name = PlannerDiary;
			productName = PlannerDiary;
			productReference = 9E9BF9AC21D9D62A001ECF40 /* PlannerDiary.app */;
			productType = "com.apple.product-type.application";
		};
/* End PBXNativeTarget section */

/* Begin PBXProject section */
		9E9BF9A421D9D62A001ECF40 /* Project object */ = {
			isa = PBXProject;
			attributes = {
				LastSwiftUpdateCheck = 1010;
				LastUpgradeCheck = 1010;
				ORGANIZATIONNAME = sama73;
				TargetAttributes = {
					9E9BF9AB21D9D62A001ECF40 = {
						CreatedOnToolsVersion = 10.1;
					};
				};
			};
			buildConfigurationList = 9E9BF9A721D9D62A001ECF40 /* Build configuration list for PBXProject "PlannerDiary" */;
			compatibilityVersion = "Xcode 9.3";
			developmentRegion = en;
			hasScannedForEncodings = 0;
			knownRegions = (
				en,
				Base,
			);
			mainGroup = 9E9BF9A321D9D62A001ECF40;
			productRefGroup = 9E9BF9AD21D9D62A001ECF40 /* Products */;
			projectDirPath = "";
			projectRoot = "";
			targets = (
				9E9BF9AB21D9D62A001ECF40 /* PlannerDiary */,
			);
		};
/* End PBXProject section */

/* Begin PBXResourcesBuildPhase section */
		9E9BF9AA21D9D62A001ECF40 /* Resources */ = {
			isa = PBXResourcesBuildPhase;
			buildActionMask = 2147483647;
			files = (
				D9FE473421E20D1B002142B8 /* bg_img_month-8.jpg in Resources */,
				9ECBAFB721E885DB00A281C6 /* icon_close@3x.png in Resources */,
				D9FE473F21E20D1B002142B8 /* bg_img_month-5.jpg in Resources */,
				D9FED02921FC4BA900689BC9 /* icon_remove@2x.png in Resources */,
				9EF9183E21E6DCE600196E53 /* icon_menu@3x.png in Resources */,
				9EF9184621E70C2400196E53 /* icon_save@3x.png in Resources */,
				D915AFEF21EB1812002129B5 /* icon_setting@2x.png in Resources */,
				9E9BF9C721D9D857001ECF40 /* bg_launcher3.png in Resources */,
				D9FED02E21FC4BA900689BC9 /* icon_refresh@2x.png in Resources */,
				D915AFF021EB1812002129B5 /* icon_navigation_next@3x.png in Resources */,
				D915AFF621EB1812002129B5 /* icon_navigation_back@2x.png in Resources */,
				D9FE473921E20D1B002142B8 /* bg_img_month-1.jpg in Resources */,
				9E95CD5721DEE2270026556A /* Common.storyboard in Resources */,
				D915AFF121EB1812002129B5 /* icon_setting@3x.png in Resources */,
				D915AFF221EB1812002129B5 /* icon_delete@3x.png in Resources */,
				9ECBAFB621E885DB00A281C6 /* icon_close@2x.png in Resources */,
				D9FED02821FC4BA900689BC9 /* icon_event@2x.png in Resources */,
				D9FE473B21E20D1B002142B8 /* bg_img_month-3.jpg in Resources */,
				9E9BF9D221D9DED1001ECF40 /* LaunchScreen.storyboard in Resources */,
				D9FE473E21E20D1B002142B8 /* bg_img_month-4.jpg in Resources */,
				D915AFF421EB1812002129B5 /* icon_navigation_next@2x.png in Resources */,
				9EF9184421E70C2400196E53 /* icon_loading@2x.png in Resources */,
				D9FE473821E20D1B002142B8 /* bg_img_month-12.jpg in Resources */,
				9E9BF9B721D9D62C001ECF40 /* Assets.xcassets in Resources */,
				D9FED02F21FC4BA900689BC9 /* icon_refresh@3x.png in Resources */,
				D9FED02721FC4BA900689BC9 /* icon_date_range@2x.png in Resources */,
				9E9BF9C821D9D857001ECF40 /* bg_launcher2.png in Resources */,
				D9FED02C21FC4BA900689BC9 /* icon_event@3x.png in Resources */,
				9EF9184321E70C2400196E53 /* icon_loading@3x.png in Resources */,
				D9FE473A21E20D1B002142B8 /* bg_img_month-2.jpg in Resources */,
				D9FE473D21E20D1B002142B8 /* bg_img_month-6.jpg in Resources */,
				9E92FA1521EC7B7C000EDBBF /* icon_today@3x.png in Resources */,
				D915AFF521EB1812002129B5 /* icon_delete@2x.png in Resources */,
				9EF9183C21E6DCE600196E53 /* icon_menu@2x.png in Resources */,
				D9FE473521E20D1B002142B8 /* bg_img_month-10.jpg in Resources */,
				9E9BF9C921D9D857001ECF40 /* bg_launcher1.png in Resources */,
				9EF9184521E70C2400196E53 /* icon_save@2x.png in Resources */,
				D915AFF321EB1812002129B5 /* icon_navigation_back@3x.png in Resources */,
				D9FED02A21FC4BA900689BC9 /* icon_date_range@3x.png in Resources */,
				D9FE473621E20D1B002142B8 /* bg_img_month-11.jpg in Resources */,
				9E9BF9D321D9DED1001ECF40 /* Main.storyboard in Resources */,
				D9FED02621FC4BA900689BC9 /* icon_remove@3x.png in Resources */,
				9E9BF9CA21D9D857001ECF40 /* bg_launcher4.png in Resources */,
				9E92FA1621EC7B7C000EDBBF /* icon_today@2x.png in Resources */,
				D9FED02B21FC4BA900689BC9 /* icon_add@2x.png in Resources */,
				D9FE473C21E20D1B002142B8 /* bg_img_month-7.jpg in Resources */,
				D9FED02D21FC4BA900689BC9 /* icon_add@3x.png in Resources */,
				D9FE473721E20D1B002142B8 /* bg_img_month-9.jpg in Resources */,
			);
			runOnlyForDeploymentPostprocessing = 0;
		};
/* End PBXResourcesBuildPhase section */

/* Begin PBXShellScriptBuildPhase section */
		0C0C74B7D3E5EF01581B8CD7 /* [CP] Check Pods Manifest.lock */ = {
			isa = PBXShellScriptBuildPhase;
			buildActionMask = 2147483647;
			files = (
			);
			inputPaths = (
				"${PODS_PODFILE_DIR_PATH}/Podfile.lock",
				"${PODS_ROOT}/Manifest.lock",
			);
			name = "[CP] Check Pods Manifest.lock";
			outputPaths = (
				"$(DERIVED_FILE_DIR)/Pods-PlannerDiary-checkManifestLockResult.txt",
			);
			runOnlyForDeploymentPostprocessing = 0;
			shellPath = /bin/sh;
			shellScript = "diff \"${PODS_PODFILE_DIR_PATH}/Podfile.lock\" \"${PODS_ROOT}/Manifest.lock\" > /dev/null\nif [ $? != 0 ] ; then\n    # print error to STDERR\n    echo \"error: The sandbox is not in sync with the Podfile.lock. Run 'pod install' or update your CocoaPods installation.\" >&2\n    exit 1\nfi\n# This output is used by Xcode 'outputs' to avoid re-running this script phase.\necho \"SUCCESS\" > \"${SCRIPT_OUTPUT_FILE_0}\"\n";
			showEnvVarsInLog = 0;
		};
		8390BD4DC12A589D423689F5 /* [CP] Embed Pods Frameworks */ = {
			isa = PBXShellScriptBuildPhase;
			buildActionMask = 2147483647;
			files = (
			);
			inputPaths = (
				"${SRCROOT}/../Pods/Target Support Files/Pods-PlannerDiary/Pods-PlannerDiary-frameworks.sh",
				"${BUILT_PRODUCTS_DIR}/Alamofire/Alamofire.framework",
				"${BUILT_PRODUCTS_DIR}/Realm/Realm.framework",
				"${BUILT_PRODUCTS_DIR}/RealmSwift/RealmSwift.framework",
				"${BUILT_PRODUCTS_DIR}/SideMenuSwift/SideMenuSwift.framework",
			);
			name = "[CP] Embed Pods Frameworks";
			outputPaths = (
				"${TARGET_BUILD_DIR}/${FRAMEWORKS_FOLDER_PATH}/Alamofire.framework",
				"${TARGET_BUILD_DIR}/${FRAMEWORKS_FOLDER_PATH}/Realm.framework",
				"${TARGET_BUILD_DIR}/${FRAMEWORKS_FOLDER_PATH}/RealmSwift.framework",
				"${TARGET_BUILD_DIR}/${FRAMEWORKS_FOLDER_PATH}/SideMenuSwift.framework",
			);
			runOnlyForDeploymentPostprocessing = 0;
			shellPath = /bin/sh;
			shellScript = "\"${SRCROOT}/../Pods/Target Support Files/Pods-PlannerDiary/Pods-PlannerDiary-frameworks.sh\"\n";
			showEnvVarsInLog = 0;
		};
		9E3D81AD21ED7D4800019652 /* ShellScript */ = {
			isa = PBXShellScriptBuildPhase;
			buildActionMask = 2147483647;
			files = (
			);
			inputFileListPaths = (
			);
			inputPaths = (
			);
			outputFileListPaths = (
			);
			outputPaths = (
			);
			runOnlyForDeploymentPostprocessing = 0;
			shellPath = /bin/sh;
			shellScript = "# Type a script or drag a script file from your workspace to insert its path.\n";
		};
/* End PBXShellScriptBuildPhase section */

/* Begin PBXSourcesBuildPhase section */
		9E9BF9A821D9D62A001ECF40 /* Sources */ = {
			isa = PBXSourcesBuildPhase;
			buildActionMask = 2147483647;
			files = (
				D915AFE521EAFF78002129B5 /* MonthlyPlanViewController.swift in Sources */,
				9E9BF9E221D9FB86001ECF40 /* UnderlineTextField.swift in Sources */,
				9E0D3F2521F19A8200A37A33 /* SiceMenuCell.swift in Sources */,
				9EC46C5621F6B62D00765274 /* ModelDBHoliday.swift in Sources */,
				9E73756221F041E0009FF9F4 /* OwnerInfo.swift in Sources */,
				D9FF72E521E76BF800A0A279 /* DiaryPageViewController.swift in Sources */,
				9E92FA1221EC5DFC000EDBBF /* String+Substring.swift in Sources */,
				9E95CD5A21DEE3220026556A /* RoundLineView.swift in Sources */,
				9EC46C5821F6B64000765274 /* ModelHoliday.swift in Sources */,
				D9000E2721EE0C95007A4E92 /* DBManager.swift in Sources */,
				D900D29221EAEF7E0012E58F /* CalendarManager.swift in Sources */,
				9E95CD6521DF28570026556A /* BasePopup.swift in Sources */,
				D9FF72ED21E76F6C00A0A279 /* LoaddingPopup.swift in Sources */,
				D9FF72EB21E76BF800A0A279 /* DiaryPageCell.swift in Sources */,
				D9FF72E921E76BF800A0A279 /* ProfileViewController.swift in Sources */,
				9E3D81AF21EDA7DE00019652 /* Define.swift in Sources */,
				D9FF72E321E76BF800A0A279 /* AlertMessagePopup.swift in Sources */,
				9E95CD5F21DF1B030026556A /* CommonUtil.swift in Sources */,
				D905858621F5E7F400A491E5 /* AlamofireHelper.swift in Sources */,
				D9F5D38821DB41C1003B4AD5 /* FocusManager.swift in Sources */,
				9E9BF9B021D9D62A001ECF40 /* AppDelegate.swift in Sources */,
				D9FF72E621E76BF800A0A279 /* DiarayPageHeaderCell.swift in Sources */,
				D9FED00721FC2FCB00689BC9 /* PromptMessagePopup.swift in Sources */,
				9E954C9121F83106006356BF /* CalendarLunar.swift in Sources */,
				D915AFE421EAFF78002129B5 /* CalendarDayCell.swift in Sources */,
				9EF4A1E421E472B500DCD2A6 /* RoundLineButton.swift in Sources */,
				D9FB06D321FD7133006C4DCA /* CustomPageControlView.swift in Sources */,
				D900D29021EAE8150012E58F /* InfiniteScrollView.swift in Sources */,
				D9019AF221E0AFC100C59EBC /* PlaceholderTextView.swift in Sources */,
				9E73755F21F01A97009FF9F4 /* UIColor+hexString.swift in Sources */,
				D905858821F5E84B00A491E5 /* URLs.swift in Sources */,
				9ECBAFB921E886D800A281C6 /* SettingViewController.swift in Sources */,
				D915AFE621EAFF78002129B5 /* CalendarMonthViewController.swift in Sources */,
				9ECBAFB321E8814800A281C6 /* SideMenuViewController.swift in Sources */,
				D9FF72EA21E76BF800A0A279 /* PlannerViewController.swift in Sources */,
			);
			runOnlyForDeploymentPostprocessing = 0;
		};
/* End PBXSourcesBuildPhase section */

/* Begin XCBuildConfiguration section */
		9E9BF9BC21D9D62C001ECF40 /* Debug */ = {
			isa = XCBuildConfiguration;
			buildSettings = {
				ALWAYS_SEARCH_USER_PATHS = NO;
				CLANG_ANALYZER_NONNULL = YES;
				CLANG_ANALYZER_NUMBER_OBJECT_CONVERSION = YES_AGGRESSIVE;
				CLANG_CXX_LANGUAGE_STANDARD = "gnu++14";
				CLANG_CXX_LIBRARY = "libc++";
				CLANG_ENABLE_MODULES = YES;
				CLANG_ENABLE_OBJC_ARC = YES;
				CLANG_ENABLE_OBJC_WEAK = YES;
				CLANG_WARN_BLOCK_CAPTURE_AUTORELEASING = YES;
				CLANG_WARN_BOOL_CONVERSION = YES;
				CLANG_WARN_COMMA = YES;
				CLANG_WARN_CONSTANT_CONVERSION = YES;
				CLANG_WARN_DEPRECATED_OBJC_IMPLEMENTATIONS = YES;
				CLANG_WARN_DIRECT_OBJC_ISA_USAGE = YES_ERROR;
				CLANG_WARN_DOCUMENTATION_COMMENTS = YES;
				CLANG_WARN_EMPTY_BODY = YES;
				CLANG_WARN_ENUM_CONVERSION = YES;
				CLANG_WARN_INFINITE_RECURSION = YES;
				CLANG_WARN_INT_CONVERSION = YES;
				CLANG_WARN_NON_LITERAL_NULL_CONVERSION = YES;
				CLANG_WARN_OBJC_IMPLICIT_RETAIN_SELF = YES;
				CLANG_WARN_OBJC_LITERAL_CONVERSION = YES;
				CLANG_WARN_OBJC_ROOT_CLASS = YES_ERROR;
				CLANG_WARN_RANGE_LOOP_ANALYSIS = YES;
				CLANG_WARN_STRICT_PROTOTYPES = YES;
				CLANG_WARN_SUSPICIOUS_MOVE = YES;
				CLANG_WARN_UNGUARDED_AVAILABILITY = YES_AGGRESSIVE;
				CLANG_WARN_UNREACHABLE_CODE = YES;
				CLANG_WARN__DUPLICATE_METHOD_MATCH = YES;
				CODE_SIGN_IDENTITY = "iPhone Developer";
				COPY_PHASE_STRIP = NO;
				DEBUG_INFORMATION_FORMAT = dwarf;
				ENABLE_STRICT_OBJC_MSGSEND = YES;
				ENABLE_TESTABILITY = YES;
				GCC_C_LANGUAGE_STANDARD = gnu11;
				GCC_DYNAMIC_NO_PIC = NO;
				GCC_NO_COMMON_BLOCKS = YES;
				GCC_OPTIMIZATION_LEVEL = 0;
				GCC_PREPROCESSOR_DEFINITIONS = (
					"DEBUG=1",
					"$(inherited)",
				);
				GCC_WARN_64_TO_32_BIT_CONVERSION = YES;
				GCC_WARN_ABOUT_RETURN_TYPE = YES_ERROR;
				GCC_WARN_UNDECLARED_SELECTOR = YES;
				GCC_WARN_UNINITIALIZED_AUTOS = YES_AGGRESSIVE;
				GCC_WARN_UNUSED_FUNCTION = YES;
				GCC_WARN_UNUSED_VARIABLE = YES;
				IPHONEOS_DEPLOYMENT_TARGET = 11.0;
				MTL_ENABLE_DEBUG_INFO = INCLUDE_SOURCE;
				MTL_FAST_MATH = YES;
				ONLY_ACTIVE_ARCH = YES;
				SDKROOT = iphoneos;
				SWIFT_ACTIVE_COMPILATION_CONDITIONS = DEBUG;
				SWIFT_OPTIMIZATION_LEVEL = "-Onone";
			};
			name = Debug;
		};
		9E9BF9BD21D9D62C001ECF40 /* Release */ = {
			isa = XCBuildConfiguration;
			buildSettings = {
				ALWAYS_SEARCH_USER_PATHS = NO;
				CLANG_ANALYZER_NONNULL = YES;
				CLANG_ANALYZER_NUMBER_OBJECT_CONVERSION = YES_AGGRESSIVE;
				CLANG_CXX_LANGUAGE_STANDARD = "gnu++14";
				CLANG_CXX_LIBRARY = "libc++";
				CLANG_ENABLE_MODULES = YES;
				CLANG_ENABLE_OBJC_ARC = YES;
				CLANG_ENABLE_OBJC_WEAK = YES;
				CLANG_WARN_BLOCK_CAPTURE_AUTORELEASING = YES;
				CLANG_WARN_BOOL_CONVERSION = YES;
				CLANG_WARN_COMMA = YES;
				CLANG_WARN_CONSTANT_CONVERSION = YES;
				CLANG_WARN_DEPRECATED_OBJC_IMPLEMENTATIONS = YES;
				CLANG_WARN_DIRECT_OBJC_ISA_USAGE = YES_ERROR;
				CLANG_WARN_DOCUMENTATION_COMMENTS = YES;
				CLANG_WARN_EMPTY_BODY = YES;
				CLANG_WARN_ENUM_CONVERSION = YES;
				CLANG_WARN_INFINITE_RECURSION = YES;
				CLANG_WARN_INT_CONVERSION = YES;
				CLANG_WARN_NON_LITERAL_NULL_CONVERSION = YES;
				CLANG_WARN_OBJC_IMPLICIT_RETAIN_SELF = YES;
				CLANG_WARN_OBJC_LITERAL_CONVERSION = YES;
				CLANG_WARN_OBJC_ROOT_CLASS = YES_ERROR;
				CLANG_WARN_RANGE_LOOP_ANALYSIS = YES;
				CLANG_WARN_STRICT_PROTOTYPES = YES;
				CLANG_WARN_SUSPICIOUS_MOVE = YES;
				CLANG_WARN_UNGUARDED_AVAILABILITY = YES_AGGRESSIVE;
				CLANG_WARN_UNREACHABLE_CODE = YES;
				CLANG_WARN__DUPLICATE_METHOD_MATCH = YES;
				CODE_SIGN_IDENTITY = "iPhone Developer";
				COPY_PHASE_STRIP = NO;
				DEBUG_INFORMATION_FORMAT = "dwarf-with-dsym";
				ENABLE_NS_ASSERTIONS = NO;
				ENABLE_STRICT_OBJC_MSGSEND = YES;
				GCC_C_LANGUAGE_STANDARD = gnu11;
				GCC_NO_COMMON_BLOCKS = YES;
				GCC_WARN_64_TO_32_BIT_CONVERSION = YES;
				GCC_WARN_ABOUT_RETURN_TYPE = YES_ERROR;
				GCC_WARN_UNDECLARED_SELECTOR = YES;
				GCC_WARN_UNINITIALIZED_AUTOS = YES_AGGRESSIVE;
				GCC_WARN_UNUSED_FUNCTION = YES;
				GCC_WARN_UNUSED_VARIABLE = YES;
				IPHONEOS_DEPLOYMENT_TARGET = 11.0;
				MTL_ENABLE_DEBUG_INFO = NO;
				MTL_FAST_MATH = YES;
				SDKROOT = iphoneos;
				SWIFT_COMPILATION_MODE = wholemodule;
				SWIFT_OPTIMIZATION_LEVEL = "-O";
				VALIDATE_PRODUCT = YES;
			};
			name = Release;
		};
		9E9BF9BF21D9D62C001ECF40 /* Debug */ = {
			isa = XCBuildConfiguration;
			baseConfigurationReference = 6D97470755F247C52F95F42E /* Pods-PlannerDiary.debug.xcconfig */;
			buildSettings = {
				ASSETCATALOG_COMPILER_APPICON_NAME = AppIcon;
				CODE_SIGN_STYLE = Automatic;
				DEVELOPMENT_TEAM = TXUZ6595T4;
				INFOPLIST_FILE = PlannerDiary/Info.plist;
				LD_RUNPATH_SEARCH_PATHS = (
					"$(inherited)",
					"@executable_path/Frameworks",
				);
				PRODUCT_BUNDLE_IDENTIFIER = com.sama73.PlannerDiary;
				PRODUCT_NAME = "$(TARGET_NAME)";
				SWIFT_VERSION = 4.2;
				TARGETED_DEVICE_FAMILY = "1,2";
			};
			name = Debug;
		};
		9E9BF9C021D9D62C001ECF40 /* Release */ = {
			isa = XCBuildConfiguration;
			baseConfigurationReference = D665B0C019E62E6C5402BBB7 /* Pods-PlannerDiary.release.xcconfig */;
			buildSettings = {
				ASSETCATALOG_COMPILER_APPICON_NAME = AppIcon;
				CODE_SIGN_STYLE = Automatic;
				DEVELOPMENT_TEAM = TXUZ6595T4;
				INFOPLIST_FILE = PlannerDiary/Info.plist;
				LD_RUNPATH_SEARCH_PATHS = (
					"$(inherited)",
					"@executable_path/Frameworks",
				);
				PRODUCT_BUNDLE_IDENTIFIER = com.sama73.PlannerDiary;
				PRODUCT_NAME = "$(TARGET_NAME)";
				SWIFT_VERSION = 4.2;
				TARGETED_DEVICE_FAMILY = "1,2";
			};
			name = Release;
		};
/* End XCBuildConfiguration section */

/* Begin XCConfigurationList section */
		9E9BF9A721D9D62A001ECF40 /* Build configuration list for PBXProject "PlannerDiary" */ = {
			isa = XCConfigurationList;
			buildConfigurations = (
				9E9BF9BC21D9D62C001ECF40 /* Debug */,
				9E9BF9BD21D9D62C001ECF40 /* Release */,
			);
			defaultConfigurationIsVisible = 0;
			defaultConfigurationName = Release;
		};
		9E9BF9BE21D9D62C001ECF40 /* Build configuration list for PBXNativeTarget "PlannerDiary" */ = {
			isa = XCConfigurationList;
			buildConfigurations = (
				9E9BF9BF21D9D62C001ECF40 /* Debug */,
				9E9BF9C021D9D62C001ECF40 /* Release */,
			);
			defaultConfigurationIsVisible = 0;
			defaultConfigurationName = Release;
		};
/* End XCConfigurationList section */
	};
	rootObject = 9E9BF9A421D9D62A001ECF40 /* Project object */;
}
